
Microsoft Visual Studio Solution File, Format Version 12.00
# Visual Studio 15
VisualStudioVersion = 15.0.27130.2036
MinimumVisualStudioVersion = 10.0.40219.1
Project("{FAE04EC0-301F-11D3-BF4B-00C04F79EFBC}") = "DeconTools.Backend_x64", "DeconTools.Backend\DeconTools.Backend_x64.csproj", "{479F410F-0456-4D09-9B3E-E69002F8D619}"
EndProject
Project("{FAE04EC0-301F-11D3-BF4B-00C04F79EFBC}") = "DeconConsole_x64", "DeconConsole\DeconConsole_x64.csproj", "{9D11BE41-4E67-4B5B-8839-95ACA3FEA87E}"
EndProject
Project("{FAE04EC0-301F-11D3-BF4B-00C04F79EFBC}") = "DeconTools.Workflows_x64", "DeconTools.Workflows\DeconTools.Workflows\DeconTools.Workflows_x64.csproj", "{3041D403-9165-4018-8F83-FFBAA8528B79}"
EndProject
Project("{FAE04EC0-301F-11D3-BF4B-00C04F79EFBC}") = "TargetedWorkflowConsoleDMS_x64", "DeconTools.Workflows\TargetedWorkflowConsoleDMS\TargetedWorkflowConsoleDMS_x64.csproj", "{A91C5900-6F9B-413C-BE42-C73C4FF7EFA5}"
EndProject
Project("{FAE04EC0-301F-11D3-BF4B-00C04F79EFBC}") = "DeconToolsAutoProcessV1_x64", "DeconToolsAutoProcessV1\DeconToolsAutoProcessV1_x64.csproj", "{BBDDF8AA-5E55-44A8-879F-BB6108503845}"
EndProject
Global
	GlobalSection(SolutionConfigurationPlatforms) = preSolution
		Debug|x64 = Debug|x64
		NoDeconEngine_Release|x64 = NoDeconEngine_Release|x64
		Release|x64 = Release|x64
	EndGlobalSection
	GlobalSection(ProjectConfigurationPlatforms) = postSolution
		{479F410F-0456-4D09-9B3E-E69002F8D619}.Debug|x64.ActiveCfg = Debug|x64
		{479F410F-0456-4D09-9B3E-E69002F8D619}.Debug|x64.Build.0 = Debug|x64
		{479F410F-0456-4D09-9B3E-E69002F8D619}.NoDeconEngine_Release|x64.ActiveCfg = NoDeconEngine_Release|x64
		{479F410F-0456-4D09-9B3E-E69002F8D619}.NoDeconEngine_Release|x64.Build.0 = NoDeconEngine_Release|x64
		{479F410F-0456-4D09-9B3E-E69002F8D619}.Release|x64.ActiveCfg = Release|x64
		{479F410F-0456-4D09-9B3E-E69002F8D619}.Release|x64.Build.0 = Release|x64
		{9D11BE41-4E67-4B5B-8839-95ACA3FEA87E}.Debug|x64.ActiveCfg = Debug|x64
		{9D11BE41-4E67-4B5B-8839-95ACA3FEA87E}.Debug|x64.Build.0 = Debug|x64
		{9D11BE41-4E67-4B5B-8839-95ACA3FEA87E}.NoDeconEngine_Release|x64.ActiveCfg = NoDeconEngine_Release|x64
		{9D11BE41-4E67-4B5B-8839-95ACA3FEA87E}.NoDeconEngine_Release|x64.Build.0 = NoDeconEngine_Release|x64
		{9D11BE41-4E67-4B5B-8839-95ACA3FEA87E}.Release|x64.ActiveCfg = Release|x64
		{9D11BE41-4E67-4B5B-8839-95ACA3FEA87E}.Release|x64.Build.0 = Release|x64
		{3041D403-9165-4018-8F83-FFBAA8528B79}.Debug|x64.ActiveCfg = Debug|x64
		{3041D403-9165-4018-8F83-FFBAA8528B79}.Debug|x64.Build.0 = Debug|x64
		{3041D403-9165-4018-8F83-FFBAA8528B79}.NoDeconEngine_Release|x64.ActiveCfg = NoDeconEngine_Release|x64
		{3041D403-9165-4018-8F83-FFBAA8528B79}.NoDeconEngine_Release|x64.Build.0 = NoDeconEngine_Release|x64
		{3041D403-9165-4018-8F83-FFBAA8528B79}.Release|x64.ActiveCfg = Release|x64
		{3041D403-9165-4018-8F83-FFBAA8528B79}.Release|x64.Build.0 = Release|x64
		{A91C5900-6F9B-413C-BE42-C73C4FF7EFA5}.Debug|x64.ActiveCfg = Debug|x64
		{A91C5900-6F9B-413C-BE42-C73C4FF7EFA5}.Debug|x64.Build.0 = Debug|x64
		{A91C5900-6F9B-413C-BE42-C73C4FF7EFA5}.NoDeconEngine_Release|x64.ActiveCfg = NoDeconEngine_Release|x64
		{A91C5900-6F9B-413C-BE42-C73C4FF7EFA5}.NoDeconEngine_Release|x64.Build.0 = NoDeconEngine_Release|x64
		{A91C5900-6F9B-413C-BE42-C73C4FF7EFA5}.Release|x64.ActiveCfg = Release|x64
		{A91C5900-6F9B-413C-BE42-C73C4FF7EFA5}.Release|x64.Build.0 = Release|x64
		{BBDDF8AA-5E55-44A8-879F-BB6108503845}.Debug|x64.ActiveCfg = Debug|x64
		{BBDDF8AA-5E55-44A8-879F-BB6108503845}.Debug|x64.Build.0 = Debug|x64
		{BBDDF8AA-5E55-44A8-879F-BB6108503845}.NoDeconEngine_Release|x64.ActiveCfg = NoDeconEngine_Release|x64
		{BBDDF8AA-5E55-44A8-879F-BB6108503845}.NoDeconEngine_Release|x64.Build.0 = NoDeconEngine_Release|x64
		{BBDDF8AA-5E55-44A8-879F-BB6108503845}.Release|x64.ActiveCfg = Release|x64
		{BBDDF8AA-5E55-44A8-879F-BB6108503845}.Release|x64.Build.0 = Release|x64
	EndGlobalSection
	GlobalSection(SolutionProperties) = preSolution
		HideSolutionNode = FALSE
	EndGlobalSection
	GlobalSection(ExtensibilityGlobals) = postSolution
		SolutionGuid = {7C3B15C8-8AB8-420F-8A7C-9856FC232946}
	EndGlobalSection
EndGlobal
