
Microsoft Visual Studio Solution File, Format Version 12.00
# Visual Studio 15
VisualStudioVersion = 15.0.26403.7
MinimumVisualStudioVersion = 10.0.40219.1
Project("{FAE04EC0-301F-11D3-BF4B-00C04F79EFBC}") = "DeconTools.Backend", "DeconTools.Backend\DeconTools.Backend.csproj", "{C9D895E0-A35E-497B-9103-0EC2FEFAAC56}"
EndProject
Project("{FAE04EC0-301F-11D3-BF4B-00C04F79EFBC}") = "TestConsole1", "TestConsole1\TestConsole1.csproj", "{F6400614-6098-4163-93BB-42DBFE0850F6}"
EndProject
Project("{FAE04EC0-301F-11D3-BF4B-00C04F79EFBC}") = "DMSDeconToolsV2", "DMSDeconToolsV2\DMSDeconToolsV2.csproj", "{23B9BC46-F89D-41C1-896F-609A67C89F38}"
EndProject
Project("{FAE04EC0-301F-11D3-BF4B-00C04F79EFBC}") = "DeconConsole", "DeconConsole\DeconConsole.csproj", "{3F630119-F9F7-4FF3-8748-11DAED656472}"
EndProject
Project("{FAE04EC0-301F-11D3-BF4B-00C04F79EFBC}") = "DeconToolsAutoProcessV1", "DeconToolsAutoProcessV1\DeconToolsAutoProcessV1.csproj", "{BBDDF8AA-5E55-44A8-879F-BB6108503845}"
EndProject
Project("{FAE04EC0-301F-11D3-BF4B-00C04F79EFBC}") = "Decon2LS.UI", "Decon2LS.UI\Decon2LS.UI.csproj", "{0C612C45-8D9A-4DE1-8BCE-E1FD703ED901}"
EndProject
Project("{FAE04EC0-301F-11D3-BF4B-00C04F79EFBC}") = "DeconTools.UnitTesting2", "DeconTools.UnitTesting2\DeconTools.UnitTesting2.csproj", "{7CF4CD1A-E5DA-477D-B15C-FDBFDC59B013}"
EndProject
Project("{FAE04EC0-301F-11D3-BF4B-00C04F79EFBC}") = "DeconTools.Testing.ProblemCases", "DeconTools.Testing.ProblemCases\DeconTools.Testing.ProblemCases.csproj", "{37066C05-2D23-473E-BDCB-0DAD0444FDE2}"
EndProject
Project("{FAE04EC0-301F-11D3-BF4B-00C04F79EFBC}") = "DeconTools.Workflows", "DeconTools.Workflows\DeconTools.Workflows\DeconTools.Workflows.csproj", "{3041D403-9165-4018-8F83-FFBAA8528B79}"
EndProject
Project("{FAE04EC0-301F-11D3-BF4B-00C04F79EFBC}") = "DeconTools.Workflows.UnitTesting", "DeconTools.Workflows\DeconTools.Workflows.UnitTesting\DeconTools.Workflows.UnitTesting.csproj", "{A27D805C-DDEB-4E82-BEC8-9B80CCE9E702}"
EndProject
Project("{FAE04EC0-301F-11D3-BF4B-00C04F79EFBC}") = "IQ.Console", "DeconTools.Workflows\TargetedWorkflowConsole\IQ.Console.csproj", "{741ED8CB-08F7-43F2-9C66-DD28A470B1FE}"
EndProject
Project("{FAE04EC0-301F-11D3-BF4B-00C04F79EFBC}") = "DeconTools.Workflows.ProblemTesting", "DeconTools.Workflows\DeconTools.Workflows.ProblemTesting\DeconTools.Workflows.ProblemTesting.csproj", "{D1410A85-36CE-4AED-8EC5-9C88E7DE58C1}"
EndProject
Project("{FAE04EC0-301F-11D3-BF4B-00C04F79EFBC}") = "IQ", "IQ\IQ.csproj", "{CFE90075-DA17-4B3A-BF55-EB490CE08B33}"
EndProject
Project("{FAE04EC0-301F-11D3-BF4B-00C04F79EFBC}") = "TargetedWorkflowConsoleDMS", "DeconTools.Workflows\TargetedWorkflowConsoleDMS\TargetedWorkflowConsoleDMS.csproj", "{A91C5900-6F9B-413C-BE42-C73C4FF7EFA5}"
EndProject
Project("{FAE04EC0-301F-11D3-BF4B-00C04F79EFBC}") = "IQ.ConsoleManager", "DeconTools.Workflows\TargetedWorkflowManagerConsole\IQ.ConsoleManager.csproj", "{E47D0F42-F72F-4030-95D4-B2D136583595}"
EndProject
Global
	GlobalSection(SolutionConfigurationPlatforms) = preSolution
		Debug DLLs|Any CPU = Debug DLLs|Any CPU
		Debug DLLs|x64 = Debug DLLs|x64
		Debug DLLs|x86 = Debug DLLs|x86
		Debug|Any CPU = Debug|Any CPU
		Debug|x64 = Debug|x64
		Debug|x86 = Debug|x86
		NeDeconEngine_Debug|Any CPU = NeDeconEngine_Debug|Any CPU
		NeDeconEngine_Debug|x64 = NeDeconEngine_Debug|x64
		NeDeconEngine_Debug|x86 = NeDeconEngine_Debug|x86
		NoDeconEngine_Release|Any CPU = NoDeconEngine_Release|Any CPU
		NoDeconEngine_Release|x64 = NoDeconEngine_Release|x64
		NoDeconEngine_Release|x86 = NoDeconEngine_Release|x86
		Release|Any CPU = Release|Any CPU
		Release|x64 = Release|x64
		Release|x86 = Release|x86
	EndGlobalSection
	GlobalSection(ProjectConfigurationPlatforms) = postSolution
		{C9D895E0-A35E-497B-9103-0EC2FEFAAC56}.Debug DLLs|Any CPU.ActiveCfg = Debug|x86
		{C9D895E0-A35E-497B-9103-0EC2FEFAAC56}.Debug DLLs|x64.ActiveCfg = Debug|x86
		{C9D895E0-A35E-497B-9103-0EC2FEFAAC56}.Debug DLLs|x86.ActiveCfg = Debug|x86
		{C9D895E0-A35E-497B-9103-0EC2FEFAAC56}.Debug DLLs|x86.Build.0 = Debug|x86
		{C9D895E0-A35E-497B-9103-0EC2FEFAAC56}.Debug|Any CPU.ActiveCfg = Debug|x86
		{C9D895E0-A35E-497B-9103-0EC2FEFAAC56}.Debug|x64.ActiveCfg = Debug|x86
		{C9D895E0-A35E-497B-9103-0EC2FEFAAC56}.Debug|x86.ActiveCfg = Debug|x86
		{C9D895E0-A35E-497B-9103-0EC2FEFAAC56}.Debug|x86.Build.0 = Debug|x86
		{C9D895E0-A35E-497B-9103-0EC2FEFAAC56}.NeDeconEngine_Debug|Any CPU.ActiveCfg = NeDeconEngine_Debug|x86
		{C9D895E0-A35E-497B-9103-0EC2FEFAAC56}.NeDeconEngine_Debug|x64.ActiveCfg = NeDeconEngine_Debug|x86
		{C9D895E0-A35E-497B-9103-0EC2FEFAAC56}.NeDeconEngine_Debug|x86.ActiveCfg = NeDeconEngine_Debug|x86
		{C9D895E0-A35E-497B-9103-0EC2FEFAAC56}.NeDeconEngine_Debug|x86.Build.0 = NeDeconEngine_Debug|x86
		{C9D895E0-A35E-497B-9103-0EC2FEFAAC56}.NoDeconEngine_Release|Any CPU.ActiveCfg = NoDeconEngine_Release|x86
		{C9D895E0-A35E-497B-9103-0EC2FEFAAC56}.NoDeconEngine_Release|x64.ActiveCfg = NoDeconEngine_Release|x86
		{C9D895E0-A35E-497B-9103-0EC2FEFAAC56}.NoDeconEngine_Release|x86.ActiveCfg = NoDeconEngine_Release|x86
		{C9D895E0-A35E-497B-9103-0EC2FEFAAC56}.NoDeconEngine_Release|x86.Build.0 = NoDeconEngine_Release|x86
		{C9D895E0-A35E-497B-9103-0EC2FEFAAC56}.Release|Any CPU.ActiveCfg = Release|x86
		{C9D895E0-A35E-497B-9103-0EC2FEFAAC56}.Release|x64.ActiveCfg = Release|x86
		{C9D895E0-A35E-497B-9103-0EC2FEFAAC56}.Release|x86.ActiveCfg = Release|x86
		{C9D895E0-A35E-497B-9103-0EC2FEFAAC56}.Release|x86.Build.0 = Release|x86
		{F6400614-6098-4163-93BB-42DBFE0850F6}.Debug DLLs|Any CPU.ActiveCfg = Debug|x86
		{F6400614-6098-4163-93BB-42DBFE0850F6}.Debug DLLs|x64.ActiveCfg = Debug|x86
		{F6400614-6098-4163-93BB-42DBFE0850F6}.Debug DLLs|x86.ActiveCfg = Debug|x86
		{F6400614-6098-4163-93BB-42DBFE0850F6}.Debug|Any CPU.ActiveCfg = Debug|x86
		{F6400614-6098-4163-93BB-42DBFE0850F6}.Debug|x64.ActiveCfg = Debug|x86
		{F6400614-6098-4163-93BB-42DBFE0850F6}.Debug|x86.ActiveCfg = Debug|x86
		{F6400614-6098-4163-93BB-42DBFE0850F6}.Debug|x86.Build.0 = Debug|x86
		{F6400614-6098-4163-93BB-42DBFE0850F6}.NeDeconEngine_Debug|Any CPU.ActiveCfg = Debug|x86
		{F6400614-6098-4163-93BB-42DBFE0850F6}.NeDeconEngine_Debug|x64.ActiveCfg = Debug|x86
		{F6400614-6098-4163-93BB-42DBFE0850F6}.NeDeconEngine_Debug|x86.ActiveCfg = Release|x86
		{F6400614-6098-4163-93BB-42DBFE0850F6}.NoDeconEngine_Release|Any CPU.ActiveCfg = Release|x86
		{F6400614-6098-4163-93BB-42DBFE0850F6}.NoDeconEngine_Release|x64.ActiveCfg = Release|x86
		{F6400614-6098-4163-93BB-42DBFE0850F6}.NoDeconEngine_Release|x86.ActiveCfg = Release|x86
		{F6400614-6098-4163-93BB-42DBFE0850F6}.Release|Any CPU.ActiveCfg = Release|x86
		{F6400614-6098-4163-93BB-42DBFE0850F6}.Release|x64.ActiveCfg = Release|x86
		{F6400614-6098-4163-93BB-42DBFE0850F6}.Release|x86.ActiveCfg = Release|x86
		{F6400614-6098-4163-93BB-42DBFE0850F6}.Release|x86.Build.0 = Release|x86
		{23B9BC46-F89D-41C1-896F-609A67C89F38}.Debug DLLs|Any CPU.ActiveCfg = Debug|x86
		{23B9BC46-F89D-41C1-896F-609A67C89F38}.Debug DLLs|x64.ActiveCfg = Debug|x86
		{23B9BC46-F89D-41C1-896F-609A67C89F38}.Debug DLLs|x86.ActiveCfg = Debug|x86
		{23B9BC46-F89D-41C1-896F-609A67C89F38}.Debug|Any CPU.ActiveCfg = Debug|x86
		{23B9BC46-F89D-41C1-896F-609A67C89F38}.Debug|x64.ActiveCfg = Debug|x86
		{23B9BC46-F89D-41C1-896F-609A67C89F38}.Debug|x86.ActiveCfg = Debug|x86
		{23B9BC46-F89D-41C1-896F-609A67C89F38}.NeDeconEngine_Debug|Any CPU.ActiveCfg = Debug|x86
		{23B9BC46-F89D-41C1-896F-609A67C89F38}.NeDeconEngine_Debug|x64.ActiveCfg = Debug|x86
		{23B9BC46-F89D-41C1-896F-609A67C89F38}.NeDeconEngine_Debug|x86.ActiveCfg = Release|x86
		{23B9BC46-F89D-41C1-896F-609A67C89F38}.NoDeconEngine_Release|Any CPU.ActiveCfg = Release|x86
		{23B9BC46-F89D-41C1-896F-609A67C89F38}.NoDeconEngine_Release|x64.ActiveCfg = Release|x86
		{23B9BC46-F89D-41C1-896F-609A67C89F38}.NoDeconEngine_Release|x86.ActiveCfg = Release|x86
		{23B9BC46-F89D-41C1-896F-609A67C89F38}.Release|Any CPU.ActiveCfg = Release|x86
		{23B9BC46-F89D-41C1-896F-609A67C89F38}.Release|x64.ActiveCfg = Release|x86
		{23B9BC46-F89D-41C1-896F-609A67C89F38}.Release|x86.ActiveCfg = Release|x86
		{3F630119-F9F7-4FF3-8748-11DAED656472}.Debug DLLs|Any CPU.ActiveCfg = Debug|x86
		{3F630119-F9F7-4FF3-8748-11DAED656472}.Debug DLLs|x64.ActiveCfg = Debug|x86
		{3F630119-F9F7-4FF3-8748-11DAED656472}.Debug DLLs|x86.ActiveCfg = Debug|x86
		{3F630119-F9F7-4FF3-8748-11DAED656472}.Debug|Any CPU.ActiveCfg = Debug|x86
		{3F630119-F9F7-4FF3-8748-11DAED656472}.Debug|x64.ActiveCfg = Debug|x86
		{3F630119-F9F7-4FF3-8748-11DAED656472}.Debug|x86.ActiveCfg = Debug|x86
		{3F630119-F9F7-4FF3-8748-11DAED656472}.Debug|x86.Build.0 = Debug|x86
		{3F630119-F9F7-4FF3-8748-11DAED656472}.NeDeconEngine_Debug|Any CPU.ActiveCfg = NeDeconEngine_Debug|x86
		{3F630119-F9F7-4FF3-8748-11DAED656472}.NeDeconEngine_Debug|x64.ActiveCfg = NeDeconEngine_Debug|x86
		{3F630119-F9F7-4FF3-8748-11DAED656472}.NeDeconEngine_Debug|x86.ActiveCfg = NeDeconEngine_Debug|x86
		{3F630119-F9F7-4FF3-8748-11DAED656472}.NeDeconEngine_Debug|x86.Build.0 = NeDeconEngine_Debug|x86
		{3F630119-F9F7-4FF3-8748-11DAED656472}.NoDeconEngine_Release|Any CPU.ActiveCfg = NoDeconEngine_Release|x86
		{3F630119-F9F7-4FF3-8748-11DAED656472}.NoDeconEngine_Release|x64.ActiveCfg = NoDeconEngine_Release|x86
		{3F630119-F9F7-4FF3-8748-11DAED656472}.NoDeconEngine_Release|x86.ActiveCfg = NoDeconEngine_Release|x86
		{3F630119-F9F7-4FF3-8748-11DAED656472}.NoDeconEngine_Release|x86.Build.0 = NoDeconEngine_Release|x86
		{3F630119-F9F7-4FF3-8748-11DAED656472}.Release|Any CPU.ActiveCfg = Release|x86
		{3F630119-F9F7-4FF3-8748-11DAED656472}.Release|x64.ActiveCfg = Release|x86
		{3F630119-F9F7-4FF3-8748-11DAED656472}.Release|x86.ActiveCfg = Release|x86
		{3F630119-F9F7-4FF3-8748-11DAED656472}.Release|x86.Build.0 = Release|x86
		{BBDDF8AA-5E55-44A8-879F-BB6108503845}.Debug DLLs|Any CPU.ActiveCfg = Debug|x86
		{BBDDF8AA-5E55-44A8-879F-BB6108503845}.Debug DLLs|x64.ActiveCfg = Debug|x86
		{BBDDF8AA-5E55-44A8-879F-BB6108503845}.Debug DLLs|x86.ActiveCfg = Debug|x86
		{BBDDF8AA-5E55-44A8-879F-BB6108503845}.Debug|Any CPU.ActiveCfg = Debug|x86
		{BBDDF8AA-5E55-44A8-879F-BB6108503845}.Debug|x64.ActiveCfg = Debug|x86
		{BBDDF8AA-5E55-44A8-879F-BB6108503845}.Debug|x86.ActiveCfg = Debug|x86
		{BBDDF8AA-5E55-44A8-879F-BB6108503845}.Debug|x86.Build.0 = Debug|x86
		{BBDDF8AA-5E55-44A8-879F-BB6108503845}.NeDeconEngine_Debug|Any CPU.ActiveCfg = NeDeconEngine_Debug|x86
		{BBDDF8AA-5E55-44A8-879F-BB6108503845}.NeDeconEngine_Debug|x64.ActiveCfg = NeDeconEngine_Debug|x86
		{BBDDF8AA-5E55-44A8-879F-BB6108503845}.NeDeconEngine_Debug|x86.ActiveCfg = NeDeconEngine_Debug|x86
		{BBDDF8AA-5E55-44A8-879F-BB6108503845}.NeDeconEngine_Debug|x86.Build.0 = NeDeconEngine_Debug|x86
		{BBDDF8AA-5E55-44A8-879F-BB6108503845}.NoDeconEngine_Release|Any CPU.ActiveCfg = NoDeconEngine_Release|x86
		{BBDDF8AA-5E55-44A8-879F-BB6108503845}.NoDeconEngine_Release|x64.ActiveCfg = NoDeconEngine_Release|x86
		{BBDDF8AA-5E55-44A8-879F-BB6108503845}.NoDeconEngine_Release|x86.ActiveCfg = NoDeconEngine_Release|x86
		{BBDDF8AA-5E55-44A8-879F-BB6108503845}.NoDeconEngine_Release|x86.Build.0 = NoDeconEngine_Release|x86
		{BBDDF8AA-5E55-44A8-879F-BB6108503845}.Release|Any CPU.ActiveCfg = Release|x86
		{BBDDF8AA-5E55-44A8-879F-BB6108503845}.Release|x64.ActiveCfg = Release|x86
		{BBDDF8AA-5E55-44A8-879F-BB6108503845}.Release|x86.ActiveCfg = Release|x86
		{BBDDF8AA-5E55-44A8-879F-BB6108503845}.Release|x86.Build.0 = Release|x86
		{0C612C45-8D9A-4DE1-8BCE-E1FD703ED901}.Debug DLLs|Any CPU.ActiveCfg = Debug|x86
		{0C612C45-8D9A-4DE1-8BCE-E1FD703ED901}.Debug DLLs|x64.ActiveCfg = Debug|x86
		{0C612C45-8D9A-4DE1-8BCE-E1FD703ED901}.Debug DLLs|x86.ActiveCfg = Debug|x86
		{0C612C45-8D9A-4DE1-8BCE-E1FD703ED901}.Debug|Any CPU.ActiveCfg = Debug|x86
		{0C612C45-8D9A-4DE1-8BCE-E1FD703ED901}.Debug|x64.ActiveCfg = Debug|x86
		{0C612C45-8D9A-4DE1-8BCE-E1FD703ED901}.Debug|x86.ActiveCfg = Debug|x86
		{0C612C45-8D9A-4DE1-8BCE-E1FD703ED901}.Debug|x86.Build.0 = Debug|x86
		{0C612C45-8D9A-4DE1-8BCE-E1FD703ED901}.NeDeconEngine_Debug|Any CPU.ActiveCfg = Debug|x86
		{0C612C45-8D9A-4DE1-8BCE-E1FD703ED901}.NeDeconEngine_Debug|x64.ActiveCfg = Debug|x86
		{0C612C45-8D9A-4DE1-8BCE-E1FD703ED901}.NeDeconEngine_Debug|x86.ActiveCfg = Release|x86
		{0C612C45-8D9A-4DE1-8BCE-E1FD703ED901}.NoDeconEngine_Release|Any CPU.ActiveCfg = Release|x86
		{0C612C45-8D9A-4DE1-8BCE-E1FD703ED901}.NoDeconEngine_Release|x64.ActiveCfg = Release|x86
		{0C612C45-8D9A-4DE1-8BCE-E1FD703ED901}.NoDeconEngine_Release|x86.ActiveCfg = Release|x86
		{0C612C45-8D9A-4DE1-8BCE-E1FD703ED901}.Release|Any CPU.ActiveCfg = Release|x86
		{0C612C45-8D9A-4DE1-8BCE-E1FD703ED901}.Release|x64.ActiveCfg = Release|x86
		{0C612C45-8D9A-4DE1-8BCE-E1FD703ED901}.Release|x86.ActiveCfg = Release|x86
		{0C612C45-8D9A-4DE1-8BCE-E1FD703ED901}.Release|x86.Build.0 = Release|x86
		{7CF4CD1A-E5DA-477D-B15C-FDBFDC59B013}.Debug DLLs|Any CPU.ActiveCfg = Debug|x86
		{7CF4CD1A-E5DA-477D-B15C-FDBFDC59B013}.Debug DLLs|x64.ActiveCfg = Debug|x86
		{7CF4CD1A-E5DA-477D-B15C-FDBFDC59B013}.Debug DLLs|x86.ActiveCfg = Debug|x86
		{7CF4CD1A-E5DA-477D-B15C-FDBFDC59B013}.Debug DLLs|x86.Build.0 = Debug|x86
		{7CF4CD1A-E5DA-477D-B15C-FDBFDC59B013}.Debug|Any CPU.ActiveCfg = Debug|x86
		{7CF4CD1A-E5DA-477D-B15C-FDBFDC59B013}.Debug|x64.ActiveCfg = Debug|x86
		{7CF4CD1A-E5DA-477D-B15C-FDBFDC59B013}.Debug|x86.ActiveCfg = Debug|x86
		{7CF4CD1A-E5DA-477D-B15C-FDBFDC59B013}.Debug|x86.Build.0 = Debug|x86
		{7CF4CD1A-E5DA-477D-B15C-FDBFDC59B013}.NeDeconEngine_Debug|Any CPU.ActiveCfg = Debug|x86
		{7CF4CD1A-E5DA-477D-B15C-FDBFDC59B013}.NeDeconEngine_Debug|x64.ActiveCfg = Debug|x86
		{7CF4CD1A-E5DA-477D-B15C-FDBFDC59B013}.NeDeconEngine_Debug|x86.ActiveCfg = Release|x86
		{7CF4CD1A-E5DA-477D-B15C-FDBFDC59B013}.NoDeconEngine_Release|Any CPU.ActiveCfg = Release|x86
		{7CF4CD1A-E5DA-477D-B15C-FDBFDC59B013}.NoDeconEngine_Release|x64.ActiveCfg = Release|x86
		{7CF4CD1A-E5DA-477D-B15C-FDBFDC59B013}.NoDeconEngine_Release|x86.ActiveCfg = Release|x86
		{7CF4CD1A-E5DA-477D-B15C-FDBFDC59B013}.Release|Any CPU.ActiveCfg = Release|x86
		{7CF4CD1A-E5DA-477D-B15C-FDBFDC59B013}.Release|x64.ActiveCfg = Release|x86
		{7CF4CD1A-E5DA-477D-B15C-FDBFDC59B013}.Release|x86.ActiveCfg = Release|x86
		{7CF4CD1A-E5DA-477D-B15C-FDBFDC59B013}.Release|x86.Build.0 = Release|x86
		{37066C05-2D23-473E-BDCB-0DAD0444FDE2}.Debug DLLs|Any CPU.ActiveCfg = Debug|x86
		{37066C05-2D23-473E-BDCB-0DAD0444FDE2}.Debug DLLs|x64.ActiveCfg = Debug|x86
		{37066C05-2D23-473E-BDCB-0DAD0444FDE2}.Debug DLLs|x86.ActiveCfg = Debug|x86
		{37066C05-2D23-473E-BDCB-0DAD0444FDE2}.Debug|Any CPU.ActiveCfg = Debug|x86
		{37066C05-2D23-473E-BDCB-0DAD0444FDE2}.Debug|x64.ActiveCfg = Debug|x86
		{37066C05-2D23-473E-BDCB-0DAD0444FDE2}.Debug|x86.ActiveCfg = Debug|x86
		{37066C05-2D23-473E-BDCB-0DAD0444FDE2}.NeDeconEngine_Debug|Any CPU.ActiveCfg = Debug|x86
		{37066C05-2D23-473E-BDCB-0DAD0444FDE2}.NeDeconEngine_Debug|x64.ActiveCfg = Debug|x86
		{37066C05-2D23-473E-BDCB-0DAD0444FDE2}.NeDeconEngine_Debug|x86.ActiveCfg = Release|x86
		{37066C05-2D23-473E-BDCB-0DAD0444FDE2}.NoDeconEngine_Release|Any CPU.ActiveCfg = Release|x86
		{37066C05-2D23-473E-BDCB-0DAD0444FDE2}.NoDeconEngine_Release|x64.ActiveCfg = Release|x86
		{37066C05-2D23-473E-BDCB-0DAD0444FDE2}.NoDeconEngine_Release|x86.ActiveCfg = Release|x86
		{37066C05-2D23-473E-BDCB-0DAD0444FDE2}.Release|Any CPU.ActiveCfg = Release|x86
		{37066C05-2D23-473E-BDCB-0DAD0444FDE2}.Release|x64.ActiveCfg = Release|x86
		{37066C05-2D23-473E-BDCB-0DAD0444FDE2}.Release|x86.ActiveCfg = Release|x86
		{37066C05-2D23-473E-BDCB-0DAD0444FDE2}.Release|x86.Build.0 = Release|x86
		{3041D403-9165-4018-8F83-FFBAA8528B79}.Debug DLLs|Any CPU.ActiveCfg = Debug|x86
		{3041D403-9165-4018-8F83-FFBAA8528B79}.Debug DLLs|x64.ActiveCfg = Debug|x86
		{3041D403-9165-4018-8F83-FFBAA8528B79}.Debug DLLs|x86.ActiveCfg = Debug|x86
		{3041D403-9165-4018-8F83-FFBAA8528B79}.Debug DLLs|x86.Build.0 = Debug|x86
		{3041D403-9165-4018-8F83-FFBAA8528B79}.Debug|Any CPU.ActiveCfg = Debug|x86
		{3041D403-9165-4018-8F83-FFBAA8528B79}.Debug|x64.ActiveCfg = Debug|x86
		{3041D403-9165-4018-8F83-FFBAA8528B79}.Debug|x86.ActiveCfg = Debug|x86
		{3041D403-9165-4018-8F83-FFBAA8528B79}.Debug|x86.Build.0 = Debug|x86
		{3041D403-9165-4018-8F83-FFBAA8528B79}.NeDeconEngine_Debug|Any CPU.ActiveCfg = NeDeconEngine_Debug|x86
		{3041D403-9165-4018-8F83-FFBAA8528B79}.NeDeconEngine_Debug|x64.ActiveCfg = NeDeconEngine_Debug|x86
		{3041D403-9165-4018-8F83-FFBAA8528B79}.NeDeconEngine_Debug|x86.ActiveCfg = NeDeconEngine_Debug|x86
		{3041D403-9165-4018-8F83-FFBAA8528B79}.NeDeconEngine_Debug|x86.Build.0 = NeDeconEngine_Debug|x86
		{3041D403-9165-4018-8F83-FFBAA8528B79}.NoDeconEngine_Release|Any CPU.ActiveCfg = NoDeconEngine_Release|x86
		{3041D403-9165-4018-8F83-FFBAA8528B79}.NoDeconEngine_Release|x64.ActiveCfg = NoDeconEngine_Release|x86
		{3041D403-9165-4018-8F83-FFBAA8528B79}.NoDeconEngine_Release|x86.ActiveCfg = NoDeconEngine_Release|x86
		{3041D403-9165-4018-8F83-FFBAA8528B79}.NoDeconEngine_Release|x86.Build.0 = NoDeconEngine_Release|x86
		{3041D403-9165-4018-8F83-FFBAA8528B79}.Release|Any CPU.ActiveCfg = Release|x86
		{3041D403-9165-4018-8F83-FFBAA8528B79}.Release|x64.ActiveCfg = Release|x86
		{3041D403-9165-4018-8F83-FFBAA8528B79}.Release|x86.ActiveCfg = Release|x86
		{3041D403-9165-4018-8F83-FFBAA8528B79}.Release|x86.Build.0 = Release|x86
		{A27D805C-DDEB-4E82-BEC8-9B80CCE9E702}.Debug DLLs|Any CPU.ActiveCfg = Debug|x86
		{A27D805C-DDEB-4E82-BEC8-9B80CCE9E702}.Debug DLLs|x64.ActiveCfg = Debug|x86
		{A27D805C-DDEB-4E82-BEC8-9B80CCE9E702}.Debug DLLs|x86.ActiveCfg = Debug|x86
		{A27D805C-DDEB-4E82-BEC8-9B80CCE9E702}.Debug DLLs|x86.Build.0 = Debug|x86
		{A27D805C-DDEB-4E82-BEC8-9B80CCE9E702}.Debug|Any CPU.ActiveCfg = Debug|x86
		{A27D805C-DDEB-4E82-BEC8-9B80CCE9E702}.Debug|x64.ActiveCfg = Debug|x86
		{A27D805C-DDEB-4E82-BEC8-9B80CCE9E702}.Debug|x86.ActiveCfg = Debug|x86
		{A27D805C-DDEB-4E82-BEC8-9B80CCE9E702}.Debug|x86.Build.0 = Debug|x86
		{A27D805C-DDEB-4E82-BEC8-9B80CCE9E702}.NeDeconEngine_Debug|Any CPU.ActiveCfg = Debug|x86
		{A27D805C-DDEB-4E82-BEC8-9B80CCE9E702}.NeDeconEngine_Debug|x64.ActiveCfg = Debug|x86
		{A27D805C-DDEB-4E82-BEC8-9B80CCE9E702}.NeDeconEngine_Debug|x86.ActiveCfg = Release|x86
		{A27D805C-DDEB-4E82-BEC8-9B80CCE9E702}.NoDeconEngine_Release|Any CPU.ActiveCfg = Release|x86
		{A27D805C-DDEB-4E82-BEC8-9B80CCE9E702}.NoDeconEngine_Release|x64.ActiveCfg = Release|x86
		{A27D805C-DDEB-4E82-BEC8-9B80CCE9E702}.NoDeconEngine_Release|x86.ActiveCfg = Release|x86
		{A27D805C-DDEB-4E82-BEC8-9B80CCE9E702}.Release|Any CPU.ActiveCfg = Release|x86
		{A27D805C-DDEB-4E82-BEC8-9B80CCE9E702}.Release|x64.ActiveCfg = Release|x86
		{A27D805C-DDEB-4E82-BEC8-9B80CCE9E702}.Release|x86.ActiveCfg = Release|x86
		{A27D805C-DDEB-4E82-BEC8-9B80CCE9E702}.Release|x86.Build.0 = Release|x86
		{741ED8CB-08F7-43F2-9C66-DD28A470B1FE}.Debug DLLs|Any CPU.ActiveCfg = Debug|x86
		{741ED8CB-08F7-43F2-9C66-DD28A470B1FE}.Debug DLLs|x64.ActiveCfg = Debug|x86
		{741ED8CB-08F7-43F2-9C66-DD28A470B1FE}.Debug DLLs|x86.ActiveCfg = Debug|x86
		{741ED8CB-08F7-43F2-9C66-DD28A470B1FE}.Debug|Any CPU.ActiveCfg = Debug|x86
		{741ED8CB-08F7-43F2-9C66-DD28A470B1FE}.Debug|x64.ActiveCfg = Debug|x86
		{741ED8CB-08F7-43F2-9C66-DD28A470B1FE}.Debug|x86.ActiveCfg = Debug|x86
		{741ED8CB-08F7-43F2-9C66-DD28A470B1FE}.Debug|x86.Build.0 = Debug|x86
		{741ED8CB-08F7-43F2-9C66-DD28A470B1FE}.NeDeconEngine_Debug|Any CPU.ActiveCfg = NeDeconEngine_Debug|x86
		{741ED8CB-08F7-43F2-9C66-DD28A470B1FE}.NeDeconEngine_Debug|x64.ActiveCfg = NeDeconEngine_Debug|x86
		{741ED8CB-08F7-43F2-9C66-DD28A470B1FE}.NeDeconEngine_Debug|x86.ActiveCfg = NeDeconEngine_Debug|x86
		{741ED8CB-08F7-43F2-9C66-DD28A470B1FE}.NeDeconEngine_Debug|x86.Build.0 = NeDeconEngine_Debug|x86
		{741ED8CB-08F7-43F2-9C66-DD28A470B1FE}.NoDeconEngine_Release|Any CPU.ActiveCfg = NoDeconEngine_Release|x86
		{741ED8CB-08F7-43F2-9C66-DD28A470B1FE}.NoDeconEngine_Release|x64.ActiveCfg = NoDeconEngine_Release|x86
		{741ED8CB-08F7-43F2-9C66-DD28A470B1FE}.NoDeconEngine_Release|x86.ActiveCfg = NoDeconEngine_Release|x86
		{741ED8CB-08F7-43F2-9C66-DD28A470B1FE}.NoDeconEngine_Release|x86.Build.0 = NoDeconEngine_Release|x86
		{741ED8CB-08F7-43F2-9C66-DD28A470B1FE}.Release|Any CPU.ActiveCfg = Release|x86
		{741ED8CB-08F7-43F2-9C66-DD28A470B1FE}.Release|x64.ActiveCfg = Release|x86
		{741ED8CB-08F7-43F2-9C66-DD28A470B1FE}.Release|x86.ActiveCfg = Release|x86
		{741ED8CB-08F7-43F2-9C66-DD28A470B1FE}.Release|x86.Build.0 = Release|x86
		{D1410A85-36CE-4AED-8EC5-9C88E7DE58C1}.Debug DLLs|Any CPU.ActiveCfg = Debug|x86
		{D1410A85-36CE-4AED-8EC5-9C88E7DE58C1}.Debug DLLs|x64.ActiveCfg = Debug|x86
		{D1410A85-36CE-4AED-8EC5-9C88E7DE58C1}.Debug DLLs|x86.ActiveCfg = Debug|x86
		{D1410A85-36CE-4AED-8EC5-9C88E7DE58C1}.Debug|Any CPU.ActiveCfg = Debug|x86
		{D1410A85-36CE-4AED-8EC5-9C88E7DE58C1}.Debug|x64.ActiveCfg = Debug|x86
		{D1410A85-36CE-4AED-8EC5-9C88E7DE58C1}.Debug|x86.ActiveCfg = Debug|x86
		{D1410A85-36CE-4AED-8EC5-9C88E7DE58C1}.NeDeconEngine_Debug|Any CPU.ActiveCfg = Debug|x86
		{D1410A85-36CE-4AED-8EC5-9C88E7DE58C1}.NeDeconEngine_Debug|x64.ActiveCfg = Debug|x86
		{D1410A85-36CE-4AED-8EC5-9C88E7DE58C1}.NeDeconEngine_Debug|x86.ActiveCfg = Release|x86
		{D1410A85-36CE-4AED-8EC5-9C88E7DE58C1}.NoDeconEngine_Release|Any CPU.ActiveCfg = Release|x86
		{D1410A85-36CE-4AED-8EC5-9C88E7DE58C1}.NoDeconEngine_Release|x64.ActiveCfg = Release|x86
		{D1410A85-36CE-4AED-8EC5-9C88E7DE58C1}.NoDeconEngine_Release|x86.ActiveCfg = Release|x86
		{D1410A85-36CE-4AED-8EC5-9C88E7DE58C1}.Release|Any CPU.ActiveCfg = Release|x86
		{D1410A85-36CE-4AED-8EC5-9C88E7DE58C1}.Release|x64.ActiveCfg = Release|x86
		{D1410A85-36CE-4AED-8EC5-9C88E7DE58C1}.Release|x86.ActiveCfg = Release|x86
		{D1410A85-36CE-4AED-8EC5-9C88E7DE58C1}.Release|x86.Build.0 = Release|x86
		{CFE90075-DA17-4B3A-BF55-EB490CE08B33}.Debug DLLs|Any CPU.ActiveCfg = Debug|x86
		{CFE90075-DA17-4B3A-BF55-EB490CE08B33}.Debug DLLs|x64.ActiveCfg = Debug|x86
		{CFE90075-DA17-4B3A-BF55-EB490CE08B33}.Debug DLLs|x86.ActiveCfg = Debug|x86
		{CFE90075-DA17-4B3A-BF55-EB490CE08B33}.Debug|Any CPU.ActiveCfg = Debug|x86
		{CFE90075-DA17-4B3A-BF55-EB490CE08B33}.Debug|x64.ActiveCfg = Debug|x86
		{CFE90075-DA17-4B3A-BF55-EB490CE08B33}.Debug|x86.ActiveCfg = Debug|x86
		{CFE90075-DA17-4B3A-BF55-EB490CE08B33}.Debug|x86.Build.0 = Debug|x86
		{CFE90075-DA17-4B3A-BF55-EB490CE08B33}.NeDeconEngine_Debug|Any CPU.ActiveCfg = NeDeconEngine_Debug|x86
		{CFE90075-DA17-4B3A-BF55-EB490CE08B33}.NeDeconEngine_Debug|x64.ActiveCfg = NeDeconEngine_Debug|x86
		{CFE90075-DA17-4B3A-BF55-EB490CE08B33}.NeDeconEngine_Debug|x86.ActiveCfg = NeDeconEngine_Debug|x86
		{CFE90075-DA17-4B3A-BF55-EB490CE08B33}.NeDeconEngine_Debug|x86.Build.0 = NeDeconEngine_Debug|x86
		{CFE90075-DA17-4B3A-BF55-EB490CE08B33}.NoDeconEngine_Release|Any CPU.ActiveCfg = NoDeconEngine_Release|x86
		{CFE90075-DA17-4B3A-BF55-EB490CE08B33}.NoDeconEngine_Release|x64.ActiveCfg = NoDeconEngine_Release|x86
		{CFE90075-DA17-4B3A-BF55-EB490CE08B33}.NoDeconEngine_Release|x86.ActiveCfg = NoDeconEngine_Release|x86
		{CFE90075-DA17-4B3A-BF55-EB490CE08B33}.NoDeconEngine_Release|x86.Build.0 = NoDeconEngine_Release|x86
		{CFE90075-DA17-4B3A-BF55-EB490CE08B33}.Release|Any CPU.ActiveCfg = Release|x86
		{CFE90075-DA17-4B3A-BF55-EB490CE08B33}.Release|x64.ActiveCfg = Release|x86
		{CFE90075-DA17-4B3A-BF55-EB490CE08B33}.Release|x86.ActiveCfg = Release|x86
		{CFE90075-DA17-4B3A-BF55-EB490CE08B33}.Release|x86.Build.0 = Release|x86
		{A91C5900-6F9B-413C-BE42-C73C4FF7EFA5}.Debug DLLs|Any CPU.ActiveCfg = Debug|x86
		{A91C5900-6F9B-413C-BE42-C73C4FF7EFA5}.Debug DLLs|x64.ActiveCfg = Debug|x86
		{A91C5900-6F9B-413C-BE42-C73C4FF7EFA5}.Debug DLLs|x86.ActiveCfg = Debug|x86
		{A91C5900-6F9B-413C-BE42-C73C4FF7EFA5}.Debug DLLs|x86.Build.0 = Debug|x86
		{A91C5900-6F9B-413C-BE42-C73C4FF7EFA5}.Debug|Any CPU.ActiveCfg = Debug|x86
		{A91C5900-6F9B-413C-BE42-C73C4FF7EFA5}.Debug|x64.ActiveCfg = Debug|x86
		{A91C5900-6F9B-413C-BE42-C73C4FF7EFA5}.Debug|x86.ActiveCfg = Debug|x86
		{A91C5900-6F9B-413C-BE42-C73C4FF7EFA5}.Debug|x86.Build.0 = Debug|x86
		{A91C5900-6F9B-413C-BE42-C73C4FF7EFA5}.NeDeconEngine_Debug|Any CPU.ActiveCfg = NeDeconEngine_Debug|x86
		{A91C5900-6F9B-413C-BE42-C73C4FF7EFA5}.NeDeconEngine_Debug|x64.ActiveCfg = NeDeconEngine_Debug|x86
		{A91C5900-6F9B-413C-BE42-C73C4FF7EFA5}.NeDeconEngine_Debug|x86.ActiveCfg = NeDeconEngine_Debug|x86
		{A91C5900-6F9B-413C-BE42-C73C4FF7EFA5}.NeDeconEngine_Debug|x86.Build.0 = NeDeconEngine_Debug|x86
		{A91C5900-6F9B-413C-BE42-C73C4FF7EFA5}.NoDeconEngine_Release|Any CPU.ActiveCfg = NoDeconEngine_Release|x86
		{A91C5900-6F9B-413C-BE42-C73C4FF7EFA5}.NoDeconEngine_Release|x64.ActiveCfg = NoDeconEngine_Release|x86
		{A91C5900-6F9B-413C-BE42-C73C4FF7EFA5}.NoDeconEngine_Release|x86.ActiveCfg = NoDeconEngine_Release|x86
		{A91C5900-6F9B-413C-BE42-C73C4FF7EFA5}.NoDeconEngine_Release|x86.Build.0 = NoDeconEngine_Release|x86
		{A91C5900-6F9B-413C-BE42-C73C4FF7EFA5}.Release|Any CPU.ActiveCfg = Release|x86
		{A91C5900-6F9B-413C-BE42-C73C4FF7EFA5}.Release|x64.ActiveCfg = Release|x86
		{A91C5900-6F9B-413C-BE42-C73C4FF7EFA5}.Release|x86.ActiveCfg = Release|x86
		{A91C5900-6F9B-413C-BE42-C73C4FF7EFA5}.Release|x86.Build.0 = Release|x86
		{E47D0F42-F72F-4030-95D4-B2D136583595}.Debug DLLs|Any CPU.ActiveCfg = NeDeconEngine_Debug|x86
		{E47D0F42-F72F-4030-95D4-B2D136583595}.Debug DLLs|Any CPU.Build.0 = NeDeconEngine_Debug|x86
		{E47D0F42-F72F-4030-95D4-B2D136583595}.Debug DLLs|x64.ActiveCfg = NeDeconEngine_Debug|x86
		{E47D0F42-F72F-4030-95D4-B2D136583595}.Debug DLLs|x64.Build.0 = NeDeconEngine_Debug|x86
		{E47D0F42-F72F-4030-95D4-B2D136583595}.Debug DLLs|x86.ActiveCfg = Debug|x86
		{E47D0F42-F72F-4030-95D4-B2D136583595}.Debug DLLs|x86.Build.0 = Debug|x86
		{E47D0F42-F72F-4030-95D4-B2D136583595}.Debug|Any CPU.ActiveCfg = Debug|x86
		{E47D0F42-F72F-4030-95D4-B2D136583595}.Debug|x64.ActiveCfg = Debug|x86
		{E47D0F42-F72F-4030-95D4-B2D136583595}.Debug|x86.ActiveCfg = Debug|x86
		{E47D0F42-F72F-4030-95D4-B2D136583595}.Debug|x86.Build.0 = Debug|x86
		{E47D0F42-F72F-4030-95D4-B2D136583595}.NeDeconEngine_Debug|Any CPU.ActiveCfg = NeDeconEngine_Debug|x86
		{E47D0F42-F72F-4030-95D4-B2D136583595}.NeDeconEngine_Debug|x64.ActiveCfg = NeDeconEngine_Debug|x86
		{E47D0F42-F72F-4030-95D4-B2D136583595}.NeDeconEngine_Debug|x86.ActiveCfg = NeDeconEngine_Debug|x86
		{E47D0F42-F72F-4030-95D4-B2D136583595}.NeDeconEngine_Debug|x86.Build.0 = NeDeconEngine_Debug|x86
		{E47D0F42-F72F-4030-95D4-B2D136583595}.NoDeconEngine_Release|Any CPU.ActiveCfg = NoDeconEngine_Release|x86
		{E47D0F42-F72F-4030-95D4-B2D136583595}.NoDeconEngine_Release|x64.ActiveCfg = NoDeconEngine_Release|x86
		{E47D0F42-F72F-4030-95D4-B2D136583595}.NoDeconEngine_Release|x86.ActiveCfg = NoDeconEngine_Release|x86
		{E47D0F42-F72F-4030-95D4-B2D136583595}.NoDeconEngine_Release|x86.Build.0 = NoDeconEngine_Release|x86
		{E47D0F42-F72F-4030-95D4-B2D136583595}.Release|Any CPU.ActiveCfg = Release|x86
		{E47D0F42-F72F-4030-95D4-B2D136583595}.Release|x64.ActiveCfg = Release|x86
		{E47D0F42-F72F-4030-95D4-B2D136583595}.Release|x86.ActiveCfg = Release|x86
		{E47D0F42-F72F-4030-95D4-B2D136583595}.Release|x86.Build.0 = Release|x86
	EndGlobalSection
	GlobalSection(SolutionProperties) = preSolution
		HideSolutionNode = FALSE
	EndGlobalSection
EndGlobal
