
Microsoft Visual Studio Solution File, Format Version 11.00
# Visual Studio 2010
Project("{FAE04EC0-301F-11D3-BF4B-00C04F79EFBC}") = "DeconTools", "DeconTools\DeconTools.csproj", "{8C9A6864-E6EE-4F95-9629-7F13FD991A4F}"
EndProject
Project("{FAE04EC0-301F-11D3-BF4B-00C04F79EFBC}") = "DeconTools.Backend", "DeconTools.Backend\DeconTools.Backend.csproj", "{C9D895E0-A35E-497B-9103-0EC2FEFAAC56}"
EndProject
Project("{FAE04EC0-301F-11D3-BF4B-00C04F79EFBC}") = "DeconTools.UnitTesting", "DeconTools.UnitTesting\DeconTools.UnitTesting.csproj", "{C41F8FF3-CF73-4F01-A57E-6717E61F32F9}"
EndProject
Project("{FAE04EC0-301F-11D3-BF4B-00C04F79EFBC}") = "DeconTools.UI.Testing", "DeconTools.UI.Testing\DeconTools.UI.Testing.csproj", "{EF7DDA29-A41E-4C52-AEAA-BC8B83B77DCF}"
EndProject
Project("{FAE04EC0-301F-11D3-BF4B-00C04F79EFBC}") = "TestConsole1", "TestConsole1\TestConsole1.csproj", "{F6400614-6098-4163-93BB-42DBFE0850F6}"
EndProject
Project("{FAE04EC0-301F-11D3-BF4B-00C04F79EFBC}") = "DMSDeconToolsV2", "DMSDeconToolsV2\DMSDeconToolsV2.csproj", "{23B9BC46-F89D-41C1-896F-609A67C89F38}"
EndProject
Project("{FAE04EC0-301F-11D3-BF4B-00C04F79EFBC}") = "DeconConsole", "DeconConsole\DeconConsole.csproj", "{3F630119-F9F7-4FF3-8748-11DAED656472}"
EndProject
Project("{FAE04EC0-301F-11D3-BF4B-00C04F79EFBC}") = "DeconToolsAutoProcessV1", "DeconToolsAutoProcessV1\DeconToolsAutoProcessV1.csproj", "{BBDDF8AA-5E55-44A8-879F-BB6108503845}"
EndProject
Project("{54435603-DBB4-11D2-8724-00A0C9A8B90C}") = "DeconToolsAutoProcessor_Installer", "DeconToolsAutoProcessor_Installer\DeconToolsAutoProcessor_Installer.vdproj", "{9C939855-1CB5-4F56-BA7F-551D09799254}"
EndProject
Project("{FAE04EC0-301F-11D3-BF4B-00C04F79EFBC}") = "Decon2LS.UI", "Decon2LS.UI\Decon2LS.UI.csproj", "{0C612C45-8D9A-4DE1-8BCE-E1FD703ED901}"
EndProject
Project("{FAE04EC0-301F-11D3-BF4B-00C04F79EFBC}") = "DeconConsole.UnitTesting", "DeconConsole.UnitTesting\DeconConsole.UnitTesting.csproj", "{195A12DD-A4BD-49B9-99A5-F1B19D72C5FC}"
EndProject
Project("{FAE04EC0-301F-11D3-BF4B-00C04F79EFBC}") = "DeconTools.QCTesting", "DeconTools.QCTesting\DeconTools.QCTesting.csproj", "{4F832038-5C68-4B4A-A4C0-758366095E7D}"
EndProject
Project("{FAE04EC0-301F-11D3-BF4B-00C04F79EFBC}") = "DeconTools.UnitTesting2", "DeconTools.UnitTesting2\DeconTools.UnitTesting2.csproj", "{7CF4CD1A-E5DA-477D-B15C-FDBFDC59B013}"
EndProject
Project("{FAE04EC0-301F-11D3-BF4B-00C04F79EFBC}") = "DeconTools.Testing.ProblemCases", "DeconTools.Testing.ProblemCases\DeconTools.Testing.ProblemCases.csproj", "{37066C05-2D23-473E-BDCB-0DAD0444FDE2}"
EndProject
Project("{FAE04EC0-301F-11D3-BF4B-00C04F79EFBC}") = "SimpleMSViewer", "..\SimpleMSViewer\SimpleMSViewer\SimpleMSViewer.csproj", "{E7B95E08-E3EB-4446-8082-5DD435A78EB9}"
EndProject
Global
	GlobalSection(SolutionConfigurationPlatforms) = preSolution
		Debug|Any CPU = Debug|Any CPU
		Debug|Mixed Platforms = Debug|Mixed Platforms
		Debug|x64 = Debug|x64
		Debug|x86 = Debug|x86
		Release|Any CPU = Release|Any CPU
		Release|Mixed Platforms = Release|Mixed Platforms
		Release|x64 = Release|x64
		Release|x86 = Release|x86
	EndGlobalSection
	GlobalSection(ProjectConfigurationPlatforms) = postSolution
		{8C9A6864-E6EE-4F95-9629-7F13FD991A4F}.Debug|Any CPU.ActiveCfg = Debug|x86
		{8C9A6864-E6EE-4F95-9629-7F13FD991A4F}.Debug|Mixed Platforms.ActiveCfg = Debug|x64
		{8C9A6864-E6EE-4F95-9629-7F13FD991A4F}.Debug|Mixed Platforms.Build.0 = Debug|x64
		{8C9A6864-E6EE-4F95-9629-7F13FD991A4F}.Debug|x64.ActiveCfg = Debug|x64
		{8C9A6864-E6EE-4F95-9629-7F13FD991A4F}.Debug|x64.Build.0 = Debug|x64
		{8C9A6864-E6EE-4F95-9629-7F13FD991A4F}.Debug|x86.ActiveCfg = Debug|x86
		{8C9A6864-E6EE-4F95-9629-7F13FD991A4F}.Release|Any CPU.ActiveCfg = Release|x86
		{8C9A6864-E6EE-4F95-9629-7F13FD991A4F}.Release|Mixed Platforms.ActiveCfg = Release|x64
		{8C9A6864-E6EE-4F95-9629-7F13FD991A4F}.Release|Mixed Platforms.Build.0 = Release|x64
		{8C9A6864-E6EE-4F95-9629-7F13FD991A4F}.Release|x64.ActiveCfg = Release|x64
		{8C9A6864-E6EE-4F95-9629-7F13FD991A4F}.Release|x64.Build.0 = Release|x64
		{8C9A6864-E6EE-4F95-9629-7F13FD991A4F}.Release|x86.ActiveCfg = Release|x86
		{8C9A6864-E6EE-4F95-9629-7F13FD991A4F}.Release|x86.Build.0 = Release|x86
		{C9D895E0-A35E-497B-9103-0EC2FEFAAC56}.Debug|Any CPU.ActiveCfg = Debug|x86
		{C9D895E0-A35E-497B-9103-0EC2FEFAAC56}.Debug|Mixed Platforms.ActiveCfg = Debug|x64
		{C9D895E0-A35E-497B-9103-0EC2FEFAAC56}.Debug|Mixed Platforms.Build.0 = Debug|x64
		{C9D895E0-A35E-497B-9103-0EC2FEFAAC56}.Debug|x64.ActiveCfg = Debug|x64
		{C9D895E0-A35E-497B-9103-0EC2FEFAAC56}.Debug|x64.Build.0 = Debug|x64
		{C9D895E0-A35E-497B-9103-0EC2FEFAAC56}.Debug|x86.ActiveCfg = Debug|x86
		{C9D895E0-A35E-497B-9103-0EC2FEFAAC56}.Debug|x86.Build.0 = Debug|x86
		{C9D895E0-A35E-497B-9103-0EC2FEFAAC56}.Release|Any CPU.ActiveCfg = Release|x86
		{C9D895E0-A35E-497B-9103-0EC2FEFAAC56}.Release|Mixed Platforms.ActiveCfg = Release|x64
		{C9D895E0-A35E-497B-9103-0EC2FEFAAC56}.Release|Mixed Platforms.Build.0 = Release|x64
		{C9D895E0-A35E-497B-9103-0EC2FEFAAC56}.Release|x64.ActiveCfg = Release|x64
		{C9D895E0-A35E-497B-9103-0EC2FEFAAC56}.Release|x64.Build.0 = Release|x64
		{C9D895E0-A35E-497B-9103-0EC2FEFAAC56}.Release|x86.ActiveCfg = Release|x86
		{C9D895E0-A35E-497B-9103-0EC2FEFAAC56}.Release|x86.Build.0 = Release|x86
		{C41F8FF3-CF73-4F01-A57E-6717E61F32F9}.Debug|Any CPU.ActiveCfg = Debug|x86
		{C41F8FF3-CF73-4F01-A57E-6717E61F32F9}.Debug|Mixed Platforms.ActiveCfg = Debug|x64
		{C41F8FF3-CF73-4F01-A57E-6717E61F32F9}.Debug|Mixed Platforms.Build.0 = Debug|x64
		{C41F8FF3-CF73-4F01-A57E-6717E61F32F9}.Debug|x64.ActiveCfg = Debug|x64
		{C41F8FF3-CF73-4F01-A57E-6717E61F32F9}.Debug|x64.Build.0 = Debug|x64
		{C41F8FF3-CF73-4F01-A57E-6717E61F32F9}.Debug|x86.ActiveCfg = Debug|x86
		{C41F8FF3-CF73-4F01-A57E-6717E61F32F9}.Release|Any CPU.ActiveCfg = Release|x86
		{C41F8FF3-CF73-4F01-A57E-6717E61F32F9}.Release|Mixed Platforms.ActiveCfg = Release|x64
		{C41F8FF3-CF73-4F01-A57E-6717E61F32F9}.Release|Mixed Platforms.Build.0 = Release|x64
		{C41F8FF3-CF73-4F01-A57E-6717E61F32F9}.Release|x64.ActiveCfg = Release|x64
		{C41F8FF3-CF73-4F01-A57E-6717E61F32F9}.Release|x64.Build.0 = Release|x64
		{C41F8FF3-CF73-4F01-A57E-6717E61F32F9}.Release|x86.ActiveCfg = Release|x86
		{EF7DDA29-A41E-4C52-AEAA-BC8B83B77DCF}.Debug|Any CPU.ActiveCfg = Debug|x86
		{EF7DDA29-A41E-4C52-AEAA-BC8B83B77DCF}.Debug|Mixed Platforms.ActiveCfg = Debug|x64
		{EF7DDA29-A41E-4C52-AEAA-BC8B83B77DCF}.Debug|Mixed Platforms.Build.0 = Debug|x64
		{EF7DDA29-A41E-4C52-AEAA-BC8B83B77DCF}.Debug|x64.ActiveCfg = Debug|x64
		{EF7DDA29-A41E-4C52-AEAA-BC8B83B77DCF}.Debug|x86.ActiveCfg = Debug|x86
		{EF7DDA29-A41E-4C52-AEAA-BC8B83B77DCF}.Release|Any CPU.ActiveCfg = Release|x86
		{EF7DDA29-A41E-4C52-AEAA-BC8B83B77DCF}.Release|Mixed Platforms.ActiveCfg = Release|x64
		{EF7DDA29-A41E-4C52-AEAA-BC8B83B77DCF}.Release|Mixed Platforms.Build.0 = Release|x64
		{EF7DDA29-A41E-4C52-AEAA-BC8B83B77DCF}.Release|x64.ActiveCfg = Release|x64
		{EF7DDA29-A41E-4C52-AEAA-BC8B83B77DCF}.Release|x86.ActiveCfg = Release|x86
		{F6400614-6098-4163-93BB-42DBFE0850F6}.Debug|Any CPU.ActiveCfg = Debug|x86
		{F6400614-6098-4163-93BB-42DBFE0850F6}.Debug|Mixed Platforms.ActiveCfg = Debug|x64
		{F6400614-6098-4163-93BB-42DBFE0850F6}.Debug|Mixed Platforms.Build.0 = Debug|x64
		{F6400614-6098-4163-93BB-42DBFE0850F6}.Debug|x64.ActiveCfg = Debug|x64
		{F6400614-6098-4163-93BB-42DBFE0850F6}.Debug|x86.ActiveCfg = Debug|x86
		{F6400614-6098-4163-93BB-42DBFE0850F6}.Debug|x86.Build.0 = Debug|x86
		{F6400614-6098-4163-93BB-42DBFE0850F6}.Release|Any CPU.ActiveCfg = Release|x86
		{F6400614-6098-4163-93BB-42DBFE0850F6}.Release|Mixed Platforms.ActiveCfg = Release|x64
		{F6400614-6098-4163-93BB-42DBFE0850F6}.Release|Mixed Platforms.Build.0 = Release|x64
		{F6400614-6098-4163-93BB-42DBFE0850F6}.Release|x64.ActiveCfg = Release|x64
		{F6400614-6098-4163-93BB-42DBFE0850F6}.Release|x86.ActiveCfg = Release|x86
		{F6400614-6098-4163-93BB-42DBFE0850F6}.Release|x86.Build.0 = Release|x86
		{23B9BC46-F89D-41C1-896F-609A67C89F38}.Debug|Any CPU.ActiveCfg = Debug|x86
		{23B9BC46-F89D-41C1-896F-609A67C89F38}.Debug|Mixed Platforms.ActiveCfg = Debug|x64
		{23B9BC46-F89D-41C1-896F-609A67C89F38}.Debug|Mixed Platforms.Build.0 = Debug|x64
		{23B9BC46-F89D-41C1-896F-609A67C89F38}.Debug|x64.ActiveCfg = Debug|x64
		{23B9BC46-F89D-41C1-896F-609A67C89F38}.Debug|x64.Build.0 = Debug|x64
		{23B9BC46-F89D-41C1-896F-609A67C89F38}.Debug|x86.ActiveCfg = Debug|x86
		{23B9BC46-F89D-41C1-896F-609A67C89F38}.Release|Any CPU.ActiveCfg = Release|x86
		{23B9BC46-F89D-41C1-896F-609A67C89F38}.Release|Mixed Platforms.ActiveCfg = Release|x64
		{23B9BC46-F89D-41C1-896F-609A67C89F38}.Release|Mixed Platforms.Build.0 = Release|x64
		{23B9BC46-F89D-41C1-896F-609A67C89F38}.Release|x64.ActiveCfg = Release|x64
		{23B9BC46-F89D-41C1-896F-609A67C89F38}.Release|x64.Build.0 = Release|x64
		{23B9BC46-F89D-41C1-896F-609A67C89F38}.Release|x86.ActiveCfg = Release|x86
		{3F630119-F9F7-4FF3-8748-11DAED656472}.Debug|Any CPU.ActiveCfg = Debug|x86
		{3F630119-F9F7-4FF3-8748-11DAED656472}.Debug|Mixed Platforms.ActiveCfg = Debug|x64
		{3F630119-F9F7-4FF3-8748-11DAED656472}.Debug|Mixed Platforms.Build.0 = Debug|x64
		{3F630119-F9F7-4FF3-8748-11DAED656472}.Debug|x64.ActiveCfg = Debug|x64
		{3F630119-F9F7-4FF3-8748-11DAED656472}.Debug|x64.Build.0 = Debug|x64
		{3F630119-F9F7-4FF3-8748-11DAED656472}.Debug|x86.ActiveCfg = Debug|x86
		{3F630119-F9F7-4FF3-8748-11DAED656472}.Debug|x86.Build.0 = Debug|x86
		{3F630119-F9F7-4FF3-8748-11DAED656472}.Release|Any CPU.ActiveCfg = Release|x86
		{3F630119-F9F7-4FF3-8748-11DAED656472}.Release|Mixed Platforms.ActiveCfg = Release|x64
		{3F630119-F9F7-4FF3-8748-11DAED656472}.Release|Mixed Platforms.Build.0 = Release|x64
		{3F630119-F9F7-4FF3-8748-11DAED656472}.Release|x64.ActiveCfg = Release|x64
		{3F630119-F9F7-4FF3-8748-11DAED656472}.Release|x64.Build.0 = Release|x64
		{3F630119-F9F7-4FF3-8748-11DAED656472}.Release|x86.ActiveCfg = Release|x86
		{3F630119-F9F7-4FF3-8748-11DAED656472}.Release|x86.Build.0 = Release|x86
		{BBDDF8AA-5E55-44A8-879F-BB6108503845}.Debug|Any CPU.ActiveCfg = Debug|x86
		{BBDDF8AA-5E55-44A8-879F-BB6108503845}.Debug|Mixed Platforms.ActiveCfg = Debug|x64
		{BBDDF8AA-5E55-44A8-879F-BB6108503845}.Debug|Mixed Platforms.Build.0 = Debug|x64
		{BBDDF8AA-5E55-44A8-879F-BB6108503845}.Debug|x64.ActiveCfg = Debug|x64
		{BBDDF8AA-5E55-44A8-879F-BB6108503845}.Debug|x64.Build.0 = Debug|x64
		{BBDDF8AA-5E55-44A8-879F-BB6108503845}.Debug|x86.ActiveCfg = Debug|x86
		{BBDDF8AA-5E55-44A8-879F-BB6108503845}.Debug|x86.Build.0 = Debug|x86
		{BBDDF8AA-5E55-44A8-879F-BB6108503845}.Release|Any CPU.ActiveCfg = Release|x86
		{BBDDF8AA-5E55-44A8-879F-BB6108503845}.Release|Mixed Platforms.ActiveCfg = Release|x64
		{BBDDF8AA-5E55-44A8-879F-BB6108503845}.Release|Mixed Platforms.Build.0 = Release|x64
		{BBDDF8AA-5E55-44A8-879F-BB6108503845}.Release|x64.ActiveCfg = Release|x64
		{BBDDF8AA-5E55-44A8-879F-BB6108503845}.Release|x64.Build.0 = Release|x64
		{BBDDF8AA-5E55-44A8-879F-BB6108503845}.Release|x86.ActiveCfg = Release|x86
		{BBDDF8AA-5E55-44A8-879F-BB6108503845}.Release|x86.Build.0 = Release|x86
		{9C939855-1CB5-4F56-BA7F-551D09799254}.Debug|Any CPU.ActiveCfg = Debug
		{9C939855-1CB5-4F56-BA7F-551D09799254}.Debug|Mixed Platforms.ActiveCfg = Debug
		{9C939855-1CB5-4F56-BA7F-551D09799254}.Debug|Mixed Platforms.Build.0 = Debug
		{9C939855-1CB5-4F56-BA7F-551D09799254}.Debug|x64.ActiveCfg = Debug
		{9C939855-1CB5-4F56-BA7F-551D09799254}.Debug|x86.ActiveCfg = Debug
		{9C939855-1CB5-4F56-BA7F-551D09799254}.Release|Any CPU.ActiveCfg = Release
		{9C939855-1CB5-4F56-BA7F-551D09799254}.Release|Mixed Platforms.ActiveCfg = Release
		{9C939855-1CB5-4F56-BA7F-551D09799254}.Release|Mixed Platforms.Build.0 = Release
		{9C939855-1CB5-4F56-BA7F-551D09799254}.Release|x64.ActiveCfg = Release
		{9C939855-1CB5-4F56-BA7F-551D09799254}.Release|x86.ActiveCfg = Release
		{0C612C45-8D9A-4DE1-8BCE-E1FD703ED901}.Debug|Any CPU.ActiveCfg = Debug|x86
		{0C612C45-8D9A-4DE1-8BCE-E1FD703ED901}.Debug|Mixed Platforms.ActiveCfg = Debug|x64
		{0C612C45-8D9A-4DE1-8BCE-E1FD703ED901}.Debug|Mixed Platforms.Build.0 = Debug|x64
		{0C612C45-8D9A-4DE1-8BCE-E1FD703ED901}.Debug|x64.ActiveCfg = Debug|x64
		{0C612C45-8D9A-4DE1-8BCE-E1FD703ED901}.Debug|x64.Build.0 = Debug|x64
		{0C612C45-8D9A-4DE1-8BCE-E1FD703ED901}.Debug|x86.ActiveCfg = Debug|x86
		{0C612C45-8D9A-4DE1-8BCE-E1FD703ED901}.Debug|x86.Build.0 = Debug|x86
		{0C612C45-8D9A-4DE1-8BCE-E1FD703ED901}.Release|Any CPU.ActiveCfg = Release|x86
		{0C612C45-8D9A-4DE1-8BCE-E1FD703ED901}.Release|Mixed Platforms.ActiveCfg = Release|x64
		{0C612C45-8D9A-4DE1-8BCE-E1FD703ED901}.Release|Mixed Platforms.Build.0 = Release|x64
		{0C612C45-8D9A-4DE1-8BCE-E1FD703ED901}.Release|x64.ActiveCfg = Release|x64
		{0C612C45-8D9A-4DE1-8BCE-E1FD703ED901}.Release|x64.Build.0 = Release|x64
		{0C612C45-8D9A-4DE1-8BCE-E1FD703ED901}.Release|x86.ActiveCfg = Release|x86
		{0C612C45-8D9A-4DE1-8BCE-E1FD703ED901}.Release|x86.Build.0 = Release|x86
		{195A12DD-A4BD-49B9-99A5-F1B19D72C5FC}.Debug|Any CPU.ActiveCfg = Debug|x86
		{195A12DD-A4BD-49B9-99A5-F1B19D72C5FC}.Debug|Mixed Platforms.ActiveCfg = Debug|x64
		{195A12DD-A4BD-49B9-99A5-F1B19D72C5FC}.Debug|Mixed Platforms.Build.0 = Debug|x64
		{195A12DD-A4BD-49B9-99A5-F1B19D72C5FC}.Debug|x64.ActiveCfg = Debug|x64
		{195A12DD-A4BD-49B9-99A5-F1B19D72C5FC}.Debug|x64.Build.0 = Debug|x64
		{195A12DD-A4BD-49B9-99A5-F1B19D72C5FC}.Debug|x86.ActiveCfg = Debug|x86
		{195A12DD-A4BD-49B9-99A5-F1B19D72C5FC}.Release|Any CPU.ActiveCfg = Release|x86
		{195A12DD-A4BD-49B9-99A5-F1B19D72C5FC}.Release|Mixed Platforms.ActiveCfg = Release|x64
		{195A12DD-A4BD-49B9-99A5-F1B19D72C5FC}.Release|Mixed Platforms.Build.0 = Release|x64
		{195A12DD-A4BD-49B9-99A5-F1B19D72C5FC}.Release|x64.ActiveCfg = Release|x64
		{195A12DD-A4BD-49B9-99A5-F1B19D72C5FC}.Release|x64.Build.0 = Release|x64
		{195A12DD-A4BD-49B9-99A5-F1B19D72C5FC}.Release|x86.ActiveCfg = Release|x86
		{4F832038-5C68-4B4A-A4C0-758366095E7D}.Debug|Any CPU.ActiveCfg = Debug|x86
		{4F832038-5C68-4B4A-A4C0-758366095E7D}.Debug|Mixed Platforms.ActiveCfg = Debug|x64
		{4F832038-5C68-4B4A-A4C0-758366095E7D}.Debug|Mixed Platforms.Build.0 = Debug|x64
		{4F832038-5C68-4B4A-A4C0-758366095E7D}.Debug|x64.ActiveCfg = Debug|x64
		{4F832038-5C68-4B4A-A4C0-758366095E7D}.Debug|x64.Build.0 = Debug|x64
		{4F832038-5C68-4B4A-A4C0-758366095E7D}.Debug|x86.ActiveCfg = Debug|x86
		{4F832038-5C68-4B4A-A4C0-758366095E7D}.Release|Any CPU.ActiveCfg = Release|x86
		{4F832038-5C68-4B4A-A4C0-758366095E7D}.Release|Mixed Platforms.ActiveCfg = Release|x64
		{4F832038-5C68-4B4A-A4C0-758366095E7D}.Release|Mixed Platforms.Build.0 = Release|x64
		{4F832038-5C68-4B4A-A4C0-758366095E7D}.Release|x64.ActiveCfg = Release|x64
		{4F832038-5C68-4B4A-A4C0-758366095E7D}.Release|x64.Build.0 = Release|x64
		{4F832038-5C68-4B4A-A4C0-758366095E7D}.Release|x86.ActiveCfg = Release|x86
		{7CF4CD1A-E5DA-477D-B15C-FDBFDC59B013}.Debug|Any CPU.ActiveCfg = Debug|x86
		{7CF4CD1A-E5DA-477D-B15C-FDBFDC59B013}.Debug|Mixed Platforms.ActiveCfg = Debug|x64
		{7CF4CD1A-E5DA-477D-B15C-FDBFDC59B013}.Debug|Mixed Platforms.Build.0 = Debug|x64
		{7CF4CD1A-E5DA-477D-B15C-FDBFDC59B013}.Debug|x64.ActiveCfg = Debug|x64
		{7CF4CD1A-E5DA-477D-B15C-FDBFDC59B013}.Debug|x64.Build.0 = Debug|x64
		{7CF4CD1A-E5DA-477D-B15C-FDBFDC59B013}.Debug|x86.ActiveCfg = Debug|x86
		{7CF4CD1A-E5DA-477D-B15C-FDBFDC59B013}.Debug|x86.Build.0 = Debug|x86
		{7CF4CD1A-E5DA-477D-B15C-FDBFDC59B013}.Release|Any CPU.ActiveCfg = Release|x86
		{7CF4CD1A-E5DA-477D-B15C-FDBFDC59B013}.Release|Mixed Platforms.ActiveCfg = Release|x64
		{7CF4CD1A-E5DA-477D-B15C-FDBFDC59B013}.Release|Mixed Platforms.Build.0 = Release|x64
		{7CF4CD1A-E5DA-477D-B15C-FDBFDC59B013}.Release|x64.ActiveCfg = Release|x64
		{7CF4CD1A-E5DA-477D-B15C-FDBFDC59B013}.Release|x64.Build.0 = Release|x64
		{7CF4CD1A-E5DA-477D-B15C-FDBFDC59B013}.Release|x86.ActiveCfg = Release|x86
		{7CF4CD1A-E5DA-477D-B15C-FDBFDC59B013}.Release|x86.Build.0 = Release|x86
		{37066C05-2D23-473E-BDCB-0DAD0444FDE2}.Debug|Any CPU.ActiveCfg = Debug|Any CPU
		{37066C05-2D23-473E-BDCB-0DAD0444FDE2}.Debug|Any CPU.Build.0 = Debug|Any CPU
		{37066C05-2D23-473E-BDCB-0DAD0444FDE2}.Debug|Mixed Platforms.ActiveCfg = Debug|Any CPU
		{37066C05-2D23-473E-BDCB-0DAD0444FDE2}.Debug|Mixed Platforms.Build.0 = Debug|Any CPU
		{37066C05-2D23-473E-BDCB-0DAD0444FDE2}.Debug|x64.ActiveCfg = Debug|Any CPU
		{37066C05-2D23-473E-BDCB-0DAD0444FDE2}.Debug|x86.ActiveCfg = Debug|Any CPU
		{37066C05-2D23-473E-BDCB-0DAD0444FDE2}.Release|Any CPU.ActiveCfg = Release|Any CPU
		{37066C05-2D23-473E-BDCB-0DAD0444FDE2}.Release|Any CPU.Build.0 = Release|Any CPU
		{37066C05-2D23-473E-BDCB-0DAD0444FDE2}.Release|Mixed Platforms.ActiveCfg = Release|Any CPU
		{37066C05-2D23-473E-BDCB-0DAD0444FDE2}.Release|Mixed Platforms.Build.0 = Release|Any CPU
		{37066C05-2D23-473E-BDCB-0DAD0444FDE2}.Release|x64.ActiveCfg = Release|Any CPU
		{37066C05-2D23-473E-BDCB-0DAD0444FDE2}.Release|x86.ActiveCfg = Release|Any CPU
		{E7B95E08-E3EB-4446-8082-5DD435A78EB9}.Debug|Any CPU.ActiveCfg = Debug|Any CPU
		{E7B95E08-E3EB-4446-8082-5DD435A78EB9}.Debug|Any CPU.Build.0 = Debug|Any CPU
		{E7B95E08-E3EB-4446-8082-5DD435A78EB9}.Debug|Mixed Platforms.ActiveCfg = Debug|x64
		{E7B95E08-E3EB-4446-8082-5DD435A78EB9}.Debug|Mixed Platforms.Build.0 = Debug|x64
		{E7B95E08-E3EB-4446-8082-5DD435A78EB9}.Debug|x64.ActiveCfg = Debug|x64
		{E7B95E08-E3EB-4446-8082-5DD435A78EB9}.Debug|x64.Build.0 = Debug|x64
		{E7B95E08-E3EB-4446-8082-5DD435A78EB9}.Debug|x86.ActiveCfg = Debug|x86
		{E7B95E08-E3EB-4446-8082-5DD435A78EB9}.Debug|x86.Build.0 = Debug|x86
		{E7B95E08-E3EB-4446-8082-5DD435A78EB9}.Release|Any CPU.ActiveCfg = Release|Any CPU
		{E7B95E08-E3EB-4446-8082-5DD435A78EB9}.Release|Any CPU.Build.0 = Release|Any CPU
		{E7B95E08-E3EB-4446-8082-5DD435A78EB9}.Release|Mixed Platforms.ActiveCfg = Release|x64
		{E7B95E08-E3EB-4446-8082-5DD435A78EB9}.Release|Mixed Platforms.Build.0 = Release|x64
		{E7B95E08-E3EB-4446-8082-5DD435A78EB9}.Release|x64.ActiveCfg = Release|x64
		{E7B95E08-E3EB-4446-8082-5DD435A78EB9}.Release|x64.Build.0 = Release|x64
		{E7B95E08-E3EB-4446-8082-5DD435A78EB9}.Release|x86.ActiveCfg = Release|x86
		{E7B95E08-E3EB-4446-8082-5DD435A78EB9}.Release|x86.Build.0 = Release|x86
	EndGlobalSection
	GlobalSection(SolutionProperties) = preSolution
		HideSolutionNode = FALSE
	EndGlobalSection
EndGlobal
