
Microsoft Visual Studio Solution File, Format Version 11.00
# Visual Studio 2010
Project("{FAE04EC0-301F-11D3-BF4B-00C04F79EFBC}") = "DeconTools.Backend", "DeconTools.Backend\DeconTools.Backend.csproj", "{C9D895E0-A35E-497B-9103-0EC2FEFAAC56}"
EndProject
Project("{FAE04EC0-301F-11D3-BF4B-00C04F79EFBC}") = "DeconTools.UnitTesting", "DeconTools.UnitTesting\DeconTools.UnitTesting.csproj", "{C41F8FF3-CF73-4F01-A57E-6717E61F32F9}"
EndProject
Project("{FAE04EC0-301F-11D3-BF4B-00C04F79EFBC}") = "TestConsole1", "TestConsole1\TestConsole1.csproj", "{F6400614-6098-4163-93BB-42DBFE0850F6}"
EndProject
Project("{FAE04EC0-301F-11D3-BF4B-00C04F79EFBC}") = "DMSDeconToolsV2", "DMSDeconToolsV2\DMSDeconToolsV2.csproj", "{23B9BC46-F89D-41C1-896F-609A67C89F38}"
EndProject
Project("{FAE04EC0-301F-11D3-BF4B-00C04F79EFBC}") = "DeconConsole", "DeconConsole\DeconConsole.csproj", "{3F630119-F9F7-4FF3-8748-11DAED656472}"
EndProject
Project("{FAE04EC0-301F-11D3-BF4B-00C04F79EFBC}") = "DeconToolsAutoProcessV1", "DeconToolsAutoProcessV1\DeconToolsAutoProcessV1.csproj", "{BBDDF8AA-5E55-44A8-879F-BB6108503845}"
EndProject
Project("{54435603-DBB4-11D2-8724-00A0C9A8B90C}") = "DeconToolsAutoProcessor_Installer", "DeconToolsAutoProcessor_Installer\DeconToolsAutoProcessor_Installer.vdproj", "{9C939855-1CB5-4F56-BA7F-551D09799254}"
EndProject
Project("{FAE04EC0-301F-11D3-BF4B-00C04F79EFBC}") = "Decon2LS.UI", "Decon2LS.UI\Decon2LS.UI.csproj", "{0C612C45-8D9A-4DE1-8BCE-E1FD703ED901}"
EndProject
Project("{FAE04EC0-301F-11D3-BF4B-00C04F79EFBC}") = "DeconConsole.UnitTesting", "DeconConsole.UnitTesting\DeconConsole.UnitTesting.csproj", "{195A12DD-A4BD-49B9-99A5-F1B19D72C5FC}"
EndProject
Project("{FAE04EC0-301F-11D3-BF4B-00C04F79EFBC}") = "DeconTools.UnitTesting2", "DeconTools.UnitTesting2\DeconTools.UnitTesting2.csproj", "{7CF4CD1A-E5DA-477D-B15C-FDBFDC59B013}"
EndProject
Project("{FAE04EC0-301F-11D3-BF4B-00C04F79EFBC}") = "DeconTools.Testing.ProblemCases", "DeconTools.Testing.ProblemCases\DeconTools.Testing.ProblemCases.csproj", "{37066C05-2D23-473E-BDCB-0DAD0444FDE2}"
EndProject
Project("{FAE04EC0-301F-11D3-BF4B-00C04F79EFBC}") = "DeconTools.Workflows", "DeconTools.Workflows\DeconTools.Workflows\DeconTools.Workflows.csproj", "{3041D403-9165-4018-8F83-FFBAA8528B79}"
	ProjectSection(ProjectDependencies) = postProject
		{C9D895E0-A35E-497B-9103-0EC2FEFAAC56} = {C9D895E0-A35E-497B-9103-0EC2FEFAAC56}
	EndProjectSection
EndProject
Project("{FAE04EC0-301F-11D3-BF4B-00C04F79EFBC}") = "DeconTools.Workflows.UnitTesting", "DeconTools.Workflows\DeconTools.Workflows.UnitTesting\DeconTools.Workflows.UnitTesting.csproj", "{A27D805C-DDEB-4E82-BEC8-9B80CCE9E702}"
EndProject
Project("{FAE04EC0-301F-11D3-BF4B-00C04F79EFBC}") = "SimpleMSViewer", "..\SimpleMSViewer\SimpleMSViewer\SimpleMSViewer.csproj", "{E7B95E08-E3EB-4446-8082-5DD435A78EB9}"
EndProject
Project("{FAE04EC0-301F-11D3-BF4B-00C04F79EFBC}") = "Massive.Backend", "..\DataAnalysis_scripts\QCShew_MassiveTargetedAnalysis\Massive.Backend\Massive.Backend.csproj", "{EAAC3BB6-4492-4CED-AC0E-EE51D1B95630}"
EndProject
Project("{FAE04EC0-301F-11D3-BF4B-00C04F79EFBC}") = "Massive.Scripts", "..\DataAnalysis_scripts\QCShew_MassiveTargetedAnalysis\Massive.Scripts\Massive.Scripts.csproj", "{33317A49-544F-4D3B-8674-E95B866D851F}"
EndProject
Project("{FAE04EC0-301F-11D3-BF4B-00C04F79EFBC}") = "DeconTools_CustomAnalysisTests", "..\DataAnalysis_scripts\DeconTools_CustomProcessing1\DeconTools_CustomAnalysisTests\DeconTools_CustomAnalysisTests.csproj", "{64587B6E-5C55-4ADE-ACD5-75FC6A7D1280}"
EndProject
Project("{FAE04EC0-301F-11D3-BF4B-00C04F79EFBC}") = "Yellowstone.Framework", "..\DataAnalysis_scripts\Yellowstone\Yellowstone.Framework\Yellowstone.Framework.csproj", "{AEC5BA3D-88EE-4AE2-BE67-50BDB4158744}"
EndProject
Project("{FAE04EC0-301F-11D3-BF4B-00C04F79EFBC}") = "Yellowstone.Testing", "..\DataAnalysis_scripts\Yellowstone\Yellowstone.Testing\Yellowstone.Testing.csproj", "{2D69A778-10CF-44E1-8969-1AF390F6FF8F}"
EndProject
Project("{FAE04EC0-301F-11D3-BF4B-00C04F79EFBC}") = "GoldDigger", "..\O16O18Targeted\Digger\GoldDigger.csproj", "{1EAB909A-FA80-493D-A52B-040F3C8C6659}"
EndProject
Project("{FAE04EC0-301F-11D3-BF4B-00C04F79EFBC}") = "FeatureValidator.Backend", "..\FeatureValidator\FeatureValidator.Backend\FeatureValidator.Backend.csproj", "{3AA7601C-AC2D-4AF1-9E75-9BB44F51DFF5}"
EndProject
Project("{FAE04EC0-301F-11D3-BF4B-00C04F79EFBC}") = "N14N15ProteinTurnover", "..\DataAnalysis_scripts\N14N15ProteinTurnover\N14N15ProteinTurnover\N14N15ProteinTurnover.csproj", "{0F2AC6C8-B10A-4697-9D82-B581B0C35504}"
	ProjectSection(ProjectDependencies) = postProject
		{3041D403-9165-4018-8F83-FFBAA8528B79} = {3041D403-9165-4018-8F83-FFBAA8528B79}
	EndProjectSection
EndProject
Project("{FAE04EC0-301F-11D3-BF4B-00C04F79EFBC}") = "N14N15ProteinTurnover.ResultsProcessing", "..\DataAnalysis_scripts\N14N15ProteinTurnover\N14N15ProteinTurnover.ResultsProcessing\N14N15ProteinTurnover.ResultsProcessing.csproj", "{BB07FF86-113B-4551-A461-71D1B7E2703E}"
EndProject
Project("{FAE04EC0-301F-11D3-BF4B-00C04F79EFBC}") = "N14N15ProteinTurnoverViewer", "..\DataAnalysis_scripts\N14N15ProteinTurnover\N14N15ProteinTurnover.BasicViewer\N14N15ProteinTurnoverViewer.csproj", "{5F3BF05B-3DCF-4040-B355-81BE0B7DCC44}"
EndProject
Global
	GlobalSection(SolutionConfigurationPlatforms) = preSolution
		Debug|x86 = Debug|x86
		Release|x86 = Release|x86
	EndGlobalSection
	GlobalSection(ProjectConfigurationPlatforms) = postSolution
		{C9D895E0-A35E-497B-9103-0EC2FEFAAC56}.Debug|x86.ActiveCfg = Debug|x86
		{C9D895E0-A35E-497B-9103-0EC2FEFAAC56}.Debug|x86.Build.0 = Debug|x86
		{C9D895E0-A35E-497B-9103-0EC2FEFAAC56}.Release|x86.ActiveCfg = Release|x86
		{C9D895E0-A35E-497B-9103-0EC2FEFAAC56}.Release|x86.Build.0 = Release|x86
		{C41F8FF3-CF73-4F01-A57E-6717E61F32F9}.Debug|x86.ActiveCfg = Debug|x86
		{C41F8FF3-CF73-4F01-A57E-6717E61F32F9}.Release|x86.ActiveCfg = Release|x86
		{F6400614-6098-4163-93BB-42DBFE0850F6}.Debug|x86.ActiveCfg = Debug|x86
		{F6400614-6098-4163-93BB-42DBFE0850F6}.Debug|x86.Build.0 = Debug|x86
		{F6400614-6098-4163-93BB-42DBFE0850F6}.Release|x86.ActiveCfg = Release|x86
		{F6400614-6098-4163-93BB-42DBFE0850F6}.Release|x86.Build.0 = Release|x86
		{23B9BC46-F89D-41C1-896F-609A67C89F38}.Debug|x86.ActiveCfg = Debug|x86
		{23B9BC46-F89D-41C1-896F-609A67C89F38}.Release|x86.ActiveCfg = Release|x86
		{3F630119-F9F7-4FF3-8748-11DAED656472}.Debug|x86.ActiveCfg = Debug|x86
		{3F630119-F9F7-4FF3-8748-11DAED656472}.Debug|x86.Build.0 = Debug|x86
		{3F630119-F9F7-4FF3-8748-11DAED656472}.Release|x86.ActiveCfg = Release|x86
		{3F630119-F9F7-4FF3-8748-11DAED656472}.Release|x86.Build.0 = Release|x86
		{BBDDF8AA-5E55-44A8-879F-BB6108503845}.Debug|x86.ActiveCfg = Debug|x86
		{BBDDF8AA-5E55-44A8-879F-BB6108503845}.Debug|x86.Build.0 = Debug|x86
		{BBDDF8AA-5E55-44A8-879F-BB6108503845}.Release|x86.ActiveCfg = Release|x86
		{BBDDF8AA-5E55-44A8-879F-BB6108503845}.Release|x86.Build.0 = Release|x86
		{9C939855-1CB5-4F56-BA7F-551D09799254}.Debug|x86.ActiveCfg = Debug
		{9C939855-1CB5-4F56-BA7F-551D09799254}.Release|x86.ActiveCfg = Release
		{0C612C45-8D9A-4DE1-8BCE-E1FD703ED901}.Debug|x86.ActiveCfg = Debug|x86
		{0C612C45-8D9A-4DE1-8BCE-E1FD703ED901}.Debug|x86.Build.0 = Debug|x86
		{0C612C45-8D9A-4DE1-8BCE-E1FD703ED901}.Release|x86.ActiveCfg = Release|x86
		{0C612C45-8D9A-4DE1-8BCE-E1FD703ED901}.Release|x86.Build.0 = Release|x86
		{195A12DD-A4BD-49B9-99A5-F1B19D72C5FC}.Debug|x86.ActiveCfg = Debug|x86
		{195A12DD-A4BD-49B9-99A5-F1B19D72C5FC}.Release|x86.ActiveCfg = Release|x86
		{7CF4CD1A-E5DA-477D-B15C-FDBFDC59B013}.Debug|x86.ActiveCfg = Debug|x86
		{7CF4CD1A-E5DA-477D-B15C-FDBFDC59B013}.Debug|x86.Build.0 = Debug|x86
		{7CF4CD1A-E5DA-477D-B15C-FDBFDC59B013}.Release|x86.ActiveCfg = Release|x86
		{7CF4CD1A-E5DA-477D-B15C-FDBFDC59B013}.Release|x86.Build.0 = Release|x86
		{37066C05-2D23-473E-BDCB-0DAD0444FDE2}.Debug|x86.ActiveCfg = Debug|Any CPU
		{37066C05-2D23-473E-BDCB-0DAD0444FDE2}.Release|x86.ActiveCfg = Release|Any CPU
		{3041D403-9165-4018-8F83-FFBAA8528B79}.Debug|x86.ActiveCfg = Debug|Any CPU
		{3041D403-9165-4018-8F83-FFBAA8528B79}.Debug|x86.Build.0 = Debug|Any CPU
		{3041D403-9165-4018-8F83-FFBAA8528B79}.Release|x86.ActiveCfg = Release|Any CPU
		{3041D403-9165-4018-8F83-FFBAA8528B79}.Release|x86.Build.0 = Release|Any CPU
		{A27D805C-DDEB-4E82-BEC8-9B80CCE9E702}.Debug|x86.ActiveCfg = Debug|Any CPU
		{A27D805C-DDEB-4E82-BEC8-9B80CCE9E702}.Debug|x86.Build.0 = Debug|Any CPU
		{A27D805C-DDEB-4E82-BEC8-9B80CCE9E702}.Release|x86.ActiveCfg = Release|Any CPU
		{A27D805C-DDEB-4E82-BEC8-9B80CCE9E702}.Release|x86.Build.0 = Release|Any CPU
		{E7B95E08-E3EB-4446-8082-5DD435A78EB9}.Debug|x86.ActiveCfg = Debug|x86
		{E7B95E08-E3EB-4446-8082-5DD435A78EB9}.Debug|x86.Build.0 = Debug|x86
		{E7B95E08-E3EB-4446-8082-5DD435A78EB9}.Release|x86.ActiveCfg = Release|x86
		{E7B95E08-E3EB-4446-8082-5DD435A78EB9}.Release|x86.Build.0 = Release|x86
		{EAAC3BB6-4492-4CED-AC0E-EE51D1B95630}.Debug|x86.ActiveCfg = Debug|Any CPU
		{EAAC3BB6-4492-4CED-AC0E-EE51D1B95630}.Debug|x86.Build.0 = Debug|Any CPU
		{EAAC3BB6-4492-4CED-AC0E-EE51D1B95630}.Release|x86.ActiveCfg = Release|Any CPU
		{33317A49-544F-4D3B-8674-E95B866D851F}.Debug|x86.ActiveCfg = Debug|Any CPU
		{33317A49-544F-4D3B-8674-E95B866D851F}.Debug|x86.Build.0 = Debug|Any CPU
		{33317A49-544F-4D3B-8674-E95B866D851F}.Release|x86.ActiveCfg = Release|Any CPU
		{64587B6E-5C55-4ADE-ACD5-75FC6A7D1280}.Debug|x86.ActiveCfg = Debug|x86
		{64587B6E-5C55-4ADE-ACD5-75FC6A7D1280}.Debug|x86.Build.0 = Debug|x86
		{64587B6E-5C55-4ADE-ACD5-75FC6A7D1280}.Release|x86.ActiveCfg = Release|x86
		{64587B6E-5C55-4ADE-ACD5-75FC6A7D1280}.Release|x86.Build.0 = Release|x86
		{AEC5BA3D-88EE-4AE2-BE67-50BDB4158744}.Debug|x86.ActiveCfg = Debug|x86
		{AEC5BA3D-88EE-4AE2-BE67-50BDB4158744}.Debug|x86.Build.0 = Debug|x86
		{AEC5BA3D-88EE-4AE2-BE67-50BDB4158744}.Release|x86.ActiveCfg = Release|x86
		{AEC5BA3D-88EE-4AE2-BE67-50BDB4158744}.Release|x86.Build.0 = Release|x86
		{2D69A778-10CF-44E1-8969-1AF390F6FF8F}.Debug|x86.ActiveCfg = Debug|x86
		{2D69A778-10CF-44E1-8969-1AF390F6FF8F}.Debug|x86.Build.0 = Debug|x86
		{2D69A778-10CF-44E1-8969-1AF390F6FF8F}.Release|x86.ActiveCfg = Release|x86
		{2D69A778-10CF-44E1-8969-1AF390F6FF8F}.Release|x86.Build.0 = Release|x86
		{1EAB909A-FA80-493D-A52B-040F3C8C6659}.Debug|x86.ActiveCfg = Debug|x86
		{1EAB909A-FA80-493D-A52B-040F3C8C6659}.Debug|x86.Build.0 = Debug|x86
		{1EAB909A-FA80-493D-A52B-040F3C8C6659}.Release|x86.ActiveCfg = Release|x86
		{1EAB909A-FA80-493D-A52B-040F3C8C6659}.Release|x86.Build.0 = Release|x86
		{3AA7601C-AC2D-4AF1-9E75-9BB44F51DFF5}.Debug|x86.ActiveCfg = Debug|x86
		{3AA7601C-AC2D-4AF1-9E75-9BB44F51DFF5}.Debug|x86.Build.0 = Debug|x86
		{3AA7601C-AC2D-4AF1-9E75-9BB44F51DFF5}.Release|x86.ActiveCfg = Release|x86
		{3AA7601C-AC2D-4AF1-9E75-9BB44F51DFF5}.Release|x86.Build.0 = Release|x86
		{0F2AC6C8-B10A-4697-9D82-B581B0C35504}.Debug|x86.ActiveCfg = Debug|x86
		{0F2AC6C8-B10A-4697-9D82-B581B0C35504}.Debug|x86.Build.0 = Debug|x86
		{0F2AC6C8-B10A-4697-9D82-B581B0C35504}.Release|x86.ActiveCfg = Release|x86
		{0F2AC6C8-B10A-4697-9D82-B581B0C35504}.Release|x86.Build.0 = Release|x86
		{BB07FF86-113B-4551-A461-71D1B7E2703E}.Debug|x86.ActiveCfg = Debug|x86
		{BB07FF86-113B-4551-A461-71D1B7E2703E}.Debug|x86.Build.0 = Debug|x86
		{BB07FF86-113B-4551-A461-71D1B7E2703E}.Release|x86.ActiveCfg = Release|x86
		{BB07FF86-113B-4551-A461-71D1B7E2703E}.Release|x86.Build.0 = Release|x86
		{5F3BF05B-3DCF-4040-B355-81BE0B7DCC44}.Debug|x86.ActiveCfg = Debug|x86
		{5F3BF05B-3DCF-4040-B355-81BE0B7DCC44}.Debug|x86.Build.0 = Debug|x86
		{5F3BF05B-3DCF-4040-B355-81BE0B7DCC44}.Release|x86.ActiveCfg = Release|x86
		{5F3BF05B-3DCF-4040-B355-81BE0B7DCC44}.Release|x86.Build.0 = Release|x86
	EndGlobalSection
	GlobalSection(SolutionProperties) = preSolution
		HideSolutionNode = FALSE
	EndGlobalSection
EndGlobal
