
Microsoft Visual Studio Solution File, Format Version 12.00
# Visual Studio Version 16
VisualStudioVersion = 16.0.28803.156
MinimumVisualStudioVersion = 10.0.40219.1
Project("{FAE04EC0-301F-11D3-BF4B-00C04F79EFBC}") = "DeconTools.Backend_x64", "DeconTools.Backend\DeconTools.Backend_x64.csproj", "{479F410F-0456-4D09-9B3E-E69002F8D619}"
EndProject
Project("{FAE04EC0-301F-11D3-BF4B-00C04F79EFBC}") = "DeconConsole_x64", "DeconConsole\DeconConsole_x64.csproj", "{9D11BE41-4E67-4B5B-8839-95ACA3FEA87E}"
EndProject
Project("{FAE04EC0-301F-11D3-BF4B-00C04F79EFBC}") = "DeconTools.Workflows_x64", "DeconTools.Workflows\DeconTools.Workflows\DeconTools.Workflows_x64.csproj", "{3041D403-9165-4018-8F83-FFBAA8528B79}"
EndProject
Project("{FAE04EC0-301F-11D3-BF4B-00C04F79EFBC}") = "TargetedWorkflowConsoleDMS_x64", "DeconTools.Workflows\TargetedWorkflowConsoleDMS\TargetedWorkflowConsoleDMS_x64.csproj", "{A91C5900-6F9B-413C-BE42-C73C4FF7EFA5}"
EndProject
Project("{FAE04EC0-301F-11D3-BF4B-00C04F79EFBC}") = "DeconToolsAutoProcessV1_x64", "DeconToolsAutoProcessV1\DeconToolsAutoProcessV1_x64.csproj", "{BBDDF8AA-5E55-44A8-879F-BB6108503845}"
EndProject
Global
	GlobalSection(SolutionConfigurationPlatforms) = preSolution
		Debug DLLs|Any CPU = Debug DLLs|Any CPU
		Debug DLLs|x64 = Debug DLLs|x64
		Debug DLLs|x86 = Debug DLLs|x86
		Debug|Any CPU = Debug|Any CPU
		Debug|x64 = Debug|x64
		Debug|x86 = Debug|x86
		NeDeconEngine_Debug|Any CPU = NeDeconEngine_Debug|Any CPU
		NeDeconEngine_Debug|x64 = NeDeconEngine_Debug|x64
		NeDeconEngine_Debug|x86 = NeDeconEngine_Debug|x86
		NoDeconEngine_Debug|Any CPU = NoDeconEngine_Debug|Any CPU
		NoDeconEngine_Debug|x64 = NoDeconEngine_Debug|x64
		NoDeconEngine_Debug|x86 = NoDeconEngine_Debug|x86
		NoDeconEngine_Release|Any CPU = NoDeconEngine_Release|Any CPU
		NoDeconEngine_Release|x64 = NoDeconEngine_Release|x64
		NoDeconEngine_Release|x86 = NoDeconEngine_Release|x86
		Release|Any CPU = Release|Any CPU
		Release|x64 = Release|x64
		Release|x86 = Release|x86
	EndGlobalSection
	GlobalSection(ProjectConfigurationPlatforms) = postSolution
		{479F410F-0456-4D09-9B3E-E69002F8D619}.Debug DLLs|Any CPU.ActiveCfg = Release|x64
		{479F410F-0456-4D09-9B3E-E69002F8D619}.Debug DLLs|Any CPU.Build.0 = Release|x64
		{479F410F-0456-4D09-9B3E-E69002F8D619}.Debug DLLs|x64.ActiveCfg = Debug|x64
		{479F410F-0456-4D09-9B3E-E69002F8D619}.Debug DLLs|x64.Build.0 = Debug|x64
		{479F410F-0456-4D09-9B3E-E69002F8D619}.Debug DLLs|x86.ActiveCfg = Release|x64
		{479F410F-0456-4D09-9B3E-E69002F8D619}.Debug DLLs|x86.Build.0 = Release|x64
		{479F410F-0456-4D09-9B3E-E69002F8D619}.Debug|Any CPU.ActiveCfg = Debug|x64
		{479F410F-0456-4D09-9B3E-E69002F8D619}.Debug|x64.ActiveCfg = Debug|x64
		{479F410F-0456-4D09-9B3E-E69002F8D619}.Debug|x64.Build.0 = Debug|x64
		{479F410F-0456-4D09-9B3E-E69002F8D619}.Debug|x86.ActiveCfg = Debug|x64
		{479F410F-0456-4D09-9B3E-E69002F8D619}.NeDeconEngine_Debug|Any CPU.ActiveCfg = Release|x64
		{479F410F-0456-4D09-9B3E-E69002F8D619}.NeDeconEngine_Debug|Any CPU.Build.0 = Release|x64
		{479F410F-0456-4D09-9B3E-E69002F8D619}.NeDeconEngine_Debug|x64.ActiveCfg = Debug|x64
		{479F410F-0456-4D09-9B3E-E69002F8D619}.NeDeconEngine_Debug|x64.Build.0 = Debug|x64
		{479F410F-0456-4D09-9B3E-E69002F8D619}.NeDeconEngine_Debug|x86.ActiveCfg = Release|x64
		{479F410F-0456-4D09-9B3E-E69002F8D619}.NeDeconEngine_Debug|x86.Build.0 = Release|x64
		{479F410F-0456-4D09-9B3E-E69002F8D619}.NoDeconEngine_Debug|Any CPU.ActiveCfg = Release|x64
		{479F410F-0456-4D09-9B3E-E69002F8D619}.NoDeconEngine_Debug|Any CPU.Build.0 = Release|x64
		{479F410F-0456-4D09-9B3E-E69002F8D619}.NoDeconEngine_Debug|x64.ActiveCfg = NoDeconEngine_Release|x64
		{479F410F-0456-4D09-9B3E-E69002F8D619}.NoDeconEngine_Debug|x64.Build.0 = NoDeconEngine_Release|x64
		{479F410F-0456-4D09-9B3E-E69002F8D619}.NoDeconEngine_Debug|x86.ActiveCfg = Release|x64
		{479F410F-0456-4D09-9B3E-E69002F8D619}.NoDeconEngine_Debug|x86.Build.0 = Release|x64
		{479F410F-0456-4D09-9B3E-E69002F8D619}.NoDeconEngine_Release|Any CPU.ActiveCfg = NoDeconEngine_Release|x64
		{479F410F-0456-4D09-9B3E-E69002F8D619}.NoDeconEngine_Release|x64.ActiveCfg = NoDeconEngine_Release|x64
		{479F410F-0456-4D09-9B3E-E69002F8D619}.NoDeconEngine_Release|x64.Build.0 = NoDeconEngine_Release|x64
		{479F410F-0456-4D09-9B3E-E69002F8D619}.NoDeconEngine_Release|x86.ActiveCfg = NoDeconEngine_Release|x64
		{479F410F-0456-4D09-9B3E-E69002F8D619}.Release|Any CPU.ActiveCfg = Release|x64
		{479F410F-0456-4D09-9B3E-E69002F8D619}.Release|x64.ActiveCfg = Release|x64
		{479F410F-0456-4D09-9B3E-E69002F8D619}.Release|x64.Build.0 = Release|x64
		{479F410F-0456-4D09-9B3E-E69002F8D619}.Release|x86.ActiveCfg = Release|x64
		{9D11BE41-4E67-4B5B-8839-95ACA3FEA87E}.Debug DLLs|Any CPU.ActiveCfg = Release|x64
		{9D11BE41-4E67-4B5B-8839-95ACA3FEA87E}.Debug DLLs|Any CPU.Build.0 = Release|x64
		{9D11BE41-4E67-4B5B-8839-95ACA3FEA87E}.Debug DLLs|x64.ActiveCfg = Debug|x64
		{9D11BE41-4E67-4B5B-8839-95ACA3FEA87E}.Debug DLLs|x64.Build.0 = Debug|x64
		{9D11BE41-4E67-4B5B-8839-95ACA3FEA87E}.Debug DLLs|x86.ActiveCfg = Release|x64
		{9D11BE41-4E67-4B5B-8839-95ACA3FEA87E}.Debug DLLs|x86.Build.0 = Release|x64
		{9D11BE41-4E67-4B5B-8839-95ACA3FEA87E}.Debug|Any CPU.ActiveCfg = Debug|x64
		{9D11BE41-4E67-4B5B-8839-95ACA3FEA87E}.Debug|x64.ActiveCfg = Debug|x64
		{9D11BE41-4E67-4B5B-8839-95ACA3FEA87E}.Debug|x64.Build.0 = Debug|x64
		{9D11BE41-4E67-4B5B-8839-95ACA3FEA87E}.Debug|x86.ActiveCfg = Debug|x64
		{9D11BE41-4E67-4B5B-8839-95ACA3FEA87E}.NeDeconEngine_Debug|Any CPU.ActiveCfg = Release|x64
		{9D11BE41-4E67-4B5B-8839-95ACA3FEA87E}.NeDeconEngine_Debug|Any CPU.Build.0 = Release|x64
		{9D11BE41-4E67-4B5B-8839-95ACA3FEA87E}.NeDeconEngine_Debug|x64.ActiveCfg = Debug|x64
		{9D11BE41-4E67-4B5B-8839-95ACA3FEA87E}.NeDeconEngine_Debug|x64.Build.0 = Debug|x64
		{9D11BE41-4E67-4B5B-8839-95ACA3FEA87E}.NeDeconEngine_Debug|x86.ActiveCfg = Release|x64
		{9D11BE41-4E67-4B5B-8839-95ACA3FEA87E}.NeDeconEngine_Debug|x86.Build.0 = Release|x64
		{9D11BE41-4E67-4B5B-8839-95ACA3FEA87E}.NoDeconEngine_Debug|Any CPU.ActiveCfg = Release|x64
		{9D11BE41-4E67-4B5B-8839-95ACA3FEA87E}.NoDeconEngine_Debug|Any CPU.Build.0 = Release|x64
		{9D11BE41-4E67-4B5B-8839-95ACA3FEA87E}.NoDeconEngine_Debug|x64.ActiveCfg = NoDeconEngine_Release|x64
		{9D11BE41-4E67-4B5B-8839-95ACA3FEA87E}.NoDeconEngine_Debug|x64.Build.0 = NoDeconEngine_Release|x64
		{9D11BE41-4E67-4B5B-8839-95ACA3FEA87E}.NoDeconEngine_Debug|x86.ActiveCfg = Release|x64
		{9D11BE41-4E67-4B5B-8839-95ACA3FEA87E}.NoDeconEngine_Debug|x86.Build.0 = Release|x64
		{9D11BE41-4E67-4B5B-8839-95ACA3FEA87E}.NoDeconEngine_Release|Any CPU.ActiveCfg = NoDeconEngine_Release|x64
		{9D11BE41-4E67-4B5B-8839-95ACA3FEA87E}.NoDeconEngine_Release|x64.ActiveCfg = NoDeconEngine_Release|x64
		{9D11BE41-4E67-4B5B-8839-95ACA3FEA87E}.NoDeconEngine_Release|x64.Build.0 = NoDeconEngine_Release|x64
		{9D11BE41-4E67-4B5B-8839-95ACA3FEA87E}.NoDeconEngine_Release|x86.ActiveCfg = NoDeconEngine_Release|x64
		{9D11BE41-4E67-4B5B-8839-95ACA3FEA87E}.Release|Any CPU.ActiveCfg = Release|x64
		{9D11BE41-4E67-4B5B-8839-95ACA3FEA87E}.Release|x64.ActiveCfg = Release|x64
		{9D11BE41-4E67-4B5B-8839-95ACA3FEA87E}.Release|x64.Build.0 = Release|x64
		{9D11BE41-4E67-4B5B-8839-95ACA3FEA87E}.Release|x86.ActiveCfg = Release|x64
		{3041D403-9165-4018-8F83-FFBAA8528B79}.Debug DLLs|Any CPU.ActiveCfg = Release|x64
		{3041D403-9165-4018-8F83-FFBAA8528B79}.Debug DLLs|Any CPU.Build.0 = Release|x64
		{3041D403-9165-4018-8F83-FFBAA8528B79}.Debug DLLs|x64.ActiveCfg = Debug|x64
		{3041D403-9165-4018-8F83-FFBAA8528B79}.Debug DLLs|x64.Build.0 = Debug|x64
		{3041D403-9165-4018-8F83-FFBAA8528B79}.Debug DLLs|x86.ActiveCfg = Release|x64
		{3041D403-9165-4018-8F83-FFBAA8528B79}.Debug DLLs|x86.Build.0 = Release|x64
		{3041D403-9165-4018-8F83-FFBAA8528B79}.Debug|Any CPU.ActiveCfg = Debug|x64
		{3041D403-9165-4018-8F83-FFBAA8528B79}.Debug|x64.ActiveCfg = Debug|x64
		{3041D403-9165-4018-8F83-FFBAA8528B79}.Debug|x64.Build.0 = Debug|x64
		{3041D403-9165-4018-8F83-FFBAA8528B79}.Debug|x86.ActiveCfg = Debug|x64
		{3041D403-9165-4018-8F83-FFBAA8528B79}.NeDeconEngine_Debug|Any CPU.ActiveCfg = Release|x64
		{3041D403-9165-4018-8F83-FFBAA8528B79}.NeDeconEngine_Debug|Any CPU.Build.0 = Release|x64
		{3041D403-9165-4018-8F83-FFBAA8528B79}.NeDeconEngine_Debug|x64.ActiveCfg = Debug|x64
		{3041D403-9165-4018-8F83-FFBAA8528B79}.NeDeconEngine_Debug|x64.Build.0 = Debug|x64
		{3041D403-9165-4018-8F83-FFBAA8528B79}.NeDeconEngine_Debug|x86.ActiveCfg = Release|x64
		{3041D403-9165-4018-8F83-FFBAA8528B79}.NeDeconEngine_Debug|x86.Build.0 = Release|x64
		{3041D403-9165-4018-8F83-FFBAA8528B79}.NoDeconEngine_Debug|Any CPU.ActiveCfg = Release|x64
		{3041D403-9165-4018-8F83-FFBAA8528B79}.NoDeconEngine_Debug|Any CPU.Build.0 = Release|x64
		{3041D403-9165-4018-8F83-FFBAA8528B79}.NoDeconEngine_Debug|x64.ActiveCfg = NoDeconEngine_Release|x64
		{3041D403-9165-4018-8F83-FFBAA8528B79}.NoDeconEngine_Debug|x64.Build.0 = NoDeconEngine_Release|x64
		{3041D403-9165-4018-8F83-FFBAA8528B79}.NoDeconEngine_Debug|x86.ActiveCfg = Release|x64
		{3041D403-9165-4018-8F83-FFBAA8528B79}.NoDeconEngine_Debug|x86.Build.0 = Release|x64
		{3041D403-9165-4018-8F83-FFBAA8528B79}.NoDeconEngine_Release|Any CPU.ActiveCfg = NoDeconEngine_Release|x64
		{3041D403-9165-4018-8F83-FFBAA8528B79}.NoDeconEngine_Release|x64.ActiveCfg = NoDeconEngine_Release|x64
		{3041D403-9165-4018-8F83-FFBAA8528B79}.NoDeconEngine_Release|x64.Build.0 = NoDeconEngine_Release|x64
		{3041D403-9165-4018-8F83-FFBAA8528B79}.NoDeconEngine_Release|x86.ActiveCfg = NoDeconEngine_Release|x64
		{3041D403-9165-4018-8F83-FFBAA8528B79}.Release|Any CPU.ActiveCfg = Release|x64
		{3041D403-9165-4018-8F83-FFBAA8528B79}.Release|x64.ActiveCfg = Release|x64
		{3041D403-9165-4018-8F83-FFBAA8528B79}.Release|x64.Build.0 = Release|x64
		{3041D403-9165-4018-8F83-FFBAA8528B79}.Release|x86.ActiveCfg = Release|x64
		{A91C5900-6F9B-413C-BE42-C73C4FF7EFA5}.Debug DLLs|Any CPU.ActiveCfg = Release|x64
		{A91C5900-6F9B-413C-BE42-C73C4FF7EFA5}.Debug DLLs|Any CPU.Build.0 = Release|x64
		{A91C5900-6F9B-413C-BE42-C73C4FF7EFA5}.Debug DLLs|x64.ActiveCfg = Debug|x64
		{A91C5900-6F9B-413C-BE42-C73C4FF7EFA5}.Debug DLLs|x64.Build.0 = Debug|x64
		{A91C5900-6F9B-413C-BE42-C73C4FF7EFA5}.Debug DLLs|x86.ActiveCfg = Release|x64
		{A91C5900-6F9B-413C-BE42-C73C4FF7EFA5}.Debug DLLs|x86.Build.0 = Release|x64
		{A91C5900-6F9B-413C-BE42-C73C4FF7EFA5}.Debug|Any CPU.ActiveCfg = Debug|x64
		{A91C5900-6F9B-413C-BE42-C73C4FF7EFA5}.Debug|x64.ActiveCfg = Debug|x64
		{A91C5900-6F9B-413C-BE42-C73C4FF7EFA5}.Debug|x64.Build.0 = Debug|x64
		{A91C5900-6F9B-413C-BE42-C73C4FF7EFA5}.Debug|x86.ActiveCfg = Debug|x64
		{A91C5900-6F9B-413C-BE42-C73C4FF7EFA5}.NeDeconEngine_Debug|Any CPU.ActiveCfg = Release|x64
		{A91C5900-6F9B-413C-BE42-C73C4FF7EFA5}.NeDeconEngine_Debug|Any CPU.Build.0 = Release|x64
		{A91C5900-6F9B-413C-BE42-C73C4FF7EFA5}.NeDeconEngine_Debug|x64.ActiveCfg = Debug|x64
		{A91C5900-6F9B-413C-BE42-C73C4FF7EFA5}.NeDeconEngine_Debug|x64.Build.0 = Debug|x64
		{A91C5900-6F9B-413C-BE42-C73C4FF7EFA5}.NeDeconEngine_Debug|x86.ActiveCfg = Release|x64
		{A91C5900-6F9B-413C-BE42-C73C4FF7EFA5}.NeDeconEngine_Debug|x86.Build.0 = Release|x64
		{A91C5900-6F9B-413C-BE42-C73C4FF7EFA5}.NoDeconEngine_Debug|Any CPU.ActiveCfg = Release|x64
		{A91C5900-6F9B-413C-BE42-C73C4FF7EFA5}.NoDeconEngine_Debug|Any CPU.Build.0 = Release|x64
		{A91C5900-6F9B-413C-BE42-C73C4FF7EFA5}.NoDeconEngine_Debug|x64.ActiveCfg = NoDeconEngine_Release|x64
		{A91C5900-6F9B-413C-BE42-C73C4FF7EFA5}.NoDeconEngine_Debug|x64.Build.0 = NoDeconEngine_Release|x64
		{A91C5900-6F9B-413C-BE42-C73C4FF7EFA5}.NoDeconEngine_Debug|x86.ActiveCfg = Release|x64
		{A91C5900-6F9B-413C-BE42-C73C4FF7EFA5}.NoDeconEngine_Debug|x86.Build.0 = Release|x64
		{A91C5900-6F9B-413C-BE42-C73C4FF7EFA5}.NoDeconEngine_Release|Any CPU.ActiveCfg = NoDeconEngine_Release|x64
		{A91C5900-6F9B-413C-BE42-C73C4FF7EFA5}.NoDeconEngine_Release|x64.ActiveCfg = NoDeconEngine_Release|x64
		{A91C5900-6F9B-413C-BE42-C73C4FF7EFA5}.NoDeconEngine_Release|x64.Build.0 = NoDeconEngine_Release|x64
		{A91C5900-6F9B-413C-BE42-C73C4FF7EFA5}.NoDeconEngine_Release|x86.ActiveCfg = NoDeconEngine_Release|x64
		{A91C5900-6F9B-413C-BE42-C73C4FF7EFA5}.Release|Any CPU.ActiveCfg = Release|x64
		{A91C5900-6F9B-413C-BE42-C73C4FF7EFA5}.Release|x64.ActiveCfg = Release|x64
		{A91C5900-6F9B-413C-BE42-C73C4FF7EFA5}.Release|x64.Build.0 = Release|x64
		{A91C5900-6F9B-413C-BE42-C73C4FF7EFA5}.Release|x86.ActiveCfg = Release|x64
		{BBDDF8AA-5E55-44A8-879F-BB6108503845}.Debug DLLs|Any CPU.ActiveCfg = Release|x64
		{BBDDF8AA-5E55-44A8-879F-BB6108503845}.Debug DLLs|Any CPU.Build.0 = Release|x64
		{BBDDF8AA-5E55-44A8-879F-BB6108503845}.Debug DLLs|x64.ActiveCfg = Debug|x64
		{BBDDF8AA-5E55-44A8-879F-BB6108503845}.Debug DLLs|x64.Build.0 = Debug|x64
		{BBDDF8AA-5E55-44A8-879F-BB6108503845}.Debug DLLs|x86.ActiveCfg = Release|x64
		{BBDDF8AA-5E55-44A8-879F-BB6108503845}.Debug DLLs|x86.Build.0 = Release|x64
		{BBDDF8AA-5E55-44A8-879F-BB6108503845}.Debug|Any CPU.ActiveCfg = Debug|x64
		{BBDDF8AA-5E55-44A8-879F-BB6108503845}.Debug|x64.ActiveCfg = Debug|x64
		{BBDDF8AA-5E55-44A8-879F-BB6108503845}.Debug|x64.Build.0 = Debug|x64
		{BBDDF8AA-5E55-44A8-879F-BB6108503845}.Debug|x86.ActiveCfg = Debug|x64
		{BBDDF8AA-5E55-44A8-879F-BB6108503845}.NeDeconEngine_Debug|Any CPU.ActiveCfg = Release|x64
		{BBDDF8AA-5E55-44A8-879F-BB6108503845}.NeDeconEngine_Debug|Any CPU.Build.0 = Release|x64
		{BBDDF8AA-5E55-44A8-879F-BB6108503845}.NeDeconEngine_Debug|x64.ActiveCfg = Debug|x64
		{BBDDF8AA-5E55-44A8-879F-BB6108503845}.NeDeconEngine_Debug|x64.Build.0 = Debug|x64
		{BBDDF8AA-5E55-44A8-879F-BB6108503845}.NeDeconEngine_Debug|x86.ActiveCfg = Release|x64
		{BBDDF8AA-5E55-44A8-879F-BB6108503845}.NeDeconEngine_Debug|x86.Build.0 = Release|x64
		{BBDDF8AA-5E55-44A8-879F-BB6108503845}.NoDeconEngine_Debug|Any CPU.ActiveCfg = Release|x64
		{BBDDF8AA-5E55-44A8-879F-BB6108503845}.NoDeconEngine_Debug|Any CPU.Build.0 = Release|x64
		{BBDDF8AA-5E55-44A8-879F-BB6108503845}.NoDeconEngine_Debug|x64.ActiveCfg = NoDeconEngine_Release|x64
		{BBDDF8AA-5E55-44A8-879F-BB6108503845}.NoDeconEngine_Debug|x64.Build.0 = NoDeconEngine_Release|x64
		{BBDDF8AA-5E55-44A8-879F-BB6108503845}.NoDeconEngine_Debug|x86.ActiveCfg = Release|x64
		{BBDDF8AA-5E55-44A8-879F-BB6108503845}.NoDeconEngine_Debug|x86.Build.0 = Release|x64
		{BBDDF8AA-5E55-44A8-879F-BB6108503845}.NoDeconEngine_Release|Any CPU.ActiveCfg = NoDeconEngine_Release|x64
		{BBDDF8AA-5E55-44A8-879F-BB6108503845}.NoDeconEngine_Release|x64.ActiveCfg = NoDeconEngine_Release|x64
		{BBDDF8AA-5E55-44A8-879F-BB6108503845}.NoDeconEngine_Release|x64.Build.0 = NoDeconEngine_Release|x64
		{BBDDF8AA-5E55-44A8-879F-BB6108503845}.NoDeconEngine_Release|x86.ActiveCfg = NoDeconEngine_Release|x64
		{BBDDF8AA-5E55-44A8-879F-BB6108503845}.Release|Any CPU.ActiveCfg = Release|x64
		{BBDDF8AA-5E55-44A8-879F-BB6108503845}.Release|x64.ActiveCfg = Release|x64
		{BBDDF8AA-5E55-44A8-879F-BB6108503845}.Release|x64.Build.0 = Release|x64
		{BBDDF8AA-5E55-44A8-879F-BB6108503845}.Release|x86.ActiveCfg = Release|x64
	EndGlobalSection
	GlobalSection(SolutionProperties) = preSolution
		HideSolutionNode = FALSE
	EndGlobalSection
	GlobalSection(ExtensibilityGlobals) = postSolution
		SolutionGuid = {7C3B15C8-8AB8-420F-8A7C-9856FC232946}
	EndGlobalSection
EndGlobal
