<?xml version="1.0" encoding="utf-8"?>
<Project ToolsVersion="4.0" xmlns="http://schemas.microsoft.com/developer/msbuild/2003">
  <ItemGroup>
    <Filter Include="Header Files">
      <UniqueIdentifier>{93995380-89BD-4b04-88EB-625FBE52EBFB}</UniqueIdentifier>
      <Extensions>h;hpp;hxx;hm;inl;inc;xsd</Extensions>
    </Filter>
    <Filter Include="Resource Files">
      <UniqueIdentifier>{67DA6AB6-F800-4c08-8B7A-83BB121AAD01}</UniqueIdentifier>
      <Extensions>rc;ico;cur;bmp;dlg;rc2;rct;bin;rgs;gif;jpg;jpeg;jpe;resx</Extensions>
    </Filter>
    <Filter Include="Source Files">
      <UniqueIdentifier>{4FC737F1-C7A5-4376-A066-2A32D752A2FF}</UniqueIdentifier>
      <Extensions>cpp;c;cc;cxx;def;odl;idl;hpj;bat;asm;asmx</Extensions>
    </Filter>
  </ItemGroup>
  <ItemGroup>
    <ClInclude Include="utility\proteome\AminoAcid.hpp">
      <Filter>Header Files</Filter>
    </ClInclude>
    <ClInclude Include="pwiz\utility\proteome\AminoAcid.hpp">
      <Filter>Header Files</Filter>
    </ClInclude>
    <ClInclude Include="pwiz\utility\proteome\auto_vector.h">
      <Filter>Header Files</Filter>
    </ClInclude>
    <ClInclude Include="utility\proteome\auto_vector.h">
      <Filter>Header Files</Filter>
    </ClInclude>
    <ClInclude Include="utility\misc\Base64.hpp">
      <Filter>Header Files</Filter>
    </ClInclude>
    <ClInclude Include="pwiz\utility\misc\Base64.hpp">
      <Filter>Header Files</Filter>
    </ClInclude>
    <ClInclude Include="data\msdata\BinaryDataEncoder.hpp">
      <Filter>Header Files</Filter>
    </ClInclude>
    <ClInclude Include="pwiz\data\msdata\BinaryDataEncoder.hpp">
      <Filter>Header Files</Filter>
    </ClInclude>
    <ClInclude Include="pwiz\data\misc\CalibrationParameters.hpp">
      <Filter>Header Files</Filter>
    </ClInclude>
    <ClInclude Include="data\misc\CalibrationParameters.hpp">
      <Filter>Header Files</Filter>
    </ClInclude>
    <ClInclude Include="utility\proteome\Chemistry.hpp">
      <Filter>Header Files</Filter>
    </ClInclude>
    <ClInclude Include="pwiz\utility\proteome\Chemistry.hpp">
      <Filter>Header Files</Filter>
    </ClInclude>
    <ClInclude Include="pwiz\utility\proteome\ChemistryData.hpp">
      <Filter>Header Files</Filter>
    </ClInclude>
    <ClInclude Include="utility\proteome\ChemistryData.hpp">
      <Filter>Header Files</Filter>
    </ClInclude>
    <ClInclude Include="data\msdata\ChromatogramList_mzML.hpp">
      <Filter>Header Files</Filter>
    </ClInclude>
    <ClInclude Include="pwiz\data\msdata\ChromatogramList_mzML.hpp">
      <Filter>Header Files</Filter>
    </ClInclude>
    <ClInclude Include="pwiz\utility\bindings\CLI\ChromatogramList_SavitzkyGolaySmoother.hpp">
      <Filter>Header Files</Filter>
    </ClInclude>
    <ClInclude Include="data\vendor_readers\ChromatogramList_Thermo.hpp">
      <Filter>Header Files</Filter>
    </ClInclude>
    <ClInclude Include="pwiz\data\vendor_readers\ChromatogramList_Thermo.hpp">
      <Filter>Header Files</Filter>
    </ClInclude>
    <ClInclude Include="pwiz\utility\misc\Container.hpp">
      <Filter>Header Files</Filter>
    </ClInclude>
    <ClInclude Include="utility\misc\Container.hpp">
      <Filter>Header Files</Filter>
    </ClInclude>
    <ClInclude Include="build\data\msdata\msvc-8.0\release\link-static\threading-multi\cv.hpp">
      <Filter>Header Files</Filter>
    </ClInclude>
    <ClInclude Include="utility\bindings\CLI\cv.hpp">
      <Filter>Header Files</Filter>
    </ClInclude>
    <ClInclude Include="pwiz\utility\bindings\CLI\cv.hpp">
      <Filter>Header Files</Filter>
    </ClInclude>
    <ClInclude Include="data\msdata\cv.hpp">
      <Filter>Header Files</Filter>
    </ClInclude>
    <ClInclude Include="pwiz\data\msdata\cv.hpp">
      <Filter>Header Files</Filter>
    </ClInclude>
    <ClInclude Include="pwiz\data\msdata\CVParam.hpp">
      <Filter>Header Files</Filter>
    </ClInclude>
    <ClInclude Include="utility\bindings\CLI\CVParam.hpp">
      <Filter>Header Files</Filter>
    </ClInclude>
    <ClInclude Include="pwiz\utility\bindings\CLI\CVParam.hpp">
      <Filter>Header Files</Filter>
    </ClInclude>
    <ClInclude Include="data\msdata\CVParam.hpp">
      <Filter>Header Files</Filter>
    </ClInclude>
    <ClInclude Include="pwiz\data\msdata\CVTranslator.hpp">
      <Filter>Header Files</Filter>
    </ClInclude>
    <ClInclude Include="data\msdata\CVTranslator.hpp">
      <Filter>Header Files</Filter>
    </ClInclude>
    <ClInclude Include="pwiz_aux\isb\readers\waters\dacserver_4-1.h">
      <Filter>Header Files</Filter>
    </ClInclude>
    <ClInclude Include="pwiz\data\msdata\DefaultReaderList.hpp">
      <Filter>Header Files</Filter>
    </ClInclude>
    <ClInclude Include="data\msdata\DefaultReaderList.hpp">
      <Filter>Header Files</Filter>
    </ClInclude>
    <ClInclude Include="analysis\frequency\DerivativeTest.hpp">
      <Filter>Header Files</Filter>
    </ClInclude>
    <ClInclude Include="pwiz\analysis\frequency\DerivativeTest.hpp">
      <Filter>Header Files</Filter>
    </ClInclude>
    <ClInclude Include="pwiz\data\msdata\Diff.hpp">
      <Filter>Header Files</Filter>
    </ClInclude>
    <ClInclude Include="data\msdata\Diff.hpp">
      <Filter>Header Files</Filter>
    </ClInclude>
    <ClInclude Include="pwiz\utility\misc\endian.hpp">
      <Filter>Header Files</Filter>
    </ClInclude>
    <ClInclude Include="utility\misc\endian.hpp">
      <Filter>Header Files</Filter>
    </ClInclude>
    <ClInclude Include="pwiz\utility\math\erf.hpp">
      <Filter>Header Files</Filter>
    </ClInclude>
    <ClInclude Include="utility\math\erf.hpp">
      <Filter>Header Files</Filter>
    </ClInclude>
    <ClInclude Include="pwiz\data\msdata\examples.hpp">
      <Filter>Header Files</Filter>
    </ClInclude>
    <ClInclude Include="data\msdata\examples.hpp">
      <Filter>Header Files</Filter>
    </ClInclude>
    <ClInclude Include="pwiz\utility\bindings\CLI\examples.hpp">
      <Filter>Header Files</Filter>
    </ClInclude>
    <ClInclude Include="utility\bindings\CLI\examples.hpp">
      <Filter>Header Files</Filter>
    </ClInclude>
    <ClInclude Include="pwiz\utility\misc\Exception.hpp">
      <Filter>Header Files</Filter>
    </ClInclude>
    <ClInclude Include="utility\misc\Exception.hpp">
      <Filter>Header Files</Filter>
    </ClInclude>
    <ClInclude Include="utility\misc\Export.hpp">
      <Filter>Header Files</Filter>
    </ClInclude>
    <ClInclude Include="pwiz\utility\misc\Export.hpp">
      <Filter>Header Files</Filter>
    </ClInclude>
    <ClInclude Include="pwiz\data\vendor_readers\ExtendedReaderList.hpp">
      <Filter>Header Files</Filter>
    </ClInclude>
    <ClInclude Include="data\vendor_readers\ExtendedReaderList.hpp">
      <Filter>Header Files</Filter>
    </ClInclude>
    <ClInclude Include="utility\misc\Filesystem.hpp">
      <Filter>Header Files</Filter>
    </ClInclude>
    <ClInclude Include="pwiz\utility\misc\Filesystem.hpp">
      <Filter>Header Files</Filter>
    </ClInclude>
    <ClInclude Include="pwiz\data\misc\FrequencyData.hpp">
      <Filter>Header Files</Filter>
    </ClInclude>
    <ClInclude Include="data\misc\FrequencyData.hpp">
      <Filter>Header Files</Filter>
    </ClInclude>
    <ClInclude Include="pwiz\data\misc\FrequencyDataTestData.hpp">
      <Filter>Header Files</Filter>
    </ClInclude>
    <ClInclude Include="analysis\frequency\FrequencyEstimator.hpp">
      <Filter>Header Files</Filter>
    </ClInclude>
    <ClInclude Include="pwiz\analysis\frequency\FrequencyEstimator.hpp">
      <Filter>Header Files</Filter>
    </ClInclude>
    <ClInclude Include="analysis\frequency\FrequencyEstimatorPhysicalModel.hpp">
      <Filter>Header Files</Filter>
    </ClInclude>
    <ClInclude Include="pwiz\analysis\frequency\FrequencyEstimatorPhysicalModel.hpp">
      <Filter>Header Files</Filter>
    </ClInclude>
    <ClInclude Include="pwiz\analysis\frequency\FrequencyEstimatorSimple.hpp">
      <Filter>Header Files</Filter>
    </ClInclude>
    <ClInclude Include="analysis\frequency\FrequencyEstimatorSimple.hpp">
      <Filter>Header Files</Filter>
    </ClInclude>
    <ClInclude Include="pwiz\utility\math\HouseholderQR.hpp">
      <Filter>Header Files</Filter>
    </ClInclude>
    <ClInclude Include="utility\math\HouseholderQR.hpp">
      <Filter>Header Files</Filter>
    </ClInclude>
    <ClInclude Include="pwiz\utility\misc\Image.hpp">
      <Filter>Header Files</Filter>
    </ClInclude>
    <ClInclude Include="utility\misc\Image.hpp">
      <Filter>Header Files</Filter>
    </ClInclude>
    <ClInclude Include="pwiz\utility\misc\IntegerSet.hpp">
      <Filter>Header Files</Filter>
    </ClInclude>
    <ClInclude Include="utility\misc\IntegerSet.hpp">
      <Filter>Header Files</Filter>
    </ClInclude>
    <ClInclude Include="data\msdata\IO.hpp">
      <Filter>Header Files</Filter>
    </ClInclude>
    <ClInclude Include="pwiz\data\msdata\IO.hpp">
      <Filter>Header Files</Filter>
    </ClInclude>
    <ClInclude Include="utility\proteome\Ion.hpp">
      <Filter>Header Files</Filter>
    </ClInclude>
    <ClInclude Include="pwiz\utility\proteome\Ion.hpp">
      <Filter>Header Files</Filter>
    </ClInclude>
    <ClInclude Include="pwiz\utility\proteome\IPIFASTADatabase.hpp">
      <Filter>Header Files</Filter>
    </ClInclude>
    <ClInclude Include="utility\proteome\IPIFASTADatabase.hpp">
      <Filter>Header Files</Filter>
    </ClInclude>
    <ClInclude Include="utility\proteome\IsotopeCalculator.hpp">
      <Filter>Header Files</Filter>
    </ClInclude>
    <ClInclude Include="pwiz\utility\proteome\IsotopeCalculator.hpp">
      <Filter>Header Files</Filter>
    </ClInclude>
    <ClInclude Include="pwiz\utility\proteome\IsotopeEnvelopeEstimator.hpp">
      <Filter>Header Files</Filter>
    </ClInclude>
    <ClInclude Include="utility\proteome\IsotopeEnvelopeEstimator.hpp">
      <Filter>Header Files</Filter>
    </ClInclude>
    <ClInclude Include="utility\proteome\IsotopeTable.hpp">
      <Filter>Header Files</Filter>
    </ClInclude>
    <ClInclude Include="pwiz\utility\proteome\IsotopeTable.hpp">
      <Filter>Header Files</Filter>
    </ClInclude>
    <ClInclude Include="data\msdata\LegacyAdapter.hpp">
      <Filter>Header Files</Filter>
    </ClInclude>
    <ClInclude Include="pwiz\data\msdata\LegacyAdapter.hpp">
      <Filter>Header Files</Filter>
    </ClInclude>
    <ClInclude Include="pwiz\utility\math\LinearLeastSquares.hpp">
      <Filter>Header Files</Filter>
    </ClInclude>
    <ClInclude Include="utility\math\LinearLeastSquares.hpp">
      <Filter>Header Files</Filter>
    </ClInclude>
    <ClInclude Include="pwiz\utility\math\LinearSolver.hpp">
      <Filter>Header Files</Filter>
    </ClInclude>
    <ClInclude Include="utility\math\LinearSolver.hpp">
      <Filter>Header Files</Filter>
    </ClInclude>
    <ClInclude Include="analysis\frequency\MagnitudeLorentzian.hpp">
      <Filter>Header Files</Filter>
    </ClInclude>
    <ClInclude Include="pwiz\analysis\frequency\MagnitudeLorentzian.hpp">
      <Filter>Header Files</Filter>
    </ClInclude>
    <ClInclude Include="pwiz\analysis\frequency\MagnitudeLorentzianTestData.hpp">
      <Filter>Header Files</Filter>
    </ClInclude>
    <ClInclude Include="pwiz_aux\isb\readers\waters\MassLynxInterface.h">
      <Filter>Header Files</Filter>
    </ClInclude>
    <ClInclude Include="utility\math\MatchedFilter.hpp">
      <Filter>Header Files</Filter>
    </ClInclude>
    <ClInclude Include="pwiz\utility\math\MatchedFilter.hpp">
      <Filter>Header Files</Filter>
    </ClInclude>
    <ClInclude Include="pwiz\analysis\passive\MetadataReporter.hpp">
      <Filter>Header Files</Filter>
    </ClInclude>
    <ClInclude Include="analysis\passive\MetadataReporter.hpp">
      <Filter>Header Files</Filter>
    </ClInclude>
    <ClInclude Include="data\msdata\MSData.hpp">
      <Filter>Header Files</Filter>
    </ClInclude>
    <ClInclude Include="utility\bindings\CLI\MSData.hpp">
      <Filter>Header Files</Filter>
    </ClInclude>
    <ClInclude Include="pwiz\data\msdata\MSData.hpp">
      <Filter>Header Files</Filter>
    </ClInclude>
    <ClInclude Include="pwiz\utility\bindings\CLI\MSData.hpp">
      <Filter>Header Files</Filter>
    </ClInclude>
    <ClInclude Include="analysis\passive\MSDataAnalyzer.hpp">
      <Filter>Header Files</Filter>
    </ClInclude>
    <ClInclude Include="pwiz\analysis\passive\MSDataAnalyzer.hpp">
      <Filter>Header Files</Filter>
    </ClInclude>
    <ClInclude Include="pwiz\analysis\passive\MSDataAnalyzerApplication.hpp">
      <Filter>Header Files</Filter>
    </ClInclude>
    <ClInclude Include="analysis\passive\MSDataAnalyzerApplication.hpp">
      <Filter>Header Files</Filter>
    </ClInclude>
    <ClInclude Include="analysis\passive\MSDataCache.hpp">
      <Filter>Header Files</Filter>
    </ClInclude>
    <ClInclude Include="pwiz\analysis\passive\MSDataCache.hpp">
      <Filter>Header Files</Filter>
    </ClInclude>
    <ClInclude Include="data\msdata\MSDataFile.hpp">
      <Filter>Header Files</Filter>
    </ClInclude>
    <ClInclude Include="pwiz\data\msdata\MSDataFile.hpp">
      <Filter>Header Files</Filter>
    </ClInclude>
    <ClInclude Include="utility\bindings\CLI\MSDataFile.hpp">
      <Filter>Header Files</Filter>
    </ClInclude>
    <ClInclude Include="pwiz\utility\bindings\CLI\MSDataFile.hpp">
      <Filter>Header Files</Filter>
    </ClInclude>
    <ClInclude Include="pwiz\utility\math\mt19937ar.h">
      <Filter>Header Files</Filter>
    </ClInclude>
    <ClInclude Include="pwiz\data\msdata\obo.hpp">
      <Filter>Header Files</Filter>
    </ClInclude>
    <ClInclude Include="data\msdata\obo.hpp">
      <Filter>Header Files</Filter>
    </ClInclude>
    <ClInclude Include="pwiz\utility\misc\optimized_lexical_cast.hpp">
      <Filter>Header Files</Filter>
    </ClInclude>
    <ClInclude Include="utility\misc\optimized_lexical_cast.hpp">
      <Filter>Header Files</Filter>
    </ClInclude>
    <ClInclude Include="utility\math\Parabola.hpp">
      <Filter>Header Files</Filter>
    </ClInclude>
    <ClInclude Include="pwiz\utility\math\Parabola.hpp">
      <Filter>Header Files</Filter>
    </ClInclude>
    <ClInclude Include="pwiz\analysis\frequency\ParameterEstimator.hpp">
      <Filter>Header Files</Filter>
    </ClInclude>
    <ClInclude Include="analysis\frequency\ParameterEstimator.hpp">
      <Filter>Header Files</Filter>
    </ClInclude>
    <ClInclude Include="analysis\frequency\ParametrizedFunction.hpp">
      <Filter>Header Files</Filter>
    </ClInclude>
    <ClInclude Include="pwiz\analysis\frequency\ParametrizedFunction.hpp">
      <Filter>Header Files</Filter>
    </ClInclude>
    <ClInclude Include="pwiz\data\misc\PeakData.hpp">
      <Filter>Header Files</Filter>
    </ClInclude>
    <ClInclude Include="data\misc\PeakData.hpp">
      <Filter>Header Files</Filter>
    </ClInclude>
    <ClInclude Include="analysis\peakdetect\PeakDetector.hpp">
      <Filter>Header Files</Filter>
    </ClInclude>
    <ClInclude Include="pwiz\analysis\frequency\PeakDetector.hpp">
      <Filter>Header Files</Filter>
    </ClInclude>
    <ClInclude Include="analysis\frequency\PeakDetector.hpp">
      <Filter>Header Files</Filter>
    </ClInclude>
    <ClInclude Include="pwiz\analysis\peakdetect\PeakDetector.hpp">
      <Filter>Header Files</Filter>
    </ClInclude>
    <ClInclude Include="pwiz\analysis\frequency\PeakDetectorMatchedFilter.hpp">
      <Filter>Header Files</Filter>
    </ClInclude>
    <ClInclude Include="analysis\frequency\PeakDetectorMatchedFilter.hpp">
      <Filter>Header Files</Filter>
    </ClInclude>
    <ClInclude Include="pwiz\analysis\frequency\PeakDetectorMatchedFilterTestData.hpp">
      <Filter>Header Files</Filter>
    </ClInclude>
    <ClInclude Include="analysis\frequency\PeakDetectorNaive.hpp">
      <Filter>Header Files</Filter>
    </ClInclude>
    <ClInclude Include="pwiz\analysis\frequency\PeakDetectorNaive.hpp">
      <Filter>Header Files</Filter>
    </ClInclude>
    <ClInclude Include="analysis\peakdetect\PeakFamilyDetector.hpp">
      <Filter>Header Files</Filter>
    </ClInclude>
    <ClInclude Include="pwiz\analysis\peakdetect\PeakFamilyDetector.hpp">
      <Filter>Header Files</Filter>
    </ClInclude>
    <ClInclude Include="analysis\peakdetect\PeakFamilyDetectorFT.hpp">
      <Filter>Header Files</Filter>
    </ClInclude>
    <ClInclude Include="pwiz\analysis\peakdetect\PeakFamilyDetectorFT.hpp">
      <Filter>Header Files</Filter>
    </ClInclude>
    <ClInclude Include="utility\proteome\Peptide.hpp">
      <Filter>Header Files</Filter>
    </ClInclude>
    <ClInclude Include="pwiz\utility\proteome\Peptide.hpp">
      <Filter>Header Files</Filter>
    </ClInclude>
    <ClInclude Include="utility\proteome\PeptideDatabase.hpp">
      <Filter>Header Files</Filter>
    </ClInclude>
    <ClInclude Include="pwiz\utility\proteome\PeptideDatabase.hpp">
      <Filter>Header Files</Filter>
    </ClInclude>
    <ClInclude Include="pwiz\analysis\peptideid\PeptideID.hpp">
      <Filter>Header Files</Filter>
    </ClInclude>
    <ClInclude Include="analysis\peptideid\PeptideID.hpp">
      <Filter>Header Files</Filter>
    </ClInclude>
    <ClInclude Include="pwiz\analysis\peptideid\PeptideID_pepXML.hpp">
      <Filter>Header Files</Filter>
    </ClInclude>
    <ClInclude Include="analysis\peptideid\PeptideID_pepXML.hpp">
      <Filter>Header Files</Filter>
    </ClInclude>
    <ClInclude Include="pwiz\analysis\peptideid\PeptideIDMap.hpp">
      <Filter>Header Files</Filter>
    </ClInclude>
    <ClInclude Include="analysis\peptideid\PeptideIDMap.hpp">
      <Filter>Header Files</Filter>
    </ClInclude>
    <ClInclude Include="pwiz\analysis\spectrum_processing\PrecursorRecalculator.hpp">
      <Filter>Header Files</Filter>
    </ClInclude>
    <ClInclude Include="pwiz\analysis\spectrum_processing\PrecursorRecalculatorDefault.hpp">
      <Filter>Header Files</Filter>
    </ClInclude>
    <ClInclude Include="pwiz\analysis\passive\Pseudo2DGel.hpp">
      <Filter>Header Files</Filter>
    </ClInclude>
    <ClInclude Include="analysis\passive\Pseudo2DGel.hpp">
      <Filter>Header Files</Filter>
    </ClInclude>
    <ClInclude Include="pwiz\utility\math\qr.hpp">
      <Filter>Header Files</Filter>
    </ClInclude>
    <ClInclude Include="utility\math\qr.hpp">
      <Filter>Header Files</Filter>
    </ClInclude>
    <ClInclude Include="data\msdata\ramp\ramp.h">
      <Filter>Header Files</Filter>
    </ClInclude>
    <ClInclude Include="pwiz\data\msdata\ramp\ramp.h">
      <Filter>Header Files</Filter>
    </ClInclude>
    <ClInclude Include="pwiz\data\msdata\RAMPAdapter.hpp">
      <Filter>Header Files</Filter>
    </ClInclude>
    <ClInclude Include="data\msdata\RAMPAdapter.hpp">
      <Filter>Header Files</Filter>
    </ClInclude>
    <ClInclude Include="pwiz\utility\math\Random.hpp">
      <Filter>Header Files</Filter>
    </ClInclude>
    <ClInclude Include="pwiz\utility\misc\random_access_compressed_ifstream.hpp">
      <Filter>Header Files</Filter>
    </ClInclude>
    <ClInclude Include="utility\vendor_api\thermo\RawFile.h">
      <Filter>Header Files</Filter>
    </ClInclude>
    <ClInclude Include="pwiz\utility\vendor_api\thermo\RawFile.h">
      <Filter>Header Files</Filter>
    </ClInclude>
    <ClInclude Include="pwiz\utility\vendor_api\thermo\RawFileCOM.h">
      <Filter>Header Files</Filter>
    </ClInclude>
    <ClInclude Include="utility\vendor_api\thermo\RawFileCOM.h">
      <Filter>Header Files</Filter>
    </ClInclude>
    <ClInclude Include="utility\vendor_api\thermo\RawFileTypes.h">
      <Filter>Header Files</Filter>
    </ClInclude>
    <ClInclude Include="pwiz\utility\vendor_api\thermo\RawFileTypes.h">
      <Filter>Header Files</Filter>
    </ClInclude>
    <ClInclude Include="pwiz\utility\vendor_api\thermo\RawFileValues.h">
      <Filter>Header Files</Filter>
    </ClInclude>
    <ClInclude Include="utility\vendor_api\thermo\RawFileValues.h">
      <Filter>Header Files</Filter>
    </ClInclude>
    <ClInclude Include="utility\bindings\CLI\Reader.hpp">
      <Filter>Header Files</Filter>
    </ClInclude>
    <ClInclude Include="pwiz\data\msdata\Reader.hpp">
      <Filter>Header Files</Filter>
    </ClInclude>
    <ClInclude Include="pwiz\utility\bindings\CLI\Reader.hpp">
      <Filter>Header Files</Filter>
    </ClInclude>
    <ClInclude Include="data\msdata\Reader.hpp">
      <Filter>Header Files</Filter>
    </ClInclude>
    <ClInclude Include="pwiz\data\vendor_readers\Reader_Thermo.hpp">
      <Filter>Header Files</Filter>
    </ClInclude>
    <ClInclude Include="data\vendor_readers\Reader_Thermo.hpp">
      <Filter>Header Files</Filter>
    </ClInclude>
    <ClInclude Include="data\vendor_readers\Reader_Thermo_Detail.hpp">
      <Filter>Header Files</Filter>
    </ClInclude>
    <ClInclude Include="pwiz\data\vendor_readers\Reader_Thermo_Detail.hpp">
      <Filter>Header Files</Filter>
    </ClInclude>
    <ClInclude Include="pwiz_aux\isb\readers\waters\Reader_Waters.hpp">
      <Filter>Header Files</Filter>
    </ClInclude>
    <ClInclude Include="pwiz_aux\isb\readers\waters\Reader_Waters_Detail.hpp">
      <Filter>Header Files</Filter>
    </ClInclude>
    <ClInclude Include="data\msdata\References.hpp">
      <Filter>Header Files</Filter>
    </ClInclude>
    <ClInclude Include="pwiz\data\msdata\References.hpp">
      <Filter>Header Files</Filter>
    </ClInclude>
    <ClInclude Include="analysis\passive\RegionAnalyzer.hpp">
      <Filter>Header Files</Filter>
    </ClInclude>
    <ClInclude Include="pwiz\analysis\passive\RegionAnalyzer.hpp">
      <Filter>Header Files</Filter>
    </ClInclude>
    <ClInclude Include="pwiz\analysis\passive\RegionSIC.hpp">
      <Filter>Header Files</Filter>
    </ClInclude>
    <ClInclude Include="analysis\passive\RegionSIC.hpp">
      <Filter>Header Files</Filter>
    </ClInclude>
    <ClInclude Include="analysis\passive\RegionSlice.hpp">
      <Filter>Header Files</Filter>
    </ClInclude>
    <ClInclude Include="pwiz\analysis\passive\RegionSlice.hpp">
      <Filter>Header Files</Filter>
    </ClInclude>
    <ClInclude Include="pwiz\analysis\passive\RegionTIC.hpp">
      <Filter>Header Files</Filter>
    </ClInclude>
    <ClInclude Include="analysis\passive\RegionTIC.hpp">
      <Filter>Header Files</Filter>
    </ClInclude>
    <ClInclude Include="utility\math\round.hpp">
      <Filter>Header Files</Filter>
    </ClInclude>
    <ClInclude Include="pwiz\utility\math\round.hpp">
      <Filter>Header Files</Filter>
    </ClInclude>
    <ClInclude Include="data\misc\SampleDatum.hpp">
      <Filter>Header Files</Filter>
    </ClInclude>
    <ClInclude Include="pwiz\data\misc\SampleDatum.hpp">
      <Filter>Header Files</Filter>
    </ClInclude>
    <ClInclude Include="pwiz\analysis\spectrum_processing\SavitzkyGolaySmoother.hpp">
      <Filter>Header Files</Filter>
    </ClInclude>
    <ClInclude Include="analysis\spectrum_processing\SavitzkyGolaySmoother.hpp">
      <Filter>Header Files</Filter>
    </ClInclude>
    <ClInclude Include="pwiz\utility\minimxml\SAXParser.hpp">
      <Filter>Header Files</Filter>
    </ClInclude>
    <ClInclude Include="utility\minimxml\SAXParser.hpp">
      <Filter>Header Files</Filter>
    </ClInclude>
    <ClInclude Include="utility\vendor_api\thermo\ScanFilter.h">
      <Filter>Header Files</Filter>
    </ClInclude>
    <ClInclude Include="pwiz\utility\vendor_api\thermo\ScanFilter.h">
      <Filter>Header Files</Filter>
    </ClInclude>
    <ClInclude Include="pwiz\data\misc\scoped_array.hpp">
      <Filter>Header Files</Filter>
    </ClInclude>
    <ClInclude Include="data\misc\scoped_array.hpp">
      <Filter>Header Files</Filter>
    </ClInclude>
    <ClInclude Include="data\msdata\Serializer_mzML.hpp">
      <Filter>Header Files</Filter>
    </ClInclude>
    <ClInclude Include="pwiz\data\msdata\Serializer_mzML.hpp">
      <Filter>Header Files</Filter>
    </ClInclude>
    <ClInclude Include="data\msdata\Serializer_mzXML.hpp">
      <Filter>Header Files</Filter>
    </ClInclude>
    <ClInclude Include="pwiz\data\msdata\Serializer_mzXML.hpp">
      <Filter>Header Files</Filter>
    </ClInclude>
    <ClInclude Include="pwiz\utility\misc\SHA1.h">
      <Filter>Header Files</Filter>
    </ClInclude>
    <ClInclude Include="utility\misc\SHA1.h">
      <Filter>Header Files</Filter>
    </ClInclude>
    <ClInclude Include="utility\misc\SHA1_ostream.hpp">
      <Filter>Header Files</Filter>
    </ClInclude>
    <ClInclude Include="pwiz\utility\misc\SHA1_ostream.hpp">
      <Filter>Header Files</Filter>
    </ClInclude>
    <ClInclude Include="pwiz\utility\misc\SHA1Calculator.hpp">
      <Filter>Header Files</Filter>
    </ClInclude>
    <ClInclude Include="utility\misc\SHA1Calculator.hpp">
      <Filter>Header Files</Filter>
    </ClInclude>
    <ClInclude Include="pwiz\data\msdata\SHA1OutputObserver.hpp">
      <Filter>Header Files</Filter>
    </ClInclude>
    <ClInclude Include="data\msdata\SHA1OutputObserver.hpp">
      <Filter>Header Files</Filter>
    </ClInclude>
    <ClInclude Include="pwiz\utility\bindings\CLI\SharedCLI.hpp">
      <Filter>Header Files</Filter>
    </ClInclude>
    <ClInclude Include="pwiz\utility\bindings\CLI\spectrum_processing.hpp">
      <Filter>Header Files</Filter>
    </ClInclude>
    <ClInclude Include="pwiz\analysis\passive\SpectrumBinaryData.hpp">
      <Filter>Header Files</Filter>
    </ClInclude>
    <ClInclude Include="analysis\passive\SpectrumBinaryData.hpp">
      <Filter>Header Files</Filter>
    </ClInclude>
    <ClInclude Include="pwiz\analysis\passive\SpectrumInfo.hpp">
      <Filter>Header Files</Filter>
    </ClInclude>
    <ClInclude Include="pwiz\data\msdata\SpectrumInfo.hpp">
      <Filter>Header Files</Filter>
    </ClInclude>
    <ClInclude Include="analysis\passive\SpectrumInfo.hpp">
      <Filter>Header Files</Filter>
    </ClInclude>
    <ClInclude Include="pwiz\data\msdata\SpectrumIterator.hpp">
      <Filter>Header Files</Filter>
    </ClInclude>
    <ClInclude Include="data\msdata\SpectrumIterator.hpp">
      <Filter>Header Files</Filter>
    </ClInclude>
    <ClInclude Include="pwiz\data\msdata\SpectrumList_BTDX.hpp">
      <Filter>Header Files</Filter>
    </ClInclude>
    <ClInclude Include="pwiz\analysis\spectrum_processing\SpectrumList_Filter.hpp">
      <Filter>Header Files</Filter>
    </ClInclude>
    <ClInclude Include="pwiz\data\msdata\SpectrumList_MGF.hpp">
      <Filter>Header Files</Filter>
    </ClInclude>
    <ClInclude Include="pwiz\data\msdata\SpectrumList_mzML.hpp">
      <Filter>Header Files</Filter>
    </ClInclude>
    <ClInclude Include="data\msdata\SpectrumList_mzML.hpp">
      <Filter>Header Files</Filter>
    </ClInclude>
    <ClInclude Include="pwiz\data\msdata\SpectrumList_mzXML.hpp">
      <Filter>Header Files</Filter>
    </ClInclude>
    <ClInclude Include="data\msdata\SpectrumList_mzXML.hpp">
      <Filter>Header Files</Filter>
    </ClInclude>
    <ClInclude Include="pwiz\analysis\spectrum_processing\SpectrumList_NativeCentroider.hpp">
      <Filter>Header Files</Filter>
    </ClInclude>
    <ClInclude Include="utility\bindings\CLI\SpectrumList_NativeCentroider.hpp">
      <Filter>Header Files</Filter>
    </ClInclude>
    <ClInclude Include="analysis\spectrum_processing\SpectrumList_NativeCentroider.hpp">
      <Filter>Header Files</Filter>
    </ClInclude>
    <ClInclude Include="pwiz\utility\bindings\CLI\SpectrumList_NativeCentroider.hpp">
      <Filter>Header Files</Filter>
    </ClInclude>
    <ClInclude Include="pwiz\analysis\spectrum_processing\SpectrumList_SavitzkyGolaySmoother.hpp">
      <Filter>Header Files</Filter>
    </ClInclude>
    <ClInclude Include="utility\bindings\CLI\SpectrumList_SavitzkyGolaySmoother.hpp">
      <Filter>Header Files</Filter>
    </ClInclude>
    <ClInclude Include="analysis\spectrum_processing\SpectrumList_SavitzkyGolaySmoother.hpp">
      <Filter>Header Files</Filter>
    </ClInclude>
    <ClInclude Include="pwiz\utility\bindings\CLI\SpectrumList_SavitzkyGolaySmoother.hpp">
      <Filter>Header Files</Filter>
    </ClInclude>
    <ClInclude Include="pwiz\analysis\spectrum_processing\SpectrumList_Sorter.hpp">
      <Filter>Header Files</Filter>
    </ClInclude>
    <ClInclude Include="data\vendor_readers\SpectrumList_Thermo.hpp">
      <Filter>Header Files</Filter>
    </ClInclude>
    <ClInclude Include="pwiz\data\vendor_readers\SpectrumList_Thermo.hpp">
      <Filter>Header Files</Filter>
    </ClInclude>
    <ClInclude Include="pwiz_aux\isb\readers\waters\SpectrumList_Waters.hpp">
      <Filter>Header Files</Filter>
    </ClInclude>
    <ClInclude Include="data\msdata\SpectrumListFilter.hpp">
      <Filter>Header Files</Filter>
    </ClInclude>
    <ClInclude Include="pwiz\analysis\spectrum_processing\SpectrumListWrapper.hpp">
      <Filter>Header Files</Filter>
    </ClInclude>
    <ClInclude Include="analysis\spectrum_processing\SpectrumListWrapper.hpp">
      <Filter>Header Files</Filter>
    </ClInclude>
    <ClInclude Include="pwiz\utility\bindings\CLI\SpectrumListWrapper.hpp">
      <Filter>Header Files</Filter>
    </ClInclude>
    <ClInclude Include="utility\bindings\CLI\SpectrumListWrapper.hpp">
      <Filter>Header Files</Filter>
    </ClInclude>
    <ClInclude Include="analysis\passive\SpectrumTable.hpp">
      <Filter>Header Files</Filter>
    </ClInclude>
    <ClInclude Include="pwiz\analysis\passive\SpectrumTable.hpp">
      <Filter>Header Files</Filter>
    </ClInclude>
    <ClInclude Include="utility\math\Stats.hpp">
      <Filter>Header Files</Filter>
    </ClInclude>
    <ClInclude Include="pwiz\utility\math\Stats.hpp">
      <Filter>Header Files</Filter>
    </ClInclude>
    <ClInclude Include="pwiz\utility\misc\Stream.hpp">
      <Filter>Header Files</Filter>
    </ClInclude>
    <ClInclude Include="utility\misc\String.hpp">
      <Filter>Header Files</Filter>
    </ClInclude>
    <ClInclude Include="pwiz\utility\misc\String.hpp">
      <Filter>Header Files</Filter>
    </ClInclude>
    <ClInclude Include="pwiz\data\msdata\TextWriter.hpp">
      <Filter>Header Files</Filter>
    </ClInclude>
    <ClInclude Include="data\msdata\TextWriter.hpp">
      <Filter>Header Files</Filter>
    </ClInclude>
    <ClInclude Include="pwiz\utility\misc\Timer.hpp">
      <Filter>Header Files</Filter>
    </ClInclude>
    <ClInclude Include="utility\misc\Timer.hpp">
      <Filter>Header Files</Filter>
    </ClInclude>
    <ClInclude Include="data\misc\TransientData.hpp">
      <Filter>Header Files</Filter>
    </ClInclude>
    <ClInclude Include="pwiz\data\misc\TransientData.hpp">
      <Filter>Header Files</Filter>
    </ClInclude>
    <ClInclude Include="pwiz\analysis\frequency\TruncatedLorentzian.hpp">
      <Filter>Header Files</Filter>
    </ClInclude>
    <ClInclude Include="analysis\frequency\TruncatedLorentzian.hpp">
      <Filter>Header Files</Filter>
    </ClInclude>
    <ClInclude Include="pwiz\analysis\frequency\TruncatedLorentzianEstimator.hpp">
      <Filter>Header Files</Filter>
    </ClInclude>
    <ClInclude Include="analysis\frequency\TruncatedLorentzianEstimator.hpp">
      <Filter>Header Files</Filter>
    </ClInclude>
    <ClInclude Include="analysis\frequency\TruncatedLorentzianParameters.hpp">
      <Filter>Header Files</Filter>
    </ClInclude>
    <ClInclude Include="pwiz\analysis\frequency\TruncatedLorentzianParameters.hpp">
      <Filter>Header Files</Filter>
    </ClInclude>
    <ClInclude Include="pwiz\utility\math\Types.hpp">
      <Filter>Header Files</Filter>
    </ClInclude>
    <ClInclude Include="utility\math\Types.hpp">
      <Filter>Header Files</Filter>
    </ClInclude>
    <ClInclude Include="pwiz\utility\misc\unit.hpp">
      <Filter>Header Files</Filter>
    </ClInclude>
    <ClInclude Include="utility\misc\unit.hpp">
      <Filter>Header Files</Filter>
    </ClInclude>
    <ClInclude Include="utility\minimxml\XMLWriter.hpp">
      <Filter>Header Files</Filter>
    </ClInclude>
    <ClInclude Include="pwiz\utility\minimxml\XMLWriter.hpp">
      <Filter>Header Files</Filter>
    </ClInclude>
    <ClInclude Include="utility\misc\Stream.hpp">
      <Filter>Source Files</Filter>
    </ClInclude>
  </ItemGroup>
  <ItemGroup>
    <EmbeddedResource Include="pwiz_tools\SeeMS\Dialogs\AnnotationEditAddEditDialog.resx">
      <Filter>Resource Files</Filter>
    </EmbeddedResource>
    <EmbeddedResource Include="pwiz_tools\SeeMS\Dialogs\AnnotationEditForm.resx">
      <Filter>Resource Files</Filter>
    </EmbeddedResource>
    <EmbeddedResource Include="pwiz_tools\SeeMS\Dialogs\AnnotationSettingsAddEditDialog.resx">
      <Filter>Resource Files</Filter>
    </EmbeddedResource>
    <EmbeddedResource Include="pwiz_tools\SeeMS\Dialogs\ChromatogramAnnotationSettingsForm.resx">
      <Filter>Resource Files</Filter>
    </EmbeddedResource>
    <EmbeddedResource Include="pwiz_tools\SeeMS\ChromatogramListForm.resx">
      <Filter>Resource Files</Filter>
    </EmbeddedResource>
    <EmbeddedResource Include="pwiz_tools\SeeMS\GraphForm.resx">
      <Filter>Resource Files</Filter>
    </EmbeddedResource>
    <EmbeddedResource Include="pwiz_tools\SeeMS\Dialogs\PeptideFragmentationForm.resx">
      <Filter>Resource Files</Filter>
    </EmbeddedResource>
    <EmbeddedResource Include="pwiz_tools\SeeMS\Dialogs\PeptideMassMapProteinDigestForm.resx">
      <Filter>Resource Files</Filter>
    </EmbeddedResource>
    <EmbeddedResource Include="pwiz_tools\SeeMS\Properties\Resources.resx">
      <Filter>Resource Files</Filter>
    </EmbeddedResource>
    <EmbeddedResource Include="pwiz_tools\SeeMS\Dialogs\ScanAnnotationSettingsForm.resx">
      <Filter>Resource Files</Filter>
    </EmbeddedResource>
    <EmbeddedResource Include="pwiz_tools\SeeMS\seems.resx">
      <Filter>Resource Files</Filter>
    </EmbeddedResource>
    <EmbeddedResource Include="pwiz_tools\SeeMS\SpectrumListForm.resx">
      <Filter>Resource Files</Filter>
    </EmbeddedResource>
    <EmbeddedResource Include="pwiz_tools\SeeMS\SpectrumProcessingForm.resx">
      <Filter>Resource Files</Filter>
    </EmbeddedResource>
    <EmbeddedResource Include="pwiz_tools\SeeMS\TreeViewForm.resx">
      <Filter>Resource Files</Filter>
    </EmbeddedResource>
    <EmbeddedResource Include="pwiz_tools\SeeMS\WebBrowserForm.resx">
      <Filter>Resource Files</Filter>
    </EmbeddedResource>
  </ItemGroup>
  <ItemGroup>
    <ClCompile Include="utility\proteome\AminoAcid.cpp">
      <Filter>Source Files</Filter>
    </ClCompile>
    <ClCompile Include="pwiz\utility\proteome\AminoAcid.cpp">
      <Filter>Source Files</Filter>
    </ClCompile>
    <ClCompile Include="utility\proteome\AminoAcidTest.cpp">
      <Filter>Source Files</Filter>
    </ClCompile>
    <ClCompile Include="pwiz\utility\proteome\AminoAcidTest.cpp">
      <Filter>Source Files</Filter>
    </ClCompile>
    <ClCompile Include="pwiz\utility\bindings\CLI\AssemblyInfo.cpp">
      <Filter>Source Files</Filter>
    </ClCompile>
    <ClCompile Include="utility\misc\Base64.cpp">
      <Filter>Source Files</Filter>
    </ClCompile>
    <ClCompile Include="pwiz\utility\misc\Base64.cpp">
      <Filter>Source Files</Filter>
    </ClCompile>
    <ClCompile Include="pwiz\utility\misc\Base64Test.cpp">
      <Filter>Source Files</Filter>
    </ClCompile>
    <ClCompile Include="utility\misc\Base64Test.cpp">
      <Filter>Source Files</Filter>
    </ClCompile>
    <ClCompile Include="data\msdata\BinaryDataEncoder.cpp">
      <Filter>Source Files</Filter>
    </ClCompile>
    <ClCompile Include="pwiz\data\msdata\BinaryDataEncoder.cpp">
      <Filter>Source Files</Filter>
    </ClCompile>
    <ClCompile Include="data\msdata\BinaryDataEncoderTest.cpp">
      <Filter>Source Files</Filter>
    </ClCompile>
    <ClCompile Include="pwiz\data\msdata\BinaryDataEncoderTest.cpp">
      <Filter>Source Files</Filter>
    </ClCompile>
    <ClCompile Include="pwiz\data\misc\CalibrationParametersTest.cpp">
      <Filter>Source Files</Filter>
    </ClCompile>
    <ClCompile Include="data\misc\CalibrationParametersTest.cpp">
      <Filter>Source Files</Filter>
    </ClCompile>
    <ClCompile Include="pwiz\utility\proteome\Chemistry.cpp">
      <Filter>Source Files</Filter>
    </ClCompile>
    <ClCompile Include="utility\proteome\Chemistry.cpp">
      <Filter>Source Files</Filter>
    </ClCompile>
    <ClCompile Include="utility\proteome\ChemistryData.cpp">
      <Filter>Source Files</Filter>
    </ClCompile>
    <ClCompile Include="pwiz\utility\proteome\ChemistryData.cpp">
      <Filter>Source Files</Filter>
    </ClCompile>
    <ClCompile Include="utility\proteome\ChemistryTest.cpp">
      <Filter>Source Files</Filter>
    </ClCompile>
    <ClCompile Include="pwiz\utility\proteome\ChemistryTest.cpp">
      <Filter>Source Files</Filter>
    </ClCompile>
    <ClCompile Include="data\msdata\ChromatogramList_mzML.cpp">
      <Filter>Source Files</Filter>
    </ClCompile>
    <ClCompile Include="pwiz\data\msdata\ChromatogramList_mzML.cpp">
      <Filter>Source Files</Filter>
    </ClCompile>
    <ClCompile Include="pwiz\data\msdata\ChromatogramList_mzML_Test.cpp">
      <Filter>Source Files</Filter>
    </ClCompile>
    <ClCompile Include="data\msdata\ChromatogramList_mzML_Test.cpp">
      <Filter>Source Files</Filter>
    </ClCompile>
    <ClCompile Include="data\vendor_readers\ChromatogramList_Thermo.cpp">
      <Filter>Source Files</Filter>
    </ClCompile>
    <ClCompile Include="pwiz\data\vendor_readers\ChromatogramList_Thermo.cpp">
      <Filter>Source Files</Filter>
    </ClCompile>
    <ClCompile Include="build\data\msdata\msvc-8.0\release\link-static\threading-multi\cv.cpp">
      <Filter>Source Files</Filter>
    </ClCompile>
    <ClCompile Include="data\msdata\cv.cpp">
      <Filter>Source Files</Filter>
    </ClCompile>
    <ClCompile Include="pwiz\data\msdata\cv.cpp">
      <Filter>Source Files</Filter>
    </ClCompile>
    <ClCompile Include="pwiz\data\msdata\cvgen.cpp">
      <Filter>Source Files</Filter>
    </ClCompile>
    <ClCompile Include="data\msdata\cvgen.cpp">
      <Filter>Source Files</Filter>
    </ClCompile>
    <ClCompile Include="pwiz\data\msdata\CVParam.cpp">
      <Filter>Source Files</Filter>
    </ClCompile>
    <ClCompile Include="pwiz\utility\bindings\CLI\CVParam.cpp">
      <Filter>Source Files</Filter>
    </ClCompile>
    <ClCompile Include="utility\bindings\CLI\CVParam.cpp">
      <Filter>Source Files</Filter>
    </ClCompile>
    <ClCompile Include="data\msdata\CVParam.cpp">
      <Filter>Source Files</Filter>
    </ClCompile>
    <ClCompile Include="pwiz\data\msdata\CVParamTest.cpp">
      <Filter>Source Files</Filter>
    </ClCompile>
    <ClCompile Include="data\msdata\CVParamTest.cpp">
      <Filter>Source Files</Filter>
    </ClCompile>
    <ClCompile Include="pwiz\data\msdata\cvtest.cpp">
      <Filter>Source Files</Filter>
    </ClCompile>
    <ClCompile Include="data\msdata\cvtest.cpp">
      <Filter>Source Files</Filter>
    </ClCompile>
    <ClCompile Include="data\msdata\CVTranslator.cpp">
      <Filter>Source Files</Filter>
    </ClCompile>
    <ClCompile Include="pwiz\data\msdata\CVTranslator.cpp">
      <Filter>Source Files</Filter>
    </ClCompile>
    <ClCompile Include="data\msdata\CVTranslatorTest.cpp">
      <Filter>Source Files</Filter>
    </ClCompile>
    <ClCompile Include="pwiz\data\msdata\CVTranslatorTest.cpp">
      <Filter>Source Files</Filter>
    </ClCompile>
    <ClCompile Include="pwiz_aux\isb\readers\waters\dacserver_4-1.cpp">
      <Filter>Source Files</Filter>
    </ClCompile>
    <ClCompile Include="data\msdata\DefaultReaderList.cpp">
      <Filter>Source Files</Filter>
    </ClCompile>
    <ClCompile Include="pwiz\data\msdata\DefaultReaderList.cpp">
      <Filter>Source Files</Filter>
    </ClCompile>
    <ClCompile Include="pwiz\data\msdata\Diff.cpp">
      <Filter>Source Files</Filter>
    </ClCompile>
    <ClCompile Include="data\msdata\Diff.cpp">
      <Filter>Source Files</Filter>
    </ClCompile>
    <ClCompile Include="pwiz\data\msdata\DiffTest.cpp">
      <Filter>Source Files</Filter>
    </ClCompile>
    <ClCompile Include="data\msdata\DiffTest.cpp">
      <Filter>Source Files</Filter>
    </ClCompile>
    <ClCompile Include="utility\vendor_api\thermo\DllMain.cpp">
      <Filter>Source Files</Filter>
    </ClCompile>
    <ClCompile Include="pwiz\utility\vendor_api\thermo\DllMain.cpp">
      <Filter>Source Files</Filter>
    </ClCompile>
    <ClCompile Include="utility\misc\endian_test.cpp">
      <Filter>Source Files</Filter>
    </ClCompile>
    <ClCompile Include="pwiz\utility\misc\endian_test.cpp">
      <Filter>Source Files</Filter>
    </ClCompile>
    <ClCompile Include="utility\math\erf.cpp">
      <Filter>Source Files</Filter>
    </ClCompile>
    <ClCompile Include="pwiz\utility\math\erf.cpp">
      <Filter>Source Files</Filter>
    </ClCompile>
    <ClCompile Include="pwiz\utility\math\erfTest.cpp">
      <Filter>Source Files</Filter>
    </ClCompile>
    <ClCompile Include="utility\math\erfTest.cpp">
      <Filter>Source Files</Filter>
    </ClCompile>
    <ClCompile Include="utility\bindings\CLI\examples.cpp">
      <Filter>Source Files</Filter>
    </ClCompile>
    <ClCompile Include="pwiz\data\msdata\examples.cpp">
      <Filter>Source Files</Filter>
    </ClCompile>
    <ClCompile Include="data\msdata\examples.cpp">
      <Filter>Source Files</Filter>
    </ClCompile>
    <ClCompile Include="pwiz\utility\bindings\CLI\examples.cpp">
      <Filter>Source Files</Filter>
    </ClCompile>
    <ClCompile Include="pwiz\data\vendor_readers\ExtendedReaderList.cpp">
      <Filter>Source Files</Filter>
    </ClCompile>
    <ClCompile Include="data\vendor_readers\ExtendedReaderList.cpp">
      <Filter>Source Files</Filter>
    </ClCompile>
    <ClCompile Include="pwiz\utility\misc\Filesystem.cpp">
      <Filter>Source Files</Filter>
    </ClCompile>
    <ClCompile Include="utility\misc\Filesystem.cpp">
      <Filter>Source Files</Filter>
    </ClCompile>
    <ClCompile Include="utility\misc\FilesystemTest.cpp">
      <Filter>Source Files</Filter>
    </ClCompile>
    <ClCompile Include="pwiz\utility\misc\FilesystemTest.cpp">
      <Filter>Source Files</Filter>
    </ClCompile>
    <ClCompile Include="data\misc\FrequencyData.cpp">
      <Filter>Source Files</Filter>
    </ClCompile>
    <ClCompile Include="pwiz\data\misc\FrequencyData.cpp">
      <Filter>Source Files</Filter>
    </ClCompile>
    <ClCompile Include="pwiz\data\misc\FrequencyDataTest.cpp">
      <Filter>Source Files</Filter>
    </ClCompile>
    <ClCompile Include="data\misc\FrequencyDataTest.cpp">
      <Filter>Source Files</Filter>
    </ClCompile>
    <ClCompile Include="pwiz\data\misc\FrequencyDataTestData.cpp">
      <Filter>Source Files</Filter>
    </ClCompile>
    <ClCompile Include="pwiz\analysis\frequency\FrequencyEstimatorPhysicalModel.cpp">
      <Filter>Source Files</Filter>
    </ClCompile>
    <ClCompile Include="analysis\frequency\FrequencyEstimatorPhysicalModel.cpp">
      <Filter>Source Files</Filter>
    </ClCompile>
    <ClCompile Include="pwiz\analysis\frequency\FrequencyEstimatorPhysicalModelTest.cpp">
      <Filter>Source Files</Filter>
    </ClCompile>
    <ClCompile Include="analysis\frequency\FrequencyEstimatorPhysicalModelTest.cpp">
      <Filter>Source Files</Filter>
    </ClCompile>
    <ClCompile Include="pwiz\analysis\frequency\FrequencyEstimatorSimple.cpp">
      <Filter>Source Files</Filter>
    </ClCompile>
    <ClCompile Include="analysis\frequency\FrequencyEstimatorSimple.cpp">
      <Filter>Source Files</Filter>
    </ClCompile>
    <ClCompile Include="analysis\frequency\FrequencyEstimatorSimpleTest.cpp">
      <Filter>Source Files</Filter>
    </ClCompile>
    <ClCompile Include="pwiz\analysis\frequency\FrequencyEstimatorSimpleTest.cpp">
      <Filter>Source Files</Filter>
    </ClCompile>
    <ClCompile Include="pwiz\tools\hello_analyzer.cpp">
      <Filter>Source Files</Filter>
    </ClCompile>
    <ClCompile Include="examples\hello_analyzer.cpp">
      <Filter>Source Files</Filter>
    </ClCompile>
    <ClCompile Include="examples\hello_analyzer_2.cpp">
      <Filter>Source Files</Filter>
    </ClCompile>
    <ClCompile Include="pwiz\tools\hello_analyzer_2.cpp">
      <Filter>Source Files</Filter>
    </ClCompile>
    <ClCompile Include="examples\hello_msdata.cpp">
      <Filter>Source Files</Filter>
    </ClCompile>
    <ClCompile Include="pwiz\tools\hello_msdata.cpp">
      <Filter>Source Files</Filter>
    </ClCompile>
    <ClCompile Include="pwiz\tools\hello_ramp.cpp">
      <Filter>Source Files</Filter>
    </ClCompile>
    <ClCompile Include="examples\hello_ramp.cpp">
      <Filter>Source Files</Filter>
    </ClCompile>
    <ClCompile Include="utility\math\HouseholderQRTest.cpp">
      <Filter>Source Files</Filter>
    </ClCompile>
    <ClCompile Include="pwiz\utility\math\HouseholderQRTest.cpp">
      <Filter>Source Files</Filter>
    </ClCompile>
    <ClCompile Include="utility\misc\Image.cpp">
      <Filter>Source Files</Filter>
    </ClCompile>
    <ClCompile Include="pwiz\utility\misc\Image.cpp">
      <Filter>Source Files</Filter>
    </ClCompile>
    <ClCompile Include="utility\misc\IntegerSet.cpp">
      <Filter>Source Files</Filter>
    </ClCompile>
    <ClCompile Include="pwiz\utility\misc\IntegerSet.cpp">
      <Filter>Source Files</Filter>
    </ClCompile>
    <ClCompile Include="utility\misc\IntegerSetTest.cpp">
      <Filter>Source Files</Filter>
    </ClCompile>
    <ClCompile Include="pwiz\utility\misc\IntegerSetTest.cpp">
      <Filter>Source Files</Filter>
    </ClCompile>
    <ClCompile Include="pwiz\data\msdata\IO.cpp">
      <Filter>Source Files</Filter>
    </ClCompile>
    <ClCompile Include="data\msdata\IO.cpp">
      <Filter>Source Files</Filter>
    </ClCompile>
    <ClCompile Include="data\msdata\IOTest.cpp">
      <Filter>Source Files</Filter>
    </ClCompile>
    <ClCompile Include="pwiz\data\msdata\IOTest.cpp">
      <Filter>Source Files</Filter>
    </ClCompile>
    <ClCompile Include="pwiz\utility\proteome\IPIFASTADatabase.cpp">
      <Filter>Source Files</Filter>
    </ClCompile>
    <ClCompile Include="utility\proteome\IPIFASTADatabase.cpp">
      <Filter>Source Files</Filter>
    </ClCompile>
    <ClCompile Include="pwiz\utility\proteome\IPIFASTADatabaseTest.cpp">
      <Filter>Source Files</Filter>
    </ClCompile>
    <ClCompile Include="utility\proteome\IPIFASTADatabaseTest.cpp">
      <Filter>Source Files</Filter>
    </ClCompile>
    <ClCompile Include="pwiz\utility\proteome\iso.cpp">
      <Filter>Source Files</Filter>
    </ClCompile>
    <ClCompile Include="utility\proteome\iso.cpp">
      <Filter>Source Files</Filter>
    </ClCompile>
    <ClCompile Include="utility\proteome\IsotopeCalculator.cpp">
      <Filter>Source Files</Filter>
    </ClCompile>
    <ClCompile Include="pwiz\utility\proteome\IsotopeCalculator.cpp">
      <Filter>Source Files</Filter>
    </ClCompile>
    <ClCompile Include="pwiz\utility\proteome\IsotopeCalculatorTest.cpp">
      <Filter>Source Files</Filter>
    </ClCompile>
    <ClCompile Include="utility\proteome\IsotopeCalculatorTest.cpp">
      <Filter>Source Files</Filter>
    </ClCompile>
    <ClCompile Include="pwiz\utility\proteome\IsotopeEnvelopeEstimator.cpp">
      <Filter>Source Files</Filter>
    </ClCompile>
    <ClCompile Include="utility\proteome\IsotopeEnvelopeEstimator.cpp">
      <Filter>Source Files</Filter>
    </ClCompile>
    <ClCompile Include="pwiz\utility\proteome\IsotopeEnvelopeEstimatorTest.cpp">
      <Filter>Source Files</Filter>
    </ClCompile>
    <ClCompile Include="utility\proteome\IsotopeEnvelopeEstimatorTest.cpp">
      <Filter>Source Files</Filter>
    </ClCompile>
    <ClCompile Include="utility\proteome\IsotopeTable.cpp">
      <Filter>Source Files</Filter>
    </ClCompile>
    <ClCompile Include="pwiz\utility\proteome\IsotopeTable.cpp">
      <Filter>Source Files</Filter>
    </ClCompile>
    <ClCompile Include="utility\proteome\IsotopeTableTest.cpp">
      <Filter>Source Files</Filter>
    </ClCompile>
    <ClCompile Include="pwiz\utility\proteome\IsotopeTableTest.cpp">
      <Filter>Source Files</Filter>
    </ClCompile>
    <ClCompile Include="pwiz\data\msdata\LegacyAdapter.cpp">
      <Filter>Source Files</Filter>
    </ClCompile>
    <ClCompile Include="data\msdata\LegacyAdapter.cpp">
      <Filter>Source Files</Filter>
    </ClCompile>
    <ClCompile Include="pwiz\data\msdata\LegacyAdapterTest.cpp">
      <Filter>Source Files</Filter>
    </ClCompile>
    <ClCompile Include="data\msdata\LegacyAdapterTest.cpp">
      <Filter>Source Files</Filter>
    </ClCompile>
    <ClCompile Include="pwiz\utility\math\LinearLeastSquaresTest.cpp">
      <Filter>Source Files</Filter>
    </ClCompile>
    <ClCompile Include="utility\math\LinearLeastSquaresTest.cpp">
      <Filter>Source Files</Filter>
    </ClCompile>
    <ClCompile Include="utility\math\LinearSolverTest.cpp">
      <Filter>Source Files</Filter>
    </ClCompile>
    <ClCompile Include="pwiz\utility\math\LinearSolverTest.cpp">
      <Filter>Source Files</Filter>
    </ClCompile>
    <ClCompile Include="analysis\frequency\MagnitudeLorentzian.cpp">
      <Filter>Source Files</Filter>
    </ClCompile>
    <ClCompile Include="pwiz\analysis\frequency\MagnitudeLorentzian.cpp">
      <Filter>Source Files</Filter>
    </ClCompile>
    <ClCompile Include="analysis\frequency\MagnitudeLorentzianTest.cpp">
      <Filter>Source Files</Filter>
    </ClCompile>
    <ClCompile Include="pwiz\analysis\frequency\MagnitudeLorentzianTest.cpp">
      <Filter>Source Files</Filter>
    </ClCompile>
    <ClCompile Include="pwiz\analysis\frequency\MagnitudeLorentzianTestData.cpp">
      <Filter>Source Files</Filter>
    </ClCompile>
    <ClCompile Include="pwiz_aux\isb\readers\waters\MassLynxInterface.cpp">
      <Filter>Source Files</Filter>
    </ClCompile>
    <ClCompile Include="pwiz\utility\math\MatchedFilterTest.cpp">
      <Filter>Source Files</Filter>
    </ClCompile>
    <ClCompile Include="utility\math\MatchedFilterTest.cpp">
      <Filter>Source Files</Filter>
    </ClCompile>
    <ClCompile Include="pwiz\analysis\passive\MetadataReporter.cpp">
      <Filter>Source Files</Filter>
    </ClCompile>
    <ClCompile Include="analysis\passive\MetadataReporter.cpp">
      <Filter>Source Files</Filter>
    </ClCompile>
    <ClCompile Include="pwiz\tools\msaccess.cpp">
      <Filter>Source Files</Filter>
    </ClCompile>
    <ClCompile Include="tools\msaccess.cpp">
      <Filter>Source Files</Filter>
    </ClCompile>
    <ClCompile Include="pwiz_tools\commandline\msaccess.cpp">
      <Filter>Source Files</Filter>
    </ClCompile>
    <ClCompile Include="examples\mscat.cpp">
      <Filter>Source Files</Filter>
    </ClCompile>
    <ClCompile Include="pwiz_tools\commandline\msconvert.cpp">
      <Filter>Source Files</Filter>
    </ClCompile>
    <ClCompile Include="tools\msconvert.cpp">
      <Filter>Source Files</Filter>
    </ClCompile>
    <ClCompile Include="pwiz\tools\msconvert.cpp">
      <Filter>Source Files</Filter>
    </ClCompile>
    <ClCompile Include="pwiz\utility\bindings\CLI\MSData.cpp">
      <Filter>Source Files</Filter>
    </ClCompile>
    <ClCompile Include="utility\bindings\CLI\MSData.cpp">
      <Filter>Source Files</Filter>
    </ClCompile>
    <ClCompile Include="pwiz\data\msdata\MSData.cpp">
      <Filter>Source Files</Filter>
    </ClCompile>
    <ClCompile Include="data\msdata\MSData.cpp">
      <Filter>Source Files</Filter>
    </ClCompile>
    <ClCompile Include="pwiz\analysis\passive\MSDataAnalyzer.cpp">
      <Filter>Source Files</Filter>
    </ClCompile>
    <ClCompile Include="analysis\passive\MSDataAnalyzer.cpp">
      <Filter>Source Files</Filter>
    </ClCompile>
    <ClCompile Include="pwiz\analysis\passive\MSDataAnalyzerApplication.cpp">
      <Filter>Source Files</Filter>
    </ClCompile>
    <ClCompile Include="analysis\passive\MSDataAnalyzerApplication.cpp">
      <Filter>Source Files</Filter>
    </ClCompile>
    <ClCompile Include="pwiz\analysis\passive\MSDataAnalyzerApplicationTest.cpp">
      <Filter>Source Files</Filter>
    </ClCompile>
    <ClCompile Include="analysis\passive\MSDataAnalyzerApplicationTest.cpp">
      <Filter>Source Files</Filter>
    </ClCompile>
    <ClCompile Include="pwiz\analysis\passive\MSDataAnalyzerTest.cpp">
      <Filter>Source Files</Filter>
    </ClCompile>
    <ClCompile Include="analysis\passive\MSDataAnalyzerTest.cpp">
      <Filter>Source Files</Filter>
    </ClCompile>
    <ClCompile Include="analysis\passive\MSDataCache.cpp">
      <Filter>Source Files</Filter>
    </ClCompile>
    <ClCompile Include="pwiz\analysis\passive\MSDataCache.cpp">
      <Filter>Source Files</Filter>
    </ClCompile>
    <ClCompile Include="analysis\passive\MSDataCacheTest.cpp">
      <Filter>Source Files</Filter>
    </ClCompile>
    <ClCompile Include="pwiz\analysis\passive\MSDataCacheTest.cpp">
      <Filter>Source Files</Filter>
    </ClCompile>
    <ClCompile Include="data\msdata\MSDataFile.cpp">
      <Filter>Source Files</Filter>
    </ClCompile>
    <ClCompile Include="pwiz\utility\bindings\CLI\MSDataFile.cpp">
      <Filter>Source Files</Filter>
    </ClCompile>
    <ClCompile Include="pwiz\data\msdata\MSDataFile.cpp">
      <Filter>Source Files</Filter>
    </ClCompile>
    <ClCompile Include="utility\bindings\CLI\MSDataFile.cpp">
      <Filter>Source Files</Filter>
    </ClCompile>
    <ClCompile Include="pwiz\utility\bindings\CLI\MSDataFileTest.cpp">
      <Filter>Source Files</Filter>
    </ClCompile>
    <ClCompile Include="utility\bindings\CLI\MSDataFileTest.cpp">
      <Filter>Source Files</Filter>
    </ClCompile>
    <ClCompile Include="data\msdata\MSDataFileTest.cpp">
      <Filter>Source Files</Filter>
    </ClCompile>
    <ClCompile Include="pwiz\data\msdata\MSDataFileTest.cpp">
      <Filter>Source Files</Filter>
    </ClCompile>
    <ClCompile Include="utility\bindings\CLI\MSDataTest.cpp">
      <Filter>Source Files</Filter>
    </ClCompile>
    <ClCompile Include="pwiz\data\msdata\MSDataTest.cpp">
      <Filter>Source Files</Filter>
    </ClCompile>
    <ClCompile Include="pwiz\utility\bindings\CLI\MSDataTest.cpp">
      <Filter>Source Files</Filter>
    </ClCompile>
    <ClCompile Include="data\msdata\MSDataTest.cpp">
      <Filter>Source Files</Filter>
    </ClCompile>
    <ClCompile Include="pwiz\tools\msdiff.cpp">
      <Filter>Source Files</Filter>
    </ClCompile>
    <ClCompile Include="tools\msdiff.cpp">
      <Filter>Source Files</Filter>
    </ClCompile>
    <ClCompile Include="pwiz_tools\commandline\msdiff.cpp">
      <Filter>Source Files</Filter>
    </ClCompile>
    <ClCompile Include="tools\mspicture.cpp">
      <Filter>Source Files</Filter>
    </ClCompile>
    <ClCompile Include="pwiz_tools\commandline\mspicture.cpp">
      <Filter>Source Files</Filter>
    </ClCompile>
    <ClCompile Include="pwiz\utility\math\mt19937ar.cpp">
      <Filter>Source Files</Filter>
    </ClCompile>
    <ClCompile Include="pwiz\data\msdata\obo.cpp">
      <Filter>Source Files</Filter>
    </ClCompile>
    <ClCompile Include="data\msdata\obo.cpp">
      <Filter>Source Files</Filter>
    </ClCompile>
    <ClCompile Include="data\msdata\obotest.cpp">
      <Filter>Source Files</Filter>
    </ClCompile>
    <ClCompile Include="pwiz\data\msdata\obotest.cpp">
      <Filter>Source Files</Filter>
    </ClCompile>
    <ClCompile Include="pwiz\utility\math\Parabola.cpp">
      <Filter>Source Files</Filter>
    </ClCompile>
    <ClCompile Include="utility\math\Parabola.cpp">
      <Filter>Source Files</Filter>
    </ClCompile>
    <ClCompile Include="utility\math\ParabolaTest.cpp">
      <Filter>Source Files</Filter>
    </ClCompile>
    <ClCompile Include="pwiz\utility\math\ParabolaTest.cpp">
      <Filter>Source Files</Filter>
    </ClCompile>
    <ClCompile Include="pwiz\analysis\frequency\ParameterEstimator.cpp">
      <Filter>Source Files</Filter>
    </ClCompile>
    <ClCompile Include="analysis\frequency\ParameterEstimator.cpp">
      <Filter>Source Files</Filter>
    </ClCompile>
    <ClCompile Include="pwiz\analysis\frequency\ParametrizedFunctionTest.cpp">
      <Filter>Source Files</Filter>
    </ClCompile>
    <ClCompile Include="analysis\frequency\ParametrizedFunctionTest.cpp">
      <Filter>Source Files</Filter>
    </ClCompile>
    <ClCompile Include="utility\proteome\parse_isotopes.cpp">
      <Filter>Source Files</Filter>
    </ClCompile>
    <ClCompile Include="pwiz\utility\proteome\parse_isotopes.cpp">
      <Filter>Source Files</Filter>
    </ClCompile>
    <ClCompile Include="data\misc\PeakData.cpp">
      <Filter>Source Files</Filter>
    </ClCompile>
    <ClCompile Include="pwiz\data\misc\PeakData.cpp">
      <Filter>Source Files</Filter>
    </ClCompile>
    <ClCompile Include="data\misc\PeakDataTest.cpp">
      <Filter>Source Files</Filter>
    </ClCompile>
    <ClCompile Include="pwiz\data\misc\PeakDataTest.cpp">
      <Filter>Source Files</Filter>
    </ClCompile>
    <ClCompile Include="analysis\peakdetect\PeakDetector.cpp">
      <Filter>Source Files</Filter>
    </ClCompile>
    <ClCompile Include="pwiz\analysis\peakdetect\PeakDetector.cpp">
      <Filter>Source Files</Filter>
    </ClCompile>
    <ClCompile Include="pwiz\analysis\frequency\PeakDetectorMatchedFilter.cpp">
      <Filter>Source Files</Filter>
    </ClCompile>
    <ClCompile Include="analysis\frequency\PeakDetectorMatchedFilter.cpp">
      <Filter>Source Files</Filter>
    </ClCompile>
    <ClCompile Include="analysis\frequency\PeakDetectorMatchedFilterTest.cpp">
      <Filter>Source Files</Filter>
    </ClCompile>
    <ClCompile Include="pwiz\analysis\frequency\PeakDetectorMatchedFilterTest.cpp">
      <Filter>Source Files</Filter>
    </ClCompile>
    <ClCompile Include="pwiz\analysis\frequency\PeakDetectorMatchedFilterTestData.cpp">
      <Filter>Source Files</Filter>
    </ClCompile>
    <ClCompile Include="pwiz\analysis\frequency\PeakDetectorNaive.cpp">
      <Filter>Source Files</Filter>
    </ClCompile>
    <ClCompile Include="analysis\frequency\PeakDetectorNaive.cpp">
      <Filter>Source Files</Filter>
    </ClCompile>
    <ClCompile Include="analysis\frequency\PeakDetectorNaiveTest.cpp">
      <Filter>Source Files</Filter>
    </ClCompile>
    <ClCompile Include="pwiz\analysis\frequency\PeakDetectorNaiveTest.cpp">
      <Filter>Source Files</Filter>
    </ClCompile>
    <ClCompile Include="pwiz\analysis\peakdetect\PeakFamilyDetector.cpp">
      <Filter>Source Files</Filter>
    </ClCompile>
    <ClCompile Include="analysis\peakdetect\PeakFamilyDetector.cpp">
      <Filter>Source Files</Filter>
    </ClCompile>
    <ClCompile Include="pwiz\analysis\peakdetect\PeakFamilyDetectorFT.cpp">
      <Filter>Source Files</Filter>
    </ClCompile>
    <ClCompile Include="analysis\peakdetect\PeakFamilyDetectorFT.cpp">
      <Filter>Source Files</Filter>
    </ClCompile>
    <ClCompile Include="pwiz\analysis\peakdetect\PeakFamilyDetectorFTTest.cpp">
      <Filter>Source Files</Filter>
    </ClCompile>
    <ClCompile Include="analysis\peakdetect\PeakFamilyDetectorFTTest.cpp">
      <Filter>Source Files</Filter>
    </ClCompile>
    <ClCompile Include="pwiz\analysis\peakdetect\PeakFamilyDetectorFTTestData.cpp">
      <Filter>Source Files</Filter>
    </ClCompile>
    <ClCompile Include="utility\proteome\pepdb.cpp">
      <Filter>Source Files</Filter>
    </ClCompile>
    <ClCompile Include="pwiz\utility\proteome\pepdb.cpp">
      <Filter>Source Files</Filter>
    </ClCompile>
    <ClCompile Include="utility\proteome\Peptide.cpp">
      <Filter>Source Files</Filter>
    </ClCompile>
    <ClCompile Include="pwiz\utility\proteome\Peptide.cpp">
      <Filter>Source Files</Filter>
    </ClCompile>
    <ClCompile Include="pwiz\utility\proteome\PeptideDatabase.cpp">
      <Filter>Source Files</Filter>
    </ClCompile>
    <ClCompile Include="utility\proteome\PeptideDatabase.cpp">
      <Filter>Source Files</Filter>
    </ClCompile>
    <ClCompile Include="utility\proteome\PeptideDatabaseTest.cpp">
      <Filter>Source Files</Filter>
    </ClCompile>
    <ClCompile Include="pwiz\utility\proteome\PeptideDatabaseTest.cpp">
      <Filter>Source Files</Filter>
    </ClCompile>
    <ClCompile Include="analysis\peptideid\PeptideID_pepXML.cpp">
      <Filter>Source Files</Filter>
    </ClCompile>
    <ClCompile Include="pwiz\analysis\peptideid\PeptideID_pepXML.cpp">
      <Filter>Source Files</Filter>
    </ClCompile>
    <ClCompile Include="analysis\peptideid\PeptideID_pepXMLTest.cpp">
      <Filter>Source Files</Filter>
    </ClCompile>
    <ClCompile Include="pwiz\analysis\peptideid\PeptideID_pepXMLTest.cpp">
      <Filter>Source Files</Filter>
    </ClCompile>
    <ClCompile Include="pwiz\analysis\peptideid\PeptideIDMap.cpp">
      <Filter>Source Files</Filter>
    </ClCompile>
    <ClCompile Include="analysis\peptideid\PeptideIDMap.cpp">
      <Filter>Source Files</Filter>
    </ClCompile>
    <ClCompile Include="pwiz\analysis\peptideid\PeptideIDMapTest.cpp">
      <Filter>Source Files</Filter>
    </ClCompile>
    <ClCompile Include="analysis\peptideid\PeptideIDMapTest.cpp">
      <Filter>Source Files</Filter>
    </ClCompile>
    <ClCompile Include="pwiz\utility\proteome\PeptideTest.cpp">
      <Filter>Source Files</Filter>
    </ClCompile>
    <ClCompile Include="utility\proteome\PeptideTest.cpp">
      <Filter>Source Files</Filter>
    </ClCompile>
    <ClCompile Include="pwiz\analysis\spectrum_processing\PrecursorRecalculatorDefault.cpp">
      <Filter>Source Files</Filter>
    </ClCompile>
    <ClCompile Include="pwiz\analysis\spectrum_processing\PrecursorRecalculatorDefaultTest.cpp">
      <Filter>Source Files</Filter>
    </ClCompile>
    <ClCompile Include="analysis\passive\Pseudo2DGel.cpp">
      <Filter>Source Files</Filter>
    </ClCompile>
    <ClCompile Include="pwiz\analysis\passive\Pseudo2DGel.cpp">
      <Filter>Source Files</Filter>
    </ClCompile>
    <ClCompile Include="utility\math\qrTest.cpp">
      <Filter>Source Files</Filter>
    </ClCompile>
    <ClCompile Include="pwiz\utility\math\qrTest.cpp">
      <Filter>Source Files</Filter>
    </ClCompile>
    <ClCompile Include="pwiz\data\msdata\RAMPAdapter.cpp">
      <Filter>Source Files</Filter>
    </ClCompile>
    <ClCompile Include="data\msdata\RAMPAdapter.cpp">
      <Filter>Source Files</Filter>
    </ClCompile>
    <ClCompile Include="pwiz\data\msdata\RAMPAdapterTest.cpp">
      <Filter>Source Files</Filter>
    </ClCompile>
    <ClCompile Include="data\msdata\RAMPAdapterTest.cpp">
      <Filter>Source Files</Filter>
    </ClCompile>
    <ClCompile Include="pwiz\utility\math\Random.cpp">
      <Filter>Source Files</Filter>
    </ClCompile>
    <ClCompile Include="pwiz\utility\misc\random_access_compressed_ifstream.cpp">
      <Filter>Source Files</Filter>
    </ClCompile>
    <ClCompile Include="utility\vendor_api\thermo\RawFile.cpp">
      <Filter>Source Files</Filter>
    </ClCompile>
    <ClCompile Include="pwiz\utility\vendor_api\thermo\RawFile.cpp">
      <Filter>Source Files</Filter>
    </ClCompile>
    <ClCompile Include="utility\vendor_api\thermo\RawFileTest.cpp">
      <Filter>Source Files</Filter>
    </ClCompile>
    <ClCompile Include="pwiz\utility\vendor_api\thermo\RawFileTest.cpp">
      <Filter>Source Files</Filter>
    </ClCompile>
    <ClCompile Include="pwiz\utility\vendor_api\thermo\RawFileValues.cpp">
      <Filter>Source Files</Filter>
    </ClCompile>
    <ClCompile Include="utility\vendor_api\thermo\RawFileValues.cpp">
      <Filter>Source Files</Filter>
    </ClCompile>
    <ClCompile Include="data\msdata\Reader.cpp">
      <Filter>Source Files</Filter>
    </ClCompile>
    <ClCompile Include="pwiz\data\msdata\Reader.cpp">
      <Filter>Source Files</Filter>
    </ClCompile>
    <ClCompile Include="data\vendor_readers\Reader_Thermo.cpp">
      <Filter>Source Files</Filter>
    </ClCompile>
    <ClCompile Include="pwiz\data\vendor_readers\Reader_Thermo.cpp">
      <Filter>Source Files</Filter>
    </ClCompile>
    <ClCompile Include="data\vendor_readers\Reader_Thermo_Detail.cpp">
      <Filter>Source Files</Filter>
    </ClCompile>
    <ClCompile Include="pwiz\data\vendor_readers\Reader_Thermo_Detail.cpp">
      <Filter>Source Files</Filter>
    </ClCompile>
    <ClCompile Include="data\vendor_readers\Reader_Thermo_Test.cpp">
      <Filter>Source Files</Filter>
    </ClCompile>
    <ClCompile Include="pwiz\data\vendor_readers\Reader_Thermo_Test.cpp">
      <Filter>Source Files</Filter>
    </ClCompile>
    <ClCompile Include="pwiz_aux\isb\readers\waters\Reader_Waters.cpp">
      <Filter>Source Files</Filter>
    </ClCompile>
    <ClCompile Include="pwiz_aux\isb\readers\waters\Reader_Waters_Detail.cpp">
      <Filter>Source Files</Filter>
    </ClCompile>
    <ClCompile Include="pwiz_aux\isb\readers\waters\Reader_Waters_Test.cpp">
      <Filter>Source Files</Filter>
    </ClCompile>
    <ClCompile Include="pwiz\data\msdata\ReaderTest.cpp">
      <Filter>Source Files</Filter>
    </ClCompile>
    <ClCompile Include="data\msdata\ReaderTest.cpp">
      <Filter>Source Files</Filter>
    </ClCompile>
    <ClCompile Include="data\msdata\References.cpp">
      <Filter>Source Files</Filter>
    </ClCompile>
    <ClCompile Include="pwiz\data\msdata\References.cpp">
      <Filter>Source Files</Filter>
    </ClCompile>
    <ClCompile Include="pwiz\data\msdata\ReferencesTest.cpp">
      <Filter>Source Files</Filter>
    </ClCompile>
    <ClCompile Include="data\msdata\ReferencesTest.cpp">
      <Filter>Source Files</Filter>
    </ClCompile>
    <ClCompile Include="analysis\passive\RegionAnalyzer.cpp">
      <Filter>Source Files</Filter>
    </ClCompile>
    <ClCompile Include="pwiz\analysis\passive\RegionAnalyzer.cpp">
      <Filter>Source Files</Filter>
    </ClCompile>
    <ClCompile Include="pwiz\analysis\passive\RegionAnalyzerTest.cpp">
      <Filter>Source Files</Filter>
    </ClCompile>
    <ClCompile Include="analysis\passive\RegionAnalyzerTest.cpp">
      <Filter>Source Files</Filter>
    </ClCompile>
    <ClCompile Include="analysis\passive\RegionSIC.cpp">
      <Filter>Source Files</Filter>
    </ClCompile>
    <ClCompile Include="pwiz\analysis\passive\RegionSIC.cpp">
      <Filter>Source Files</Filter>
    </ClCompile>
    <ClCompile Include="pwiz\analysis\passive\RegionSlice.cpp">
      <Filter>Source Files</Filter>
    </ClCompile>
    <ClCompile Include="analysis\passive\RegionSlice.cpp">
      <Filter>Source Files</Filter>
    </ClCompile>
    <ClCompile Include="pwiz\analysis\passive\RegionTIC.cpp">
      <Filter>Source Files</Filter>
    </ClCompile>
    <ClCompile Include="analysis\passive\RegionTIC.cpp">
      <Filter>Source Files</Filter>
    </ClCompile>
    <ClCompile Include="pwiz\data\misc\SampleDatumTest.cpp">
      <Filter>Source Files</Filter>
    </ClCompile>
    <ClCompile Include="data\misc\SampleDatumTest.cpp">
      <Filter>Source Files</Filter>
    </ClCompile>
    <ClCompile Include="pwiz\analysis\spectrum_processing\SavitzkyGolaySmootherTest.cpp">
      <Filter>Source Files</Filter>
    </ClCompile>
    <ClCompile Include="analysis\spectrum_processing\SavitzkyGolaySmootherTest.cpp">
      <Filter>Source Files</Filter>
    </ClCompile>
    <ClCompile Include="pwiz\utility\minimxml\SAXParser.cpp">
      <Filter>Source Files</Filter>
    </ClCompile>
    <ClCompile Include="utility\minimxml\SAXParser.cpp">
      <Filter>Source Files</Filter>
    </ClCompile>
    <ClCompile Include="pwiz\utility\minimxml\SAXParserTest.cpp">
      <Filter>Source Files</Filter>
    </ClCompile>
    <ClCompile Include="utility\minimxml\SAXParserTest.cpp">
      <Filter>Source Files</Filter>
    </ClCompile>
    <ClCompile Include="utility\vendor_api\thermo\ScanFilter.cpp">
      <Filter>Source Files</Filter>
    </ClCompile>
    <ClCompile Include="pwiz\utility\vendor_api\thermo\ScanFilter.cpp">
      <Filter>Source Files</Filter>
    </ClCompile>
    <ClCompile Include="utility\vendor_api\thermo\ScanFilterTest.cpp">
      <Filter>Source Files</Filter>
    </ClCompile>
    <ClCompile Include="pwiz\utility\vendor_api\thermo\ScanFilterTest.cpp">
      <Filter>Source Files</Filter>
    </ClCompile>
    <ClCompile Include="data\msdata\Serializer_mzML.cpp">
      <Filter>Source Files</Filter>
    </ClCompile>
    <ClCompile Include="pwiz\data\msdata\Serializer_mzML.cpp">
      <Filter>Source Files</Filter>
    </ClCompile>
    <ClCompile Include="pwiz\data\msdata\Serializer_mzML_Test.cpp">
      <Filter>Source Files</Filter>
    </ClCompile>
    <ClCompile Include="data\msdata\Serializer_mzML_Test.cpp">
      <Filter>Source Files</Filter>
    </ClCompile>
    <ClCompile Include="pwiz\data\msdata\Serializer_mzXML.cpp">
      <Filter>Source Files</Filter>
    </ClCompile>
    <ClCompile Include="data\msdata\Serializer_mzXML.cpp">
      <Filter>Source Files</Filter>
    </ClCompile>
    <ClCompile Include="pwiz\data\msdata\Serializer_mzXML_Test.cpp">
      <Filter>Source Files</Filter>
    </ClCompile>
    <ClCompile Include="data\msdata\Serializer_mzXML_Test.cpp">
      <Filter>Source Files</Filter>
    </ClCompile>
    <ClCompile Include="pwiz\utility\misc\SHA1.cpp">
      <Filter>Source Files</Filter>
    </ClCompile>
    <ClCompile Include="utility\misc\SHA1.cpp">
      <Filter>Source Files</Filter>
    </ClCompile>
    <ClCompile Include="utility\misc\SHA1_ostream_test.cpp">
      <Filter>Source Files</Filter>
    </ClCompile>
    <ClCompile Include="pwiz\utility\misc\SHA1_ostream_test.cpp">
      <Filter>Source Files</Filter>
    </ClCompile>
    <ClCompile Include="utility\misc\sha1calc.cpp">
      <Filter>Source Files</Filter>
    </ClCompile>
    <ClCompile Include="pwiz\utility\misc\sha1calc.cpp">
      <Filter>Source Files</Filter>
    </ClCompile>
    <ClCompile Include="pwiz\utility\misc\SHA1Calculator.cpp">
      <Filter>Source Files</Filter>
    </ClCompile>
    <ClCompile Include="utility\misc\SHA1Calculator.cpp">
      <Filter>Source Files</Filter>
    </ClCompile>
    <ClCompile Include="pwiz\utility\misc\SHA1CalculatorTest.cpp">
      <Filter>Source Files</Filter>
    </ClCompile>
    <ClCompile Include="utility\misc\SHA1CalculatorTest.cpp">
      <Filter>Source Files</Filter>
    </ClCompile>
    <ClCompile Include="analysis\passive\SpectrumBinaryData.cpp">
      <Filter>Source Files</Filter>
    </ClCompile>
    <ClCompile Include="pwiz\analysis\passive\SpectrumBinaryData.cpp">
      <Filter>Source Files</Filter>
    </ClCompile>
    <ClCompile Include="pwiz\analysis\passive\SpectrumInfo.cpp">
      <Filter>Source Files</Filter>
    </ClCompile>
    <ClCompile Include="analysis\passive\SpectrumInfo.cpp">
      <Filter>Source Files</Filter>
    </ClCompile>
    <ClCompile Include="pwiz\data\msdata\SpectrumInfo.cpp">
      <Filter>Source Files</Filter>
    </ClCompile>
    <ClCompile Include="pwiz\analysis\passive\SpectrumInfoTest.cpp">
      <Filter>Source Files</Filter>
    </ClCompile>
    <ClCompile Include="analysis\passive\SpectrumInfoTest.cpp">
      <Filter>Source Files</Filter>
    </ClCompile>
    <ClCompile Include="pwiz\data\msdata\SpectrumInfoTest.cpp">
      <Filter>Source Files</Filter>
    </ClCompile>
    <ClCompile Include="data\msdata\SpectrumIterator.cpp">
      <Filter>Source Files</Filter>
    </ClCompile>
    <ClCompile Include="pwiz\data\msdata\SpectrumIterator.cpp">
      <Filter>Source Files</Filter>
    </ClCompile>
    <ClCompile Include="pwiz\data\msdata\SpectrumIteratorTest.cpp">
      <Filter>Source Files</Filter>
    </ClCompile>
    <ClCompile Include="data\msdata\SpectrumIteratorTest.cpp">
      <Filter>Source Files</Filter>
    </ClCompile>
    <ClCompile Include="pwiz\data\msdata\SpectrumList_BTDX.cpp">
      <Filter>Source Files</Filter>
    </ClCompile>
    <ClCompile Include="pwiz\analysis\spectrum_processing\SpectrumList_Filter.cpp">
      <Filter>Source Files</Filter>
    </ClCompile>
    <ClCompile Include="pwiz\analysis\spectrum_processing\SpectrumList_FilterTest.cpp">
      <Filter>Source Files</Filter>
    </ClCompile>
    <ClCompile Include="pwiz\data\msdata\SpectrumList_MGF.cpp">
      <Filter>Source Files</Filter>
    </ClCompile>
    <ClCompile Include="pwiz\data\msdata\SpectrumList_MGF_Test.cpp">
      <Filter>Source Files</Filter>
    </ClCompile>
    <ClCompile Include="data\msdata\SpectrumList_mzML.cpp">
      <Filter>Source Files</Filter>
    </ClCompile>
    <ClCompile Include="pwiz\data\msdata\SpectrumList_mzML.cpp">
      <Filter>Source Files</Filter>
    </ClCompile>
    <ClCompile Include="data\msdata\SpectrumList_mzML_Test.cpp">
      <Filter>Source Files</Filter>
    </ClCompile>
    <ClCompile Include="pwiz\data\msdata\SpectrumList_mzML_Test.cpp">
      <Filter>Source Files</Filter>
    </ClCompile>
    <ClCompile Include="pwiz\data\msdata\SpectrumList_mzXML.cpp">
      <Filter>Source Files</Filter>
    </ClCompile>
    <ClCompile Include="data\msdata\SpectrumList_mzXML.cpp">
      <Filter>Source Files</Filter>
    </ClCompile>
    <ClCompile Include="data\msdata\SpectrumList_mzXML_Test.cpp">
      <Filter>Source Files</Filter>
    </ClCompile>
    <ClCompile Include="pwiz\data\msdata\SpectrumList_mzXML_Test.cpp">
      <Filter>Source Files</Filter>
    </ClCompile>
    <ClCompile Include="pwiz\analysis\spectrum_processing\SpectrumList_NativeCentroider.cpp">
      <Filter>Source Files</Filter>
    </ClCompile>
    <ClCompile Include="analysis\spectrum_processing\SpectrumList_NativeCentroider.cpp">
      <Filter>Source Files</Filter>
    </ClCompile>
    <ClCompile Include="pwiz\analysis\spectrum_processing\SpectrumList_SavitzkyGolaySmoother.cpp">
      <Filter>Source Files</Filter>
    </ClCompile>
    <ClCompile Include="analysis\spectrum_processing\SpectrumList_SavitzkyGolaySmoother.cpp">
      <Filter>Source Files</Filter>
    </ClCompile>
    <ClCompile Include="pwiz\analysis\spectrum_processing\SpectrumList_Sorter.cpp">
      <Filter>Source Files</Filter>
    </ClCompile>
    <ClCompile Include="pwiz\analysis\spectrum_processing\SpectrumList_SorterTest.cpp">
      <Filter>Source Files</Filter>
    </ClCompile>
    <ClCompile Include="data\vendor_readers\SpectrumList_Thermo.cpp">
      <Filter>Source Files</Filter>
    </ClCompile>
    <ClCompile Include="pwiz\data\vendor_readers\SpectrumList_Thermo.cpp">
      <Filter>Source Files</Filter>
    </ClCompile>
    <ClCompile Include="pwiz_aux\isb\readers\waters\SpectrumList_Waters.cpp">
      <Filter>Source Files</Filter>
    </ClCompile>
    <ClCompile Include="data\msdata\SpectrumListFilter.cpp">
      <Filter>Source Files</Filter>
    </ClCompile>
    <ClCompile Include="data\msdata\SpectrumListFilterTest.cpp">
      <Filter>Source Files</Filter>
    </ClCompile>
    <ClCompile Include="pwiz\analysis\spectrum_processing\SpectrumListWrapperTest.cpp">
      <Filter>Source Files</Filter>
    </ClCompile>
    <ClCompile Include="analysis\spectrum_processing\SpectrumListWrapperTest.cpp">
      <Filter>Source Files</Filter>
    </ClCompile>
    <ClCompile Include="pwiz\analysis\passive\SpectrumTable.cpp">
      <Filter>Source Files</Filter>
    </ClCompile>
    <ClCompile Include="analysis\passive\SpectrumTable.cpp">
      <Filter>Source Files</Filter>
    </ClCompile>
    <ClCompile Include="utility\math\Stats.cpp">
      <Filter>Source Files</Filter>
    </ClCompile>
    <ClCompile Include="pwiz\utility\math\Stats.cpp">
      <Filter>Source Files</Filter>
    </ClCompile>
    <ClCompile Include="utility\math\StatsTest.cpp">
      <Filter>Source Files</Filter>
    </ClCompile>
    <ClCompile Include="pwiz\utility\math\StatsTest.cpp">
      <Filter>Source Files</Filter>
    </ClCompile>
    <ClCompile Include="pwiz\data\misc\TransientData.cpp">
      <Filter>Source Files</Filter>
    </ClCompile>
    <ClCompile Include="data\misc\TransientData.cpp">
      <Filter>Source Files</Filter>
    </ClCompile>
    <ClCompile Include="data\misc\TransientDataTest.cpp">
      <Filter>Source Files</Filter>
    </ClCompile>
    <ClCompile Include="pwiz\data\misc\TransientDataTest.cpp">
      <Filter>Source Files</Filter>
    </ClCompile>
    <ClCompile Include="analysis\frequency\TruncatedLorentzian.cpp">
      <Filter>Source Files</Filter>
    </ClCompile>
    <ClCompile Include="pwiz\analysis\frequency\TruncatedLorentzian.cpp">
      <Filter>Source Files</Filter>
    </ClCompile>
    <ClCompile Include="pwiz\analysis\frequency\TruncatedLorentzianEstimator.cpp">
      <Filter>Source Files</Filter>
    </ClCompile>
    <ClCompile Include="analysis\frequency\TruncatedLorentzianEstimator.cpp">
      <Filter>Source Files</Filter>
    </ClCompile>
    <ClCompile Include="pwiz\analysis\frequency\TruncatedLorentzianParameters.cpp">
      <Filter>Source Files</Filter>
    </ClCompile>
    <ClCompile Include="analysis\frequency\TruncatedLorentzianParameters.cpp">
      <Filter>Source Files</Filter>
    </ClCompile>
    <ClCompile Include="pwiz\analysis\frequency\TruncatedLorentzianParametersTest.cpp">
      <Filter>Source Files</Filter>
    </ClCompile>
    <ClCompile Include="analysis\frequency\TruncatedLorentzianParametersTest.cpp">
      <Filter>Source Files</Filter>
    </ClCompile>
    <ClCompile Include="pwiz\analysis\frequency\TruncatedLorentzianTest.cpp">
      <Filter>Source Files</Filter>
    </ClCompile>
    <ClCompile Include="analysis\frequency\TruncatedLorentzianTest.cpp">
      <Filter>Source Files</Filter>
    </ClCompile>
    <ClCompile Include="examples\txt2mzml.cpp">
      <Filter>Source Files</Filter>
    </ClCompile>
    <ClCompile Include="utility\vendor_api\thermo\xdktest\xdktest.cpp">
      <Filter>Source Files</Filter>
    </ClCompile>
    <ClCompile Include="pwiz\utility\vendor_api\thermo\xdktest\xdktest.cpp">
      <Filter>Source Files</Filter>
    </ClCompile>
    <ClCompile Include="utility\minimxml\XMLWriter.cpp">
      <Filter>Source Files</Filter>
    </ClCompile>
    <ClCompile Include="pwiz\utility\minimxml\XMLWriter.cpp">
      <Filter>Source Files</Filter>
    </ClCompile>
    <ClCompile Include="utility\minimxml\XMLWriterTest.cpp">
      <Filter>Source Files</Filter>
    </ClCompile>
    <ClCompile Include="pwiz\utility\minimxml\XMLWriterTest.cpp">
      <Filter>Source Files</Filter>
    </ClCompile>
  </ItemGroup>
  <ItemGroup>
    <None Include="utility\bindings\CLI\Jamfile.jam" />
    <None Include="analysis\passive\Jamfile.jam" />
    <None Include="analysis\frequency\Jamfile.jam" />
    <None Include="analysis\peakdetect\Jamfile.jam" />
    <None Include="analysis\Jamfile.jam" />
    <None Include="build\Jamfile.jam" />
    <None Include="data\misc\Jamfile.jam" />
    <None Include="data\msdata\Jamfile.jam" />
    <None Include="data\vendor_readers\Jamfile.jam" />
    <None Include="tools\Jamfile.jam" />
    <None Include="examples\Jamfile.jam" />
    <None Include="data\Jamfile.jam" />
    <None Include="utility\math\Jamfile.jam" />
    <None Include="utility\bindings\Jamfile.jam" />
    <None Include="utility\minimxml\Jamfile.jam" />
    <None Include="utility\Jamfile.jam" />
    <None Include="utility\vendor_api\thermo\Jamfile.jam" />
    <None Include="utility\vendor_api\Jamfile.jam" />
    <None Include="utility\proteome\Jamfile.jam" />
    <None Include="utility\misc\Jamfile.jam" />
    <None Include="pwiz\utility\bindings\CLI\Jamfile.jam" />
    <None Include="pwiz\utility\misc\Jamfile.jam" />
    <None Include="pwiz\data\vendor_readers\Jamfile.jam" />
    <None Include="pwiz\data\Jamfile.jam" />
    <None Include="pwiz\data\msdata\Jamfile.jam" />
    <None Include="pwiz_aux\isb\readers\waters\Jamfile.jam" />
    <None Include="pwiz\analysis\spectrum_processing\Jamfile.jam" />
    <None Include="pwiz_tools\commandline\Jamfile.jam" />
    <None Include="pwiz\utility\vendor_api\thermo\Jamfile.jam" />
    <None Include="Jamroot.jam" />
    <None Include="pwiz\data\msdata\ref\mzml_notes.html" />
    <None Include="pwiz\utility\bindings\CLI\signature.snk" />
  </ItemGroup>
</Project>