
Microsoft Visual Studio Solution File, Format Version 11.00
# Visual Studio 2010
Project("{FAE04EC0-301F-11D3-BF4B-00C04F79EFBC}") = "DeconTools.Workflows", "DeconTools.Workflows\DeconTools.Workflows.csproj", "{3041D403-9165-4018-8F83-FFBAA8528B79}"
EndProject
Project("{FAE04EC0-301F-11D3-BF4B-00C04F79EFBC}") = "DeconTools.Workflows.UnitTesting", "DeconTools.Workflows.UnitTesting\DeconTools.Workflows.UnitTesting.csproj", "{A27D805C-DDEB-4E82-BEC8-9B80CCE9E702}"
EndProject
Project("{FAE04EC0-301F-11D3-BF4B-00C04F79EFBC}") = "TargetedWorkflowConsole", "TargetedWorkflowConsole\TargetedWorkflowConsole.csproj", "{741ED8CB-08F7-43F2-9C66-DD28A470B1FE}"
EndProject
Project("{FAE04EC0-301F-11D3-BF4B-00C04F79EFBC}") = "TargetedWorkflowManagerConsole", "TargetedWorkflowManagerConsole\TargetedWorkflowManagerConsole.csproj", "{E47D0F42-F72F-4030-95D4-B2D136583595}"
EndProject
Global
	GlobalSection(SolutionConfigurationPlatforms) = preSolution
		Debug|Any CPU = Debug|Any CPU
		Debug|Mixed Platforms = Debug|Mixed Platforms
		Debug|x86 = Debug|x86
		Release|Any CPU = Release|Any CPU
		Release|Mixed Platforms = Release|Mixed Platforms
		Release|x86 = Release|x86
	EndGlobalSection
	GlobalSection(ProjectConfigurationPlatforms) = postSolution
		{3041D403-9165-4018-8F83-FFBAA8528B79}.Debug|Any CPU.ActiveCfg = Debug|Any CPU
		{3041D403-9165-4018-8F83-FFBAA8528B79}.Debug|Any CPU.Build.0 = Debug|Any CPU
		{3041D403-9165-4018-8F83-FFBAA8528B79}.Debug|Mixed Platforms.ActiveCfg = Debug|Any CPU
		{3041D403-9165-4018-8F83-FFBAA8528B79}.Debug|Mixed Platforms.Build.0 = Debug|Any CPU
		{3041D403-9165-4018-8F83-FFBAA8528B79}.Debug|x86.ActiveCfg = Debug|x86
		{3041D403-9165-4018-8F83-FFBAA8528B79}.Debug|x86.Build.0 = Debug|x86
		{3041D403-9165-4018-8F83-FFBAA8528B79}.Release|Any CPU.ActiveCfg = Release|Any CPU
		{3041D403-9165-4018-8F83-FFBAA8528B79}.Release|Any CPU.Build.0 = Release|Any CPU
		{3041D403-9165-4018-8F83-FFBAA8528B79}.Release|Mixed Platforms.ActiveCfg = Release|Any CPU
		{3041D403-9165-4018-8F83-FFBAA8528B79}.Release|Mixed Platforms.Build.0 = Release|Any CPU
		{3041D403-9165-4018-8F83-FFBAA8528B79}.Release|x86.ActiveCfg = Release|x86
		{3041D403-9165-4018-8F83-FFBAA8528B79}.Release|x86.Build.0 = Release|x86
		{A27D805C-DDEB-4E82-BEC8-9B80CCE9E702}.Debug|Any CPU.ActiveCfg = Debug|Any CPU
		{A27D805C-DDEB-4E82-BEC8-9B80CCE9E702}.Debug|Any CPU.Build.0 = Debug|Any CPU
		{A27D805C-DDEB-4E82-BEC8-9B80CCE9E702}.Debug|Mixed Platforms.ActiveCfg = Debug|Any CPU
		{A27D805C-DDEB-4E82-BEC8-9B80CCE9E702}.Debug|Mixed Platforms.Build.0 = Debug|Any CPU
		{A27D805C-DDEB-4E82-BEC8-9B80CCE9E702}.Debug|x86.ActiveCfg = Debug|x86
		{A27D805C-DDEB-4E82-BEC8-9B80CCE9E702}.Debug|x86.Build.0 = Debug|x86
		{A27D805C-DDEB-4E82-BEC8-9B80CCE9E702}.Release|Any CPU.ActiveCfg = Release|Any CPU
		{A27D805C-DDEB-4E82-BEC8-9B80CCE9E702}.Release|Any CPU.Build.0 = Release|Any CPU
		{A27D805C-DDEB-4E82-BEC8-9B80CCE9E702}.Release|Mixed Platforms.ActiveCfg = Release|Any CPU
		{A27D805C-DDEB-4E82-BEC8-9B80CCE9E702}.Release|Mixed Platforms.Build.0 = Release|Any CPU
		{A27D805C-DDEB-4E82-BEC8-9B80CCE9E702}.Release|x86.ActiveCfg = Release|x86
		{A27D805C-DDEB-4E82-BEC8-9B80CCE9E702}.Release|x86.Build.0 = Release|x86
		{741ED8CB-08F7-43F2-9C66-DD28A470B1FE}.Debug|Any CPU.ActiveCfg = Debug|x86
		{741ED8CB-08F7-43F2-9C66-DD28A470B1FE}.Debug|Mixed Platforms.ActiveCfg = Debug|x86
		{741ED8CB-08F7-43F2-9C66-DD28A470B1FE}.Debug|Mixed Platforms.Build.0 = Debug|x86
		{741ED8CB-08F7-43F2-9C66-DD28A470B1FE}.Debug|x86.ActiveCfg = Debug|x86
		{741ED8CB-08F7-43F2-9C66-DD28A470B1FE}.Debug|x86.Build.0 = Debug|x86
		{741ED8CB-08F7-43F2-9C66-DD28A470B1FE}.Release|Any CPU.ActiveCfg = Release|x86
		{741ED8CB-08F7-43F2-9C66-DD28A470B1FE}.Release|Mixed Platforms.ActiveCfg = Release|x86
		{741ED8CB-08F7-43F2-9C66-DD28A470B1FE}.Release|Mixed Platforms.Build.0 = Release|x86
		{741ED8CB-08F7-43F2-9C66-DD28A470B1FE}.Release|x86.ActiveCfg = Release|x86
		{741ED8CB-08F7-43F2-9C66-DD28A470B1FE}.Release|x86.Build.0 = Release|x86
		{E47D0F42-F72F-4030-95D4-B2D136583595}.Debug|Any CPU.ActiveCfg = Debug|x86
		{E47D0F42-F72F-4030-95D4-B2D136583595}.Debug|Mixed Platforms.ActiveCfg = Debug|x86
		{E47D0F42-F72F-4030-95D4-B2D136583595}.Debug|Mixed Platforms.Build.0 = Debug|x86
		{E47D0F42-F72F-4030-95D4-B2D136583595}.Debug|x86.ActiveCfg = Debug|x86
		{E47D0F42-F72F-4030-95D4-B2D136583595}.Debug|x86.Build.0 = Debug|x86
		{E47D0F42-F72F-4030-95D4-B2D136583595}.Release|Any CPU.ActiveCfg = Release|x86
		{E47D0F42-F72F-4030-95D4-B2D136583595}.Release|Mixed Platforms.ActiveCfg = Release|x86
		{E47D0F42-F72F-4030-95D4-B2D136583595}.Release|Mixed Platforms.Build.0 = Release|x86
		{E47D0F42-F72F-4030-95D4-B2D136583595}.Release|x86.ActiveCfg = Release|x86
		{E47D0F42-F72F-4030-95D4-B2D136583595}.Release|x86.Build.0 = Release|x86
	EndGlobalSection
	GlobalSection(SolutionProperties) = preSolution
		HideSolutionNode = FALSE
	EndGlobalSection
EndGlobal
